{
  "version": 4,
  "terraform_version": "1.13.5",
  "serial": 432,
  "lineage": "ad0c318c-cd5e-4c11-908a-bbb8cefc301e",
  "outputs": {
    "bas_pub_ip": {
      "value": "4.230.30.160",
      "type": "string"
    },
    "load_pub_ip": {
      "value": "20.214.243.151",
      "type": "string"
    },
    "nat_pub_ip": {
      "value": "4.217.193.192",
      "type": "string"
    }
  },
  "resources": [
    {
      "mode": "managed",
      "type": "azurerm_lb",
      "name": "team3_lb",
      "provider": "provider[\"registry.terraform.io/hashicorp/azurerm\"]",
      "instances": [
        {
          "schema_version": 0,
          "attributes": {
            "edge_zone": "",
            "frontend_ip_configuration": [
              {
                "gateway_load_balancer_frontend_ip_configuration_id": "",
                "id": "/subscriptions/99b79efe-ebd6-468c-b39f-5669acb259e1/resourceGroups/04-3team-bookey/providers/Microsoft.Network/loadBalancers/team3-lb/frontendIPConfigurations/lbpublicip",
                "inbound_nat_rules": [],
                "load_balancer_rules": [],
                "name": "lbpublicip",
                "outbound_rules": [],
                "private_ip_address": "",
                "private_ip_address_allocation": "Dynamic",
                "private_ip_address_version": "",
                "public_ip_address_id": "/subscriptions/99b79efe-ebd6-468c-b39f-5669acb259e1/resourceGroups/04-3team-bookey/providers/Microsoft.Network/publicIPAddresses/team3-loadip",
                "public_ip_prefix_id": "",
                "subnet_id": "",
                "zones": null
              }
            ],
            "id": "/subscriptions/99b79efe-ebd6-468c-b39f-5669acb259e1/resourceGroups/04-3team-bookey/providers/Microsoft.Network/loadBalancers/team3-lb",
            "location": "koreacentral",
            "name": "team3-lb",
            "private_ip_address": "",
            "private_ip_addresses": [],
            "public_ip_address_id": null,
            "resource_group_name": "04-3team-bookey",
            "sku": "Standard",
            "sku_tier": "Regional",
            "subnet_id": null,
            "tags": null,
            "timeouts": null
          },
          "sensitive_attributes": [],
          "identity_schema_version": 0,
          "private": "eyJlMmJmYjczMC1lY2FhLTExZTYtOGY4OC0zNDM2M2JjN2M0YzAiOnsiY3JlYXRlIjoxODAwMDAwMDAwMDAwLCJkZWxldGUiOjE4MDAwMDAwMDAwMDAsInJlYWQiOjMwMDAwMDAwMDAwMCwidXBkYXRlIjoxODAwMDAwMDAwMDAwfX0=",
          "dependencies": [
            "azurerm_public_ip.team3_loadip",
            "azurerm_resource_group.team3_rg",
            "azurerm_virtual_network.team3_vnet1"
          ]
        }
      ]
    },
    {
      "mode": "managed",
      "type": "azurerm_lb_backend_address_pool",
      "name": "team3_back",
      "provider": "provider[\"registry.terraform.io/hashicorp/azurerm\"]",
      "instances": [
        {
          "schema_version": 0,
          "attributes": {
            "backend_ip_configurations": [],
            "id": "/subscriptions/99b79efe-ebd6-468c-b39f-5669acb259e1/resourceGroups/04-3team-bookey/providers/Microsoft.Network/loadBalancers/team3-lb/backendAddressPools/team3-back",
            "inbound_nat_rules": [],
            "load_balancing_rules": [],
            "loadbalancer_id": "/subscriptions/99b79efe-ebd6-468c-b39f-5669acb259e1/resourceGroups/04-3team-bookey/providers/Microsoft.Network/loadBalancers/team3-lb",
            "name": "team3-back",
            "outbound_rules": [],
            "synchronous_mode": "",
            "timeouts": null,
            "tunnel_interface": [],
            "virtual_network_id": ""
          },
          "sensitive_attributes": [],
          "identity_schema_version": 0,
          "private": "eyJlMmJmYjczMC1lY2FhLTExZTYtOGY4OC0zNDM2M2JjN2M0YzAiOnsiY3JlYXRlIjoxODAwMDAwMDAwMDAwLCJkZWxldGUiOjE4MDAwMDAwMDAwMDAsInJlYWQiOjMwMDAwMDAwMDAwMCwidXBkYXRlIjoxODAwMDAwMDAwMDAwfX0=",
          "dependencies": [
            "azurerm_lb.team3_lb",
            "azurerm_public_ip.team3_loadip",
            "azurerm_resource_group.team3_rg",
            "azurerm_virtual_network.team3_vnet1"
          ]
        }
      ]
    },
    {
      "mode": "managed",
      "type": "azurerm_lb_probe",
      "name": "team3_lb_probe",
      "provider": "provider[\"registry.terraform.io/hashicorp/azurerm\"]",
      "instances": [
        {
          "schema_version": 0,
          "attributes": {
            "id": "/subscriptions/99b79efe-ebd6-468c-b39f-5669acb259e1/resourceGroups/04-3team-bookey/providers/Microsoft.Network/loadBalancers/team3-lb/probes/team3-lb-probe",
            "interval_in_seconds": 5,
            "load_balancer_rules": [],
            "loadbalancer_id": "/subscriptions/99b79efe-ebd6-468c-b39f-5669acb259e1/resourceGroups/04-3team-bookey/providers/Microsoft.Network/loadBalancers/team3-lb",
            "name": "team3-lb-probe",
            "number_of_probes": 2,
            "port": 80,
            "probe_threshold": 1,
            "protocol": "Http",
            "request_path": "/health.html",
            "timeouts": null
          },
          "sensitive_attributes": [],
          "identity_schema_version": 0,
          "private": "eyJlMmJmYjczMC1lY2FhLTExZTYtOGY4OC0zNDM2M2JjN2M0YzAiOnsiY3JlYXRlIjoxODAwMDAwMDAwMDAwLCJkZWxldGUiOjE4MDAwMDAwMDAwMDAsInJlYWQiOjMwMDAwMDAwMDAwMCwidXBkYXRlIjoxODAwMDAwMDAwMDAwfX0=",
          "dependencies": [
            "azurerm_lb.team3_lb",
            "azurerm_public_ip.team3_loadip",
            "azurerm_resource_group.team3_rg",
            "azurerm_virtual_network.team3_vnet1"
          ]
        }
      ]
    },
    {
      "mode": "managed",
      "type": "azurerm_lb_rule",
      "name": "team3_lb_rule",
      "provider": "provider[\"registry.terraform.io/hashicorp/azurerm\"]",
      "instances": [
        {
          "schema_version": 0,
          "attributes": {
            "backend_address_pool_ids": [
              "/subscriptions/99b79efe-ebd6-468c-b39f-5669acb259e1/resourceGroups/04-3team-bookey/providers/Microsoft.Network/loadBalancers/team3-lb/backendAddressPools/team3-back"
            ],
            "backend_port": 80,
            "disable_outbound_snat": false,
            "enable_floating_ip": false,
            "enable_tcp_reset": false,
            "floating_ip_enabled": false,
            "frontend_ip_configuration_id": "/subscriptions/99b79efe-ebd6-468c-b39f-5669acb259e1/resourceGroups/04-3team-bookey/providers/Microsoft.Network/loadBalancers/team3-lb/frontendIPConfigurations/lbpublicip",
            "frontend_ip_configuration_name": "lbpublicip",
            "frontend_port": 80,
            "id": "/subscriptions/99b79efe-ebd6-468c-b39f-5669acb259e1/resourceGroups/04-3team-bookey/providers/Microsoft.Network/loadBalancers/team3-lb/loadBalancingRules/team3-lb-rule",
            "idle_timeout_in_minutes": 4,
            "load_distribution": "Default",
            "loadbalancer_id": "/subscriptions/99b79efe-ebd6-468c-b39f-5669acb259e1/resourceGroups/04-3team-bookey/providers/Microsoft.Network/loadBalancers/team3-lb",
            "name": "team3-lb-rule",
            "probe_id": "/subscriptions/99b79efe-ebd6-468c-b39f-5669acb259e1/resourceGroups/04-3team-bookey/providers/Microsoft.Network/loadBalancers/team3-lb/probes/team3-lb-probe",
            "protocol": "Tcp",
            "tcp_reset_enabled": false,
            "timeouts": null
          },
          "sensitive_attributes": [],
          "identity_schema_version": 0,
          "private": "eyJlMmJmYjczMC1lY2FhLTExZTYtOGY4OC0zNDM2M2JjN2M0YzAiOnsiY3JlYXRlIjoxODAwMDAwMDAwMDAwLCJkZWxldGUiOjE4MDAwMDAwMDAwMDAsInJlYWQiOjMwMDAwMDAwMDAwMCwidXBkYXRlIjoxODAwMDAwMDAwMDAwfX0=",
          "dependencies": [
            "azurerm_lb.team3_lb",
            "azurerm_lb_backend_address_pool.team3_back",
            "azurerm_lb_probe.team3_lb_probe",
            "azurerm_public_ip.team3_loadip",
            "azurerm_resource_group.team3_rg",
            "azurerm_virtual_network.team3_vnet1"
          ]
        }
      ]
    },
    {
      "mode": "managed",
      "type": "azurerm_linux_virtual_machine",
      "name": "team3_bas_vm",
      "provider": "provider[\"registry.terraform.io/hashicorp/azurerm\"]",
      "instances": [
        {
          "schema_version": 0,
          "attributes": {
            "additional_capabilities": [],
            "admin_password": null,
            "admin_ssh_key": [
              {
                "public_key": "ssh-rsa AAAAB3NzaC1yc2EAAAADAQABAAABAQDAoRphN3UaVCP+z2Dk6KQ2debbdZ4setpy6kL+1lwWXeqQ8x9LkTdzypWr48wBj969ii+IPsBWQS3wLNd09uotg2mzmFi4Lf+69jMq9h4ExHXTysZyyXcPuMpKcbgsKJqIiabFsM/cSNP/0hGjp7GMI2iDyx9kNFIl022QimremIgMwscQvRNGAy+0PxVkr6I2cq2uyyPGly01AeCm3E6gCDnaTjtCA6dUgg8f9WKuUzi9JCnC/pzYpPINevEu7mCGNcAi+d85haJhLisPgj4l2UgBLFzvsgmtpUzqBtlIlc0GTXWry1m0QPFkyOpxaU4MdFgXggoZs4GAP/K882u/\r\n",
                "username": "team3"
              }
            ],
            "admin_username": "team3",
            "allow_extension_operations": true,
            "availability_set_id": "",
            "boot_diagnostics": [
              {
                "storage_account_uri": ""
              }
            ],
            "bypass_platform_safety_checks_on_user_schedule_enabled": false,
            "capacity_reservation_group_id": "",
            "computer_name": "team3-bas-vm",
            "custom_data": null,
            "dedicated_host_group_id": "",
            "dedicated_host_id": "",
            "disable_password_authentication": true,
            "disk_controller_type": "SCSI",
            "edge_zone": "",
            "encryption_at_host_enabled": false,
            "eviction_policy": "",
            "extensions_time_budget": "PT1H30M",
            "gallery_application": [],
            "id": "/subscriptions/99b79efe-ebd6-468c-b39f-5669acb259e1/resourceGroups/04-3team-bookey/providers/Microsoft.Compute/virtualMachines/team3-bas-vm",
            "identity": [
              {
                "identity_ids": [],
                "principal_id": "3ebe484b-2d3b-41f6-838c-9ef56f03f406",
                "tenant_id": "548e9ef4-b1d5-48fa-b220-59f52d6db511",
                "type": "SystemAssigned"
              }
            ],
            "license_type": "",
            "location": "koreacentral",
            "max_bid_price": -1,
            "name": "team3-bas-vm",
            "network_interface_ids": [
              "/subscriptions/99b79efe-ebd6-468c-b39f-5669acb259e1/resourceGroups/04-3team-bookey/providers/Microsoft.Network/networkInterfaces/team3-bas-nic"
            ],
            "os_disk": [
              {
                "caching": "ReadWrite",
                "diff_disk_settings": [],
                "disk_encryption_set_id": "",
                "disk_size_gb": 10,
                "id": "/subscriptions/99b79efe-ebd6-468c-b39f-5669acb259e1/resourceGroups/04-3team-bookey/providers/Microsoft.Compute/disks/team3-bas-vm_disk1_048f0e9927e7494b9c2d6919b36dfdfa",
                "name": "team3-bas-vm_disk1_048f0e9927e7494b9c2d6919b36dfdfa",
                "secure_vm_disk_encryption_set_id": "",
                "security_encryption_type": "",
                "storage_account_type": "Standard_LRS",
                "write_accelerator_enabled": false
              }
            ],
            "os_image_notification": [],
            "os_managed_disk_id": "/subscriptions/99b79efe-ebd6-468c-b39f-5669acb259e1/resourceGroups/04-3team-bookey/providers/Microsoft.Compute/disks/team3-bas-vm_disk1_048f0e9927e7494b9c2d6919b36dfdfa",
            "patch_assessment_mode": "ImageDefault",
            "patch_mode": "ImageDefault",
            "plan": [
              {
                "name": "9-lvm",
                "product": "rockylinux-x86_64",
                "publisher": "resf"
              }
            ],
            "platform_fault_domain": -1,
            "priority": "Regular",
            "private_ip_address": "20.0.0.4",
            "private_ip_addresses": [
              "20.0.0.4"
            ],
            "provision_vm_agent": true,
            "proximity_placement_group_id": "",
            "public_ip_address": "4.230.30.160",
            "public_ip_addresses": [
              "4.230.30.160"
            ],
            "reboot_setting": "",
            "resource_group_name": "04-3team-bookey",
            "secret": [],
            "secure_boot_enabled": false,
            "size": "Standard_B2s",
            "source_image_id": "",
            "source_image_reference": [
              {
                "offer": "rockylinux-x86_64",
                "publisher": "resf",
                "sku": "9-lvm",
                "version": "9.3.20231113"
              }
            ],
            "tags": null,
            "termination_notification": null,
            "timeouts": null,
            "user_data": "IyEgL2Jpbi9iYXNoDQoNCiMgU0VMaW51eCDsnqzrtoDtjIUg7ISk7KCVIOusuOuylSDsiJjsoJUNCnNldGVuZm9yY2UgMA0KZ3J1YmJ5IC0tdXBkYXRlLWtlcm5lbD1BTEwgLS1hcmdzIHNlbGludXg9MA0KDQojIEhlcmVkb2PsnYQg7IKs7Jqp7ZWY7JesIOqwnOyduCDtgqTrpbwg7JWI7KCE7ZWY6rKMIO2MjOydvOyXkCDquLDroZ0NCmNhdCA8PCBFT0YgPiAvaG9tZS90ZWFtMy8uc3NoL2lkX3JzYQ0KLS0tLS1CRUdJTiBSU0EgUFJJVkFURSBLRVktLS0tLQ0KTUlJRXBBSUJBQUtDQVFFQXdLRWFZVGQxR2xRai9zOWc1T2lrTm5YbTIzV2VMSHJhY3VwQy90WmNGbDNxa1BNZg0KUzVFM2M4cVZxK1BNQVkvZXZZb3ZpRDdBVmtFdDhDelhkUGJxTFlOcHM1aFl1QzMvdXZZekt2WWVCTVIxMDhyRw0KY3NsM0Q3aktTbkc0TENpYWlJbW14YkRQM0VqVC85SVJvNmV4akNOb2c4c2ZaRFJTSmROdGtJcHEzcGlJRE1MSA0KRUwwVFJnTXZ0RDhWWksraU5uS3Ryc3NqeHBjdE5RSGdwdHhPb0FnNTJrNDdRZ09uVklJUEgvVmlybE00dlNRcA0Kd3Y2YzJLVHlEWHJ4THU1Z2hqWEFJdm5mT1lXaVlTNHJENEkrSmRsSUFTeGM3N0lKcmFWTTZnYlpTSlhOQmsxMQ0KcTh0WnRFRHhaTWpxY1dsT0RIUllGNElLR2JPQmdEL3l2UE5ydndJREFRQUJBb0lCQVFDTUNCRi9QcXQ0V2xaWQ0KZERVQjgwVDgralM2c1FRdFhablVGQXhqNlR6RVhiMlpaY1FJVVNhNG5EcTEzRUYvbVREWkpNMXRCQUVhTXdQTQ0KSnl6eHNGV0loSkdncDAxSGh0ank5dXMzZmZkUWkra0Q3OUxYdXpFOFVwOXNBc05hQnFKZ1E0RGpFYWZwZ1Yvcw0KQnJBZ0FsWUZnL0FFYnZNQkN5LzBvNEJ3cE04UHhSbXprcE1WQk9BdERtZFZtOTROTEFwUjJ1azlkMFByaG1mTg0KOFB4OENtbmVhU1dtREJFeXdiSW1nY0lJWVYrOFhobVJJQnlaSzNWUzcyQy8vZU9La3pzQXdyTTF5alkrZTNCaA0KbFlkb0t3ZmtVS1NpZVhkMjFRTVZDdE1CZ0JFdGZnZndFU0pTMS9ROGJSL0xiZVJ2VDl2Y2svQmxmVzJPQmtPKw0KRVF5QmdJZ2hBb0dCQVBnNHZ6cmlaQmJPZTZ2Y0ZOR0M2NGFtTTlNWE15RVVHb0Y3TityeDFXNTVFMW84SlIyTA0KbDdMWGlRZm9jQmR1SXNWOXpzYjZjV2NNS3I2cFk0UXFJQ3R1S1lCb0VXbkxvOEpBVmlGR0EzR0hJQjBpN0FyTA0KbmVLamtaR1Yvd0pxRFBUQ0hwUmVJVUs3eVlEdHFTL3VPaXMrTVZOamg3MDVTYlNoOEY2dE5GbjVBb0dCQU1hcQ0KWTlNbnZSQ2VHTGxVek4zSzBqTVJPNlU3YitWZGFkWFJ0UU1QVnB0VE9seTBVblBQeWtabU82VVRnQ0tGak5TSQ0KSWx5SVdZd3JON0M4Q2tDMUJ4ZXprUkd0WndOWkZzUkhIU0tNcFB1QVM5TC9CSXdoRVNwVDNZREhINUNPSVk5bg0KQWYvUVQrQUg0WVVlSkZiMVN0TC9Xclc2VEQwN2NKZndRN2kzU0tGM0FvR0FKMER5SE9ISWFrTGxFOXlOL2tQeA0KOHkwOWJOaHlZWHpJWkVtVUlqZDBSVEFvZTFDZm5maUJXT3IwNUtkQmNyTWNGSmM4cUFMYkJDek1aYkpyNW02eQ0KLzZ0QUxPcElOcTdaaXRLWnpGRkNJaVg0VWlNL3FNVmlob0RQZUhKOERXbXYrdFRuK1JhWnMrLzJnY2tUeEZ5cw0KSGtLTGttQmZDdkdRVWx4NW9yOUpWQ0VDZ1lFQXFYb0tGc1E3d2NWZENoMlJkMVBpNWJXNTBFZFlPYTdxN29Fcg0KamlTem1XWHl6OHIwMjk5VGk2TURGdHYvMzNOV3BLaE54K3A1bWQzMGNFeTU0bUdNWDJmTVJleExpTXVqWkdYVw0KTVBjU2Q0c0hKRVJ4T0ttczN4TVVUeHVQamQzeU8wZUFxUjZvUlZIenpYL2RPR0doSjBhM3QzZnFPZ0pQRnc3Yw0KZHVQRWpoa0NnWUJDRkQxWjFaKzFZaEYzZ0Jmcmhja2tTREw2WVFOeWFFeVVEajlFQ1g4cloxM1lXeTlUUTdFMA0KRG9sWFlKMGVicjNVVlQvclBvcjVoV2hpZWhGU0dVMnYwVmpDL0VFdFdkWXhDS25iVVlHaUt1RkppVHNLM2pQRg0KM3ROZ3dMdjlYS1hPbmI2WVJqRGhyWmZyQzh2VEtkME5ETjUxSXlTbk51M2dOdXNyQmpndExBPT0NCi0tLS0tRU5EIFJTQSBQUklWQVRFIEtFWS0tLS0tDQpFT0YNCg0KY2hvd24gdGVhbTMudGVhbTMgL2hvbWUvdGVhbTMvLnNzaC9pZF9yc2ENCmNobW9kIDYwMCAvaG9tZS90ZWFtMy8uc3NoL2lkX3JzYQ==",
            "virtual_machine_id": "0c27b4a4-c071-4f9e-afc5-47f4bf1914f0",
            "virtual_machine_scale_set_id": "",
            "vm_agent_platform_updates_enabled": false,
            "vtpm_enabled": false,
            "zone": ""
          },
          "sensitive_attributes": [
            [
              {
                "type": "get_attr",
                "value": "admin_password"
              }
            ],
            [
              {
                "type": "get_attr",
                "value": "custom_data"
              }
            ]
          ],
          "identity_schema_version": 0,
          "private": "eyJlMmJmYjczMC1lY2FhLTExZTYtOGY4OC0zNDM2M2JjN2M0YzAiOnsiY3JlYXRlIjoyNzAwMDAwMDAwMDAwLCJkZWxldGUiOjI3MDAwMDAwMDAwMDAsInJlYWQiOjMwMDAwMDAwMDAwMCwidXBkYXRlIjoyNzAwMDAwMDAwMDAwfX0=",
          "dependencies": [
            "azurerm_network_interface.team3_bas_nic",
            "azurerm_public_ip.team3_basip",
            "azurerm_resource_group.team3_rg",
            "azurerm_subnet.team3_bas",
            "azurerm_virtual_network.team3_vnet2"
          ]
        }
      ]
    },
    {
      "mode": "managed",
      "type": "azurerm_linux_virtual_machine",
      "name": "team3_db_vm",
      "provider": "provider[\"registry.terraform.io/hashicorp/azurerm\"]",
      "instances": [
        {
          "schema_version": 0,
          "attributes": {
            "additional_capabilities": [],
            "admin_password": null,
            "admin_ssh_key": [
              {
                "public_key": "ssh-rsa AAAAB3NzaC1yc2EAAAADAQABAAABAQDAoRphN3UaVCP+z2Dk6KQ2debbdZ4setpy6kL+1lwWXeqQ8x9LkTdzypWr48wBj969ii+IPsBWQS3wLNd09uotg2mzmFi4Lf+69jMq9h4ExHXTysZyyXcPuMpKcbgsKJqIiabFsM/cSNP/0hGjp7GMI2iDyx9kNFIl022QimremIgMwscQvRNGAy+0PxVkr6I2cq2uyyPGly01AeCm3E6gCDnaTjtCA6dUgg8f9WKuUzi9JCnC/pzYpPINevEu7mCGNcAi+d85haJhLisPgj4l2UgBLFzvsgmtpUzqBtlIlc0GTXWry1m0QPFkyOpxaU4MdFgXggoZs4GAP/K882u/\r\n",
                "username": "team3"
              }
            ],
            "admin_username": "team3",
            "allow_extension_operations": true,
            "availability_set_id": "",
            "boot_diagnostics": [
              {
                "storage_account_uri": ""
              }
            ],
            "bypass_platform_safety_checks_on_user_schedule_enabled": false,
            "capacity_reservation_group_id": "",
            "computer_name": "team3-db-vm",
            "custom_data": null,
            "dedicated_host_group_id": "",
            "dedicated_host_id": "",
            "disable_password_authentication": true,
            "disk_controller_type": "SCSI",
            "edge_zone": "",
            "encryption_at_host_enabled": false,
            "eviction_policy": "",
            "extensions_time_budget": "PT1H30M",
            "gallery_application": [],
            "id": "/subscriptions/99b79efe-ebd6-468c-b39f-5669acb259e1/resourceGroups/04-3team-bookey/providers/Microsoft.Compute/virtualMachines/team3-db-vm",
            "identity": [
              {
                "identity_ids": [],
                "principal_id": "b742af3b-af9c-4878-abdf-d1e25c20d5bb",
                "tenant_id": "548e9ef4-b1d5-48fa-b220-59f52d6db511",
                "type": "SystemAssigned"
              }
            ],
            "license_type": "",
            "location": "koreacentral",
            "max_bid_price": -1,
            "name": "team3-db-vm",
            "network_interface_ids": [
              "/subscriptions/99b79efe-ebd6-468c-b39f-5669acb259e1/resourceGroups/04-3team-bookey/providers/Microsoft.Network/networkInterfaces/team3-db-nic"
            ],
            "os_disk": [
              {
                "caching": "ReadWrite",
                "diff_disk_settings": [],
                "disk_encryption_set_id": "",
                "disk_size_gb": 10,
                "id": "/subscriptions/99b79efe-ebd6-468c-b39f-5669acb259e1/resourceGroups/04-3team-bookey/providers/Microsoft.Compute/disks/team3-db-vm_disk1_477bea3d5cf741b69f8fe33521a7ab9e",
                "name": "team3-db-vm_disk1_477bea3d5cf741b69f8fe33521a7ab9e",
                "secure_vm_disk_encryption_set_id": "",
                "security_encryption_type": "",
                "storage_account_type": "Standard_LRS",
                "write_accelerator_enabled": false
              }
            ],
            "os_image_notification": [],
            "os_managed_disk_id": "/subscriptions/99b79efe-ebd6-468c-b39f-5669acb259e1/resourceGroups/04-3team-bookey/providers/Microsoft.Compute/disks/team3-db-vm_disk1_477bea3d5cf741b69f8fe33521a7ab9e",
            "patch_assessment_mode": "ImageDefault",
            "patch_mode": "ImageDefault",
            "plan": [
              {
                "name": "9-lvm",
                "product": "rockylinux-x86_64",
                "publisher": "resf"
              }
            ],
            "platform_fault_domain": -1,
            "priority": "Regular",
            "private_ip_address": "10.0.4.4",
            "private_ip_addresses": [
              "10.0.4.4"
            ],
            "provision_vm_agent": true,
            "proximity_placement_group_id": "",
            "public_ip_address": "",
            "public_ip_addresses": [],
            "reboot_setting": "",
            "resource_group_name": "04-3team-bookey",
            "secret": [],
            "secure_boot_enabled": false,
            "size": "Standard_B2s",
            "source_image_id": "",
            "source_image_reference": [
              {
                "offer": "rockylinux-x86_64",
                "publisher": "resf",
                "sku": "9-lvm",
                "version": "9.3.20231113"
              }
            ],
            "tags": null,
            "termination_notification": null,
            "timeouts": null,
            "user_data": "IyEgL2Jpbi9iYXNoDQoNCnNldGVuZm9yY2UgMA0KDQpkbmYgaW5zdGFsbCAteSBteXNxbC1zZXJ2ZXINCnN5c3RlbWN0bCBlbmFibGUgLS1ub3cgbXlzcWxkDQoNCm15c3FsIC11cm9vdCAtZSAiDQpDUkVBVEUgREFUQUJBU0Ugd29yZHByZXNzOw0KQ1JFQVRFIFVTRVIgJ3dwX3VzZXInQCcxMC4wLjIuMC8yNCcgSURFTlRJRklFRCBCWSAnV3BQYXNzMTIzNCEnOw0KQ1JFQVRFIFVTRVIgJ3dwX3VzZXInQCcxMC4wLjMuMC8yNCcgSURFTlRJRklFRCBCWSAnV3BQYXNzMTIzNCEnOw0KR1JBTlQgQUxMIFBSSVZJTEVHRVMgT04gd29yZHByZXNzLiogVE8gJ3dwX3VzZXInQCcxMC4wLjIuMC8yNCc7DQpHUkFOVCBBTEwgUFJJVklMRUdFUyBPTiB3b3JkcHJlc3MuKiBUTyAnd3BfdXNlcidAJzEwLjAuMy4wLzI0JzsNCkZMVVNIIFBSSVZJTEVHRVM7DQoiDQoNCnNlZCAtaSAncy9eYmluZC1hZGRyZXNzLyNiaW5kLWFkZHJlc3MvJyAvZXRjL215LmNuZg0Kc3lzdGVtY3RsIHJlc3RhcnQgbXlzcWxkDQoNCmRuZiBpbnN0YWxsIC15IG9wZW5zc2gtc2VydmVyIGZpcmV3YWxsZA0Kc3lzdGVtY3RsIGVuYWJsZSAtLW5vdyBzc2hkIGZpcmV3YWxsZA0KDQpmaXJld2FsbC1jbWQgLS1hZGQtc2VydmljZT1zc2ggLS1wZXJtYW5lbnQNCmZpcmV3YWxsLWNtZCAtLWFkZC1wb3J0PTMzMDYvdGNwIC0tcGVybWFuZW50DQoNCmZpcmV3YWxsLWNtZCAtLXJlbG9hZA0KZmlyZXdhbGwtY21kIC0tYWRkLXNlcnZpY2U9c3NoDQpmaXJld2FsbC1jbWQgLS1yZWxvYWQ=",
            "virtual_machine_id": "2ed2eab4-395d-481d-9049-248d6a7d3f0d",
            "virtual_machine_scale_set_id": "",
            "vm_agent_platform_updates_enabled": false,
            "vtpm_enabled": false,
            "zone": ""
          },
          "sensitive_attributes": [
            [
              {
                "type": "get_attr",
                "value": "admin_password"
              }
            ],
            [
              {
                "type": "get_attr",
                "value": "custom_data"
              }
            ]
          ],
          "identity_schema_version": 0,
          "private": "eyJlMmJmYjczMC1lY2FhLTExZTYtOGY4OC0zNDM2M2JjN2M0YzAiOnsiY3JlYXRlIjoyNzAwMDAwMDAwMDAwLCJkZWxldGUiOjI3MDAwMDAwMDAwMDAsInJlYWQiOjMwMDAwMDAwMDAwMCwidXBkYXRlIjoyNzAwMDAwMDAwMDAwfX0=",
          "dependencies": [
            "azurerm_network_interface.team3_db_nic",
            "azurerm_resource_group.team3_rg",
            "azurerm_subnet.team3_db",
            "azurerm_virtual_network.team3_vnet1"
          ]
        }
      ]
    },
    {
      "mode": "managed",
      "type": "azurerm_linux_virtual_machine",
      "name": "team3_web1_vm",
      "provider": "provider[\"registry.terraform.io/hashicorp/azurerm\"]",
      "instances": [
        {
          "schema_version": 0,
          "attributes": {
            "additional_capabilities": [],
            "admin_password": null,
            "admin_ssh_key": [
              {
                "public_key": "ssh-rsa AAAAB3NzaC1yc2EAAAADAQABAAABAQDAoRphN3UaVCP+z2Dk6KQ2debbdZ4setpy6kL+1lwWXeqQ8x9LkTdzypWr48wBj969ii+IPsBWQS3wLNd09uotg2mzmFi4Lf+69jMq9h4ExHXTysZyyXcPuMpKcbgsKJqIiabFsM/cSNP/0hGjp7GMI2iDyx9kNFIl022QimremIgMwscQvRNGAy+0PxVkr6I2cq2uyyPGly01AeCm3E6gCDnaTjtCA6dUgg8f9WKuUzi9JCnC/pzYpPINevEu7mCGNcAi+d85haJhLisPgj4l2UgBLFzvsgmtpUzqBtlIlc0GTXWry1m0QPFkyOpxaU4MdFgXggoZs4GAP/K882u/\r\n",
                "username": "team3"
              }
            ],
            "admin_username": "team3",
            "allow_extension_operations": true,
            "availability_set_id": "",
            "boot_diagnostics": [
              {
                "storage_account_uri": ""
              }
            ],
            "bypass_platform_safety_checks_on_user_schedule_enabled": false,
            "capacity_reservation_group_id": "",
            "computer_name": "team3-web1-vm",
            "custom_data": null,
            "dedicated_host_group_id": "",
            "dedicated_host_id": "",
            "disable_password_authentication": true,
            "disk_controller_type": "SCSI",
            "edge_zone": "",
            "encryption_at_host_enabled": false,
            "eviction_policy": "",
            "extensions_time_budget": "PT1H30M",
            "gallery_application": [],
            "id": "/subscriptions/99b79efe-ebd6-468c-b39f-5669acb259e1/resourceGroups/04-3team-bookey/providers/Microsoft.Compute/virtualMachines/team3-web1-vm",
            "identity": [
              {
                "identity_ids": [],
                "principal_id": "f9226b3f-e227-4912-8593-e07f5d8a96f2",
                "tenant_id": "548e9ef4-b1d5-48fa-b220-59f52d6db511",
                "type": "SystemAssigned"
              }
            ],
            "license_type": "",
            "location": "koreacentral",
            "max_bid_price": -1,
            "name": "team3-web1-vm",
            "network_interface_ids": [
              "/subscriptions/99b79efe-ebd6-468c-b39f-5669acb259e1/resourceGroups/04-3team-bookey/providers/Microsoft.Network/networkInterfaces/team3-web1-nic"
            ],
            "os_disk": [
              {
                "caching": "ReadWrite",
                "diff_disk_settings": [],
                "disk_encryption_set_id": "",
                "disk_size_gb": 10,
                "id": "/subscriptions/99b79efe-ebd6-468c-b39f-5669acb259e1/resourceGroups/04-3team-bookey/providers/Microsoft.Compute/disks/team3-web1-vm_disk1_38870a5446ff49c69eac446d366235a1",
                "name": "team3-web1-vm_disk1_38870a5446ff49c69eac446d366235a1",
                "secure_vm_disk_encryption_set_id": "",
                "security_encryption_type": "",
                "storage_account_type": "Standard_LRS",
                "write_accelerator_enabled": false
              }
            ],
            "os_image_notification": [],
            "os_managed_disk_id": "/subscriptions/99b79efe-ebd6-468c-b39f-5669acb259e1/resourceGroups/04-3team-bookey/providers/Microsoft.Compute/disks/team3-web1-vm_disk1_38870a5446ff49c69eac446d366235a1",
            "patch_assessment_mode": "ImageDefault",
            "patch_mode": "ImageDefault",
            "plan": [
              {
                "name": "9-lvm",
                "product": "rockylinux-x86_64",
                "publisher": "resf"
              }
            ],
            "platform_fault_domain": -1,
            "priority": "Regular",
            "private_ip_address": "10.0.2.4",
            "private_ip_addresses": [
              "10.0.2.4"
            ],
            "provision_vm_agent": true,
            "proximity_placement_group_id": "",
            "public_ip_address": "",
            "public_ip_addresses": [],
            "reboot_setting": "",
            "resource_group_name": "04-3team-bookey",
            "secret": [],
            "secure_boot_enabled": false,
            "size": "Standard_B2s",
            "source_image_id": "",
            "source_image_reference": [
              {
                "offer": "rockylinux-x86_64",
                "publisher": "resf",
                "sku": "9-lvm",
                "version": "9.3.20231113"
              }
            ],
            "tags": null,
            "termination_notification": null,
            "timeouts": null,
            "user_data": "IyEgL2Jpbi9iYXNoDQoNCnNldGVuZm9yY2UgMA0KDQpkbmYgaW5zdGFsbCAteSB3Z2V0IHRhciBodHRwZCBwaHAgcGhwLWdkIHBocC1vcGNhY2hlIHBocC1teXNxbG5kIGx5bngNCg0Kd2dldCBodHRwczovL2tvLndvcmRwcmVzcy5vcmcvd29yZHByZXNzLTYuOC4zLWtvX0tSLnRhci5neg0KdGFyIHh2Znogd29yZHByZXNzLTYuOC4zLWtvX0tSLnRhci5neiANCg0KY3AgLWFyIHdvcmRwcmVzcy8qIC92YXIvd3d3L2h0bWwvDQpjaG93biAtUiBhcGFjaGU6YXBhY2hlIC92YXIvd3d3L2h0bWwvDQoNCnNlZCAtaSAncy9EaXJlY3RvcnlJbmRleCBpbmRleC5odG1sL0RpcmVjdG9yeUluZGV4IGluZGV4LnBocC9nJyAvZXRjL2h0dHBkL2NvbmYvaHR0cGQuY29uZg0KDQpjcCAvdmFyL3d3dy9odG1sL3dwLWNvbmZpZy1zYW1wbGUucGhwIC92YXIvd3d3L2h0bWwvd3AtY29uZmlnLnBocA0Kc2VkIC1pICdzL2RhdGFiYXNlX25hbWVfaGVyZS93b3JkcHJlc3MvZycgL3Zhci93d3cvaHRtbC93cC1jb25maWcucGhwDQpzZWQgLWkgJ3MvdXNlcm5hbWVfaGVyZS93cF91c2VyL2cnIC92YXIvd3d3L2h0bWwvd3AtY29uZmlnLnBocA0Kc2VkIC1pICdzL3Bhc3N3b3JkX2hlcmUvV3BQYXNzMTIzNCEvZycgL3Zhci93d3cvaHRtbC93cC1jb25maWcucGhwDQpzZWQgLWkgJ3MvbG9jYWxob3N0LzEwLjAuNC40L2cnIC92YXIvd3d3L2h0bWwvd3AtY29uZmlnLnBocA0KDQplY2hvICRIT1NUTkFNRSA+IC92YXIvd3d3L2h0bWwvaGVhbHRoLmh0bWwgDQoNCnN5c3RlbWN0bCBlbmFibGUgLS1ub3cgaHR0cGQNCmRuZiBpbnN0YWxsIC15IGZpcmV3YWxsZA0Kc3lzdGVtY3RsIGVuYWJsZSAtLW5vdyBmaXJld2FsbGQNCmZpcmV3YWxsLWNtZCAtLXBlcm1hbmVudCAtLWFkZC1wb3J0PTgwL3RjcA0KZmlyZXdhbGwtY21kIC0tcmVsb2Fk",
            "virtual_machine_id": "d18f2847-3c8c-4b9c-b31e-32fc82d29b63",
            "virtual_machine_scale_set_id": "",
            "vm_agent_platform_updates_enabled": false,
            "vtpm_enabled": false,
            "zone": ""
          },
          "sensitive_attributes": [
            [
              {
                "type": "get_attr",
                "value": "admin_password"
              }
            ],
            [
              {
                "type": "get_attr",
                "value": "custom_data"
              }
            ]
          ],
          "identity_schema_version": 0,
          "private": "eyJlMmJmYjczMC1lY2FhLTExZTYtOGY4OC0zNDM2M2JjN2M0YzAiOnsiY3JlYXRlIjoyNzAwMDAwMDAwMDAwLCJkZWxldGUiOjI3MDAwMDAwMDAwMDAsInJlYWQiOjMwMDAwMDAwMDAwMCwidXBkYXRlIjoyNzAwMDAwMDAwMDAwfX0=",
          "dependencies": [
            "azurerm_network_interface.team3_web1_nic",
            "azurerm_resource_group.team3_rg",
            "azurerm_subnet.team3_web1",
            "azurerm_virtual_network.team3_vnet1"
          ]
        }
      ]
    },
    {
      "mode": "managed",
      "type": "azurerm_linux_virtual_machine",
      "name": "team3_web2_vm",
      "provider": "provider[\"registry.terraform.io/hashicorp/azurerm\"]",
      "instances": [
        {
          "schema_version": 0,
          "attributes": {
            "additional_capabilities": [],
            "admin_password": null,
            "admin_ssh_key": [
              {
                "public_key": "ssh-rsa AAAAB3NzaC1yc2EAAAADAQABAAABAQDAoRphN3UaVCP+z2Dk6KQ2debbdZ4setpy6kL+1lwWXeqQ8x9LkTdzypWr48wBj969ii+IPsBWQS3wLNd09uotg2mzmFi4Lf+69jMq9h4ExHXTysZyyXcPuMpKcbgsKJqIiabFsM/cSNP/0hGjp7GMI2iDyx9kNFIl022QimremIgMwscQvRNGAy+0PxVkr6I2cq2uyyPGly01AeCm3E6gCDnaTjtCA6dUgg8f9WKuUzi9JCnC/pzYpPINevEu7mCGNcAi+d85haJhLisPgj4l2UgBLFzvsgmtpUzqBtlIlc0GTXWry1m0QPFkyOpxaU4MdFgXggoZs4GAP/K882u/\r\n",
                "username": "team3"
              }
            ],
            "admin_username": "team3",
            "allow_extension_operations": true,
            "availability_set_id": "",
            "boot_diagnostics": [
              {
                "storage_account_uri": ""
              }
            ],
            "bypass_platform_safety_checks_on_user_schedule_enabled": false,
            "capacity_reservation_group_id": "",
            "computer_name": "team3-web2-vm",
            "custom_data": null,
            "dedicated_host_group_id": "",
            "dedicated_host_id": "",
            "disable_password_authentication": true,
            "disk_controller_type": "SCSI",
            "edge_zone": "",
            "encryption_at_host_enabled": false,
            "eviction_policy": "",
            "extensions_time_budget": "PT1H30M",
            "gallery_application": [],
            "id": "/subscriptions/99b79efe-ebd6-468c-b39f-5669acb259e1/resourceGroups/04-3team-bookey/providers/Microsoft.Compute/virtualMachines/team3-web2-vm",
            "identity": [
              {
                "identity_ids": [],
                "principal_id": "027c838c-a8c9-49e4-81d1-f7aa8f598f90",
                "tenant_id": "548e9ef4-b1d5-48fa-b220-59f52d6db511",
                "type": "SystemAssigned"
              }
            ],
            "license_type": "",
            "location": "koreacentral",
            "max_bid_price": -1,
            "name": "team3-web2-vm",
            "network_interface_ids": [
              "/subscriptions/99b79efe-ebd6-468c-b39f-5669acb259e1/resourceGroups/04-3team-bookey/providers/Microsoft.Network/networkInterfaces/team3-web2-nic"
            ],
            "os_disk": [
              {
                "caching": "ReadWrite",
                "diff_disk_settings": [],
                "disk_encryption_set_id": "",
                "disk_size_gb": 10,
                "id": "/subscriptions/99b79efe-ebd6-468c-b39f-5669acb259e1/resourceGroups/04-3team-bookey/providers/Microsoft.Compute/disks/team3-web2-vm_disk1_be64f98a79b24332b89293abf28d1697",
                "name": "team3-web2-vm_disk1_be64f98a79b24332b89293abf28d1697",
                "secure_vm_disk_encryption_set_id": "",
                "security_encryption_type": "",
                "storage_account_type": "Standard_LRS",
                "write_accelerator_enabled": false
              }
            ],
            "os_image_notification": [],
            "os_managed_disk_id": "/subscriptions/99b79efe-ebd6-468c-b39f-5669acb259e1/resourceGroups/04-3team-bookey/providers/Microsoft.Compute/disks/team3-web2-vm_disk1_be64f98a79b24332b89293abf28d1697",
            "patch_assessment_mode": "ImageDefault",
            "patch_mode": "ImageDefault",
            "plan": [
              {
                "name": "9-lvm",
                "product": "rockylinux-x86_64",
                "publisher": "resf"
              }
            ],
            "platform_fault_domain": -1,
            "priority": "Regular",
            "private_ip_address": "10.0.3.4",
            "private_ip_addresses": [
              "10.0.3.4"
            ],
            "provision_vm_agent": true,
            "proximity_placement_group_id": "",
            "public_ip_address": "",
            "public_ip_addresses": [],
            "reboot_setting": "",
            "resource_group_name": "04-3team-bookey",
            "secret": [],
            "secure_boot_enabled": false,
            "size": "Standard_B2s",
            "source_image_id": "",
            "source_image_reference": [
              {
                "offer": "rockylinux-x86_64",
                "publisher": "resf",
                "sku": "9-lvm",
                "version": "9.3.20231113"
              }
            ],
            "tags": null,
            "termination_notification": null,
            "timeouts": null,
            "user_data": "IyEgL2Jpbi9iYXNoDQoNCnNldGVuZm9yY2UgMA0KDQpkbmYgaW5zdGFsbCAteSB3Z2V0IHRhciBodHRwZCBwaHAgcGhwLWdkIHBocC1vcGNhY2hlIHBocC1teXNxbG5kIGx5bngNCg0Kd2dldCBodHRwczovL2tvLndvcmRwcmVzcy5vcmcvd29yZHByZXNzLTYuOC4zLWtvX0tSLnRhci5neg0KdGFyIHh2Znogd29yZHByZXNzLTYuOC4zLWtvX0tSLnRhci5neiANCg0KY3AgLWFyIHdvcmRwcmVzcy8qIC92YXIvd3d3L2h0bWwvDQpjaG93biAtUiBhcGFjaGU6YXBhY2hlIC92YXIvd3d3L2h0bWwvDQoNCnNlZCAtaSAncy9EaXJlY3RvcnlJbmRleCBpbmRleC5odG1sL0RpcmVjdG9yeUluZGV4IGluZGV4LnBocC9nJyAvZXRjL2h0dHBkL2NvbmYvaHR0cGQuY29uZg0KDQpjcCAvdmFyL3d3dy9odG1sL3dwLWNvbmZpZy1zYW1wbGUucGhwIC92YXIvd3d3L2h0bWwvd3AtY29uZmlnLnBocA0Kc2VkIC1pICdzL2RhdGFiYXNlX25hbWVfaGVyZS93b3JkcHJlc3MvZycgL3Zhci93d3cvaHRtbC93cC1jb25maWcucGhwDQpzZWQgLWkgJ3MvdXNlcm5hbWVfaGVyZS93cF91c2VyL2cnIC92YXIvd3d3L2h0bWwvd3AtY29uZmlnLnBocA0Kc2VkIC1pICdzL3Bhc3N3b3JkX2hlcmUvV3BQYXNzMTIzNCEvZycgL3Zhci93d3cvaHRtbC93cC1jb25maWcucGhwDQpzZWQgLWkgJ3MvbG9jYWxob3N0LzEwLjAuNC40L2cnIC92YXIvd3d3L2h0bWwvd3AtY29uZmlnLnBocA0KDQplY2hvICRIT1NUTkFNRSA+IC92YXIvd3d3L2h0bWwvaGVhbHRoLmh0bWwgDQoNCnN5c3RlbWN0bCBlbmFibGUgLS1ub3cgaHR0cGQNCmRuZiBpbnN0YWxsIC15IGZpcmV3YWxsZA0Kc3lzdGVtY3RsIGVuYWJsZSAtLW5vdyBmaXJld2FsbGQNCmZpcmV3YWxsLWNtZCAtLXBlcm1hbmVudCAtLWFkZC1wb3J0PTgwL3RjcA0KZmlyZXdhbGwtY21kIC0tcmVsb2Fk",
            "virtual_machine_id": "ae50c934-745f-449c-8e50-9a0a01e62062",
            "virtual_machine_scale_set_id": "",
            "vm_agent_platform_updates_enabled": false,
            "vtpm_enabled": false,
            "zone": ""
          },
          "sensitive_attributes": [
            [
              {
                "type": "get_attr",
                "value": "admin_password"
              }
            ],
            [
              {
                "type": "get_attr",
                "value": "custom_data"
              }
            ]
          ],
          "identity_schema_version": 0,
          "private": "eyJlMmJmYjczMC1lY2FhLTExZTYtOGY4OC0zNDM2M2JjN2M0YzAiOnsiY3JlYXRlIjoyNzAwMDAwMDAwMDAwLCJkZWxldGUiOjI3MDAwMDAwMDAwMDAsInJlYWQiOjMwMDAwMDAwMDAwMCwidXBkYXRlIjoyNzAwMDAwMDAwMDAwfX0=",
          "dependencies": [
            "azurerm_network_interface.team3_web2_nic",
            "azurerm_resource_group.team3_rg",
            "azurerm_subnet.team3_web2",
            "azurerm_virtual_network.team3_vnet1"
          ]
        }
      ]
    },
    {
      "mode": "managed",
      "type": "azurerm_nat_gateway",
      "name": "team3_nat",
      "provider": "provider[\"registry.terraform.io/hashicorp/azurerm\"]",
      "instances": [
        {
          "schema_version": 0,
          "attributes": {
            "id": "/subscriptions/99b79efe-ebd6-468c-b39f-5669acb259e1/resourceGroups/04-3team-bookey/providers/Microsoft.Network/natGateways/team3-nat",
            "idle_timeout_in_minutes": 4,
            "location": "koreacentral",
            "name": "team3-nat",
            "resource_group_name": "04-3team-bookey",
            "resource_guid": "27390b7f-90bd-41cd-a274-d8e9696be5dc",
            "sku_name": "Standard",
            "tags": null,
            "timeouts": null,
            "zones": null
          },
          "sensitive_attributes": [],
          "identity_schema_version": 0,
          "identity": {
            "name": "team3-nat",
            "resource_group_name": "04-3team-bookey",
            "subscription_id": "99b79efe-ebd6-468c-b39f-5669acb259e1"
          },
          "private": "eyJlMmJmYjczMC1lY2FhLTExZTYtOGY4OC0zNDM2M2JjN2M0YzAiOnsiY3JlYXRlIjozNjAwMDAwMDAwMDAwLCJkZWxldGUiOjM2MDAwMDAwMDAwMDAsInJlYWQiOjMwMDAwMDAwMDAwMCwidXBkYXRlIjozNjAwMDAwMDAwMDAwfX0=",
          "dependencies": [
            "azurerm_resource_group.team3_rg"
          ]
        }
      ]
    },
    {
      "mode": "managed",
      "type": "azurerm_nat_gateway_public_ip_association",
      "name": "team3_nat_pubip",
      "provider": "provider[\"registry.terraform.io/hashicorp/azurerm\"]",
      "instances": [
        {
          "schema_version": 0,
          "attributes": {
            "id": "/subscriptions/99b79efe-ebd6-468c-b39f-5669acb259e1/resourceGroups/04-3team-bookey/providers/Microsoft.Network/natGateways/team3-nat|/subscriptions/99b79efe-ebd6-468c-b39f-5669acb259e1/resourceGroups/04-3team-bookey/providers/Microsoft.Network/publicIPAddresses/team3-natip",
            "nat_gateway_id": "/subscriptions/99b79efe-ebd6-468c-b39f-5669acb259e1/resourceGroups/04-3team-bookey/providers/Microsoft.Network/natGateways/team3-nat",
            "public_ip_address_id": "/subscriptions/99b79efe-ebd6-468c-b39f-5669acb259e1/resourceGroups/04-3team-bookey/providers/Microsoft.Network/publicIPAddresses/team3-natip",
            "timeouts": null
          },
          "sensitive_attributes": [],
          "identity_schema_version": 0,
          "private": "eyJlMmJmYjczMC1lY2FhLTExZTYtOGY4OC0zNDM2M2JjN2M0YzAiOnsiY3JlYXRlIjoxODAwMDAwMDAwMDAwLCJkZWxldGUiOjE4MDAwMDAwMDAwMDAsInJlYWQiOjMwMDAwMDAwMDAwMH19",
          "dependencies": [
            "azurerm_nat_gateway.team3_nat",
            "azurerm_public_ip.team3_natip",
            "azurerm_resource_group.team3_rg"
          ]
        }
      ]
    },
    {
      "mode": "managed",
      "type": "azurerm_network_interface",
      "name": "team3_bas_nic",
      "provider": "provider[\"registry.terraform.io/hashicorp/azurerm\"]",
      "instances": [
        {
          "schema_version": 0,
          "attributes": {
            "accelerated_networking_enabled": false,
            "applied_dns_servers": [],
            "auxiliary_mode": "",
            "auxiliary_sku": "",
            "dns_servers": null,
            "edge_zone": "",
            "id": "/subscriptions/99b79efe-ebd6-468c-b39f-5669acb259e1/resourceGroups/04-3team-bookey/providers/Microsoft.Network/networkInterfaces/team3-bas-nic",
            "internal_dns_name_label": "",
            "internal_domain_name_suffix": "pzreblylj0vebkcso5ehs0hume.syx.internal.cloudapp.net",
            "ip_configuration": [
              {
                "gateway_load_balancer_frontend_ip_configuration_id": "",
                "name": "team3-bas-nic-ipconf",
                "primary": true,
                "private_ip_address": "20.0.0.4",
                "private_ip_address_allocation": "Static",
                "private_ip_address_version": "IPv4",
                "public_ip_address_id": "/subscriptions/99b79efe-ebd6-468c-b39f-5669acb259e1/resourceGroups/04-3team-bookey/providers/Microsoft.Network/publicIPAddresses/team3-pubip",
                "subnet_id": "/subscriptions/99b79efe-ebd6-468c-b39f-5669acb259e1/resourceGroups/04-3team-bookey/providers/Microsoft.Network/virtualNetworks/team3-vnet2/subnets/team3-bas"
              }
            ],
            "ip_forwarding_enabled": false,
            "location": "koreacentral",
            "mac_address": "",
            "name": "team3-bas-nic",
            "private_ip_address": "20.0.0.4",
            "private_ip_addresses": [
              "20.0.0.4"
            ],
            "resource_group_name": "04-3team-bookey",
            "tags": null,
            "timeouts": null,
            "virtual_machine_id": ""
          },
          "sensitive_attributes": [],
          "identity_schema_version": 0,
          "identity": {
            "name": "team3-bas-nic",
            "resource_group_name": "04-3team-bookey",
            "subscription_id": "99b79efe-ebd6-468c-b39f-5669acb259e1"
          },
          "private": "eyJlMmJmYjczMC1lY2FhLTExZTYtOGY4OC0zNDM2M2JjN2M0YzAiOnsiY3JlYXRlIjoxODAwMDAwMDAwMDAwLCJkZWxldGUiOjE4MDAwMDAwMDAwMDAsInJlYWQiOjMwMDAwMDAwMDAwMCwidXBkYXRlIjoxODAwMDAwMDAwMDAwfX0=",
          "dependencies": [
            "azurerm_public_ip.team3_basip",
            "azurerm_resource_group.team3_rg",
            "azurerm_subnet.team3_bas",
            "azurerm_virtual_network.team3_vnet2"
          ]
        }
      ]
    },
    {
      "mode": "managed",
      "type": "azurerm_network_interface",
      "name": "team3_db_nic",
      "provider": "provider[\"registry.terraform.io/hashicorp/azurerm\"]",
      "instances": [
        {
          "schema_version": 0,
          "attributes": {
            "accelerated_networking_enabled": false,
            "applied_dns_servers": [],
            "auxiliary_mode": "",
            "auxiliary_sku": "",
            "dns_servers": null,
            "edge_zone": "",
            "id": "/subscriptions/99b79efe-ebd6-468c-b39f-5669acb259e1/resourceGroups/04-3team-bookey/providers/Microsoft.Network/networkInterfaces/team3-db-nic",
            "internal_dns_name_label": "",
            "internal_domain_name_suffix": "nirlux153bselnwi2ysl0emwph.syx.internal.cloudapp.net",
            "ip_configuration": [
              {
                "gateway_load_balancer_frontend_ip_configuration_id": "",
                "name": "team3-db-nic-ipconf",
                "primary": true,
                "private_ip_address": "10.0.4.4",
                "private_ip_address_allocation": "Static",
                "private_ip_address_version": "IPv4",
                "public_ip_address_id": "",
                "subnet_id": "/subscriptions/99b79efe-ebd6-468c-b39f-5669acb259e1/resourceGroups/04-3team-bookey/providers/Microsoft.Network/virtualNetworks/team3-vnet1/subnets/team3-db"
              }
            ],
            "ip_forwarding_enabled": false,
            "location": "koreacentral",
            "mac_address": "",
            "name": "team3-db-nic",
            "private_ip_address": "10.0.4.4",
            "private_ip_addresses": [
              "10.0.4.4"
            ],
            "resource_group_name": "04-3team-bookey",
            "tags": null,
            "timeouts": null,
            "virtual_machine_id": ""
          },
          "sensitive_attributes": [],
          "identity_schema_version": 0,
          "identity": {
            "name": "team3-db-nic",
            "resource_group_name": "04-3team-bookey",
            "subscription_id": "99b79efe-ebd6-468c-b39f-5669acb259e1"
          },
          "private": "eyJlMmJmYjczMC1lY2FhLTExZTYtOGY4OC0zNDM2M2JjN2M0YzAiOnsiY3JlYXRlIjoxODAwMDAwMDAwMDAwLCJkZWxldGUiOjE4MDAwMDAwMDAwMDAsInJlYWQiOjMwMDAwMDAwMDAwMCwidXBkYXRlIjoxODAwMDAwMDAwMDAwfX0=",
          "dependencies": [
            "azurerm_resource_group.team3_rg",
            "azurerm_subnet.team3_db",
            "azurerm_virtual_network.team3_vnet1"
          ]
        }
      ]
    },
    {
      "mode": "managed",
      "type": "azurerm_network_interface",
      "name": "team3_web1_nic",
      "provider": "provider[\"registry.terraform.io/hashicorp/azurerm\"]",
      "instances": [
        {
          "schema_version": 0,
          "attributes": {
            "accelerated_networking_enabled": false,
            "applied_dns_servers": [],
            "auxiliary_mode": "",
            "auxiliary_sku": "",
            "dns_servers": null,
            "edge_zone": "",
            "id": "/subscriptions/99b79efe-ebd6-468c-b39f-5669acb259e1/resourceGroups/04-3team-bookey/providers/Microsoft.Network/networkInterfaces/team3-web1-nic",
            "internal_dns_name_label": "",
            "internal_domain_name_suffix": "nirlux153bselnwi2ysl0emwph.syx.internal.cloudapp.net",
            "ip_configuration": [
              {
                "gateway_load_balancer_frontend_ip_configuration_id": "",
                "name": "team3-web1-nic-ipconf",
                "primary": true,
                "private_ip_address": "10.0.2.4",
                "private_ip_address_allocation": "Static",
                "private_ip_address_version": "IPv4",
                "public_ip_address_id": "",
                "subnet_id": "/subscriptions/99b79efe-ebd6-468c-b39f-5669acb259e1/resourceGroups/04-3team-bookey/providers/Microsoft.Network/virtualNetworks/team3-vnet1/subnets/team3-web1"
              }
            ],
            "ip_forwarding_enabled": false,
            "location": "koreacentral",
            "mac_address": "",
            "name": "team3-web1-nic",
            "private_ip_address": "10.0.2.4",
            "private_ip_addresses": [
              "10.0.2.4"
            ],
            "resource_group_name": "04-3team-bookey",
            "tags": null,
            "timeouts": null,
            "virtual_machine_id": ""
          },
          "sensitive_attributes": [],
          "identity_schema_version": 0,
          "identity": {
            "name": "team3-web1-nic",
            "resource_group_name": "04-3team-bookey",
            "subscription_id": "99b79efe-ebd6-468c-b39f-5669acb259e1"
          },
          "private": "eyJlMmJmYjczMC1lY2FhLTExZTYtOGY4OC0zNDM2M2JjN2M0YzAiOnsiY3JlYXRlIjoxODAwMDAwMDAwMDAwLCJkZWxldGUiOjE4MDAwMDAwMDAwMDAsInJlYWQiOjMwMDAwMDAwMDAwMCwidXBkYXRlIjoxODAwMDAwMDAwMDAwfX0=",
          "dependencies": [
            "azurerm_resource_group.team3_rg",
            "azurerm_subnet.team3_web1",
            "azurerm_virtual_network.team3_vnet1"
          ]
        }
      ]
    },
    {
      "mode": "managed",
      "type": "azurerm_network_interface",
      "name": "team3_web2_nic",
      "provider": "provider[\"registry.terraform.io/hashicorp/azurerm\"]",
      "instances": [
        {
          "schema_version": 0,
          "attributes": {
            "accelerated_networking_enabled": false,
            "applied_dns_servers": [],
            "auxiliary_mode": "",
            "auxiliary_sku": "",
            "dns_servers": null,
            "edge_zone": "",
            "id": "/subscriptions/99b79efe-ebd6-468c-b39f-5669acb259e1/resourceGroups/04-3team-bookey/providers/Microsoft.Network/networkInterfaces/team3-web2-nic",
            "internal_dns_name_label": "",
            "internal_domain_name_suffix": "nirlux153bselnwi2ysl0emwph.syx.internal.cloudapp.net",
            "ip_configuration": [
              {
                "gateway_load_balancer_frontend_ip_configuration_id": "",
                "name": "team3-web2-nic-ipconf",
                "primary": true,
                "private_ip_address": "10.0.3.4",
                "private_ip_address_allocation": "Static",
                "private_ip_address_version": "IPv4",
                "public_ip_address_id": "",
                "subnet_id": "/subscriptions/99b79efe-ebd6-468c-b39f-5669acb259e1/resourceGroups/04-3team-bookey/providers/Microsoft.Network/virtualNetworks/team3-vnet1/subnets/team3-web2"
              }
            ],
            "ip_forwarding_enabled": false,
            "location": "koreacentral",
            "mac_address": "",
            "name": "team3-web2-nic",
            "private_ip_address": "10.0.3.4",
            "private_ip_addresses": [
              "10.0.3.4"
            ],
            "resource_group_name": "04-3team-bookey",
            "tags": null,
            "timeouts": null,
            "virtual_machine_id": ""
          },
          "sensitive_attributes": [],
          "identity_schema_version": 0,
          "identity": {
            "name": "team3-web2-nic",
            "resource_group_name": "04-3team-bookey",
            "subscription_id": "99b79efe-ebd6-468c-b39f-5669acb259e1"
          },
          "private": "eyJlMmJmYjczMC1lY2FhLTExZTYtOGY4OC0zNDM2M2JjN2M0YzAiOnsiY3JlYXRlIjoxODAwMDAwMDAwMDAwLCJkZWxldGUiOjE4MDAwMDAwMDAwMDAsInJlYWQiOjMwMDAwMDAwMDAwMCwidXBkYXRlIjoxODAwMDAwMDAwMDAwfX0=",
          "dependencies": [
            "azurerm_resource_group.team3_rg",
            "azurerm_subnet.team3_web2",
            "azurerm_virtual_network.team3_vnet1"
          ]
        }
      ]
    },
    {
      "mode": "managed",
      "type": "azurerm_network_interface_backend_address_pool_association",
      "name": "team3_lbback1",
      "provider": "provider[\"registry.terraform.io/hashicorp/azurerm\"]",
      "instances": [
        {
          "schema_version": 0,
          "attributes": {
            "backend_address_pool_id": "/subscriptions/99b79efe-ebd6-468c-b39f-5669acb259e1/resourceGroups/04-3team-bookey/providers/Microsoft.Network/loadBalancers/team3-lb/backendAddressPools/team3-back",
            "id": "/subscriptions/99b79efe-ebd6-468c-b39f-5669acb259e1/resourceGroups/04-3team-bookey/providers/Microsoft.Network/networkInterfaces/team3-web1-nic/ipConfigurations/team3-web1-nic-ipconf|/subscriptions/99b79efe-ebd6-468c-b39f-5669acb259e1/resourceGroups/04-3team-bookey/providers/Microsoft.Network/loadBalancers/team3-lb/backendAddressPools/team3-back",
            "ip_configuration_name": "team3-web1-nic-ipconf",
            "network_interface_id": "/subscriptions/99b79efe-ebd6-468c-b39f-5669acb259e1/resourceGroups/04-3team-bookey/providers/Microsoft.Network/networkInterfaces/team3-web1-nic",
            "timeouts": null
          },
          "sensitive_attributes": [],
          "identity_schema_version": 0,
          "private": "eyJlMmJmYjczMC1lY2FhLTExZTYtOGY4OC0zNDM2M2JjN2M0YzAiOnsiY3JlYXRlIjoxODAwMDAwMDAwMDAwLCJkZWxldGUiOjE4MDAwMDAwMDAwMDAsInJlYWQiOjMwMDAwMDAwMDAwMH19",
          "dependencies": [
            "azurerm_lb.team3_lb",
            "azurerm_lb_backend_address_pool.team3_back",
            "azurerm_network_interface.team3_web1_nic",
            "azurerm_public_ip.team3_loadip",
            "azurerm_resource_group.team3_rg",
            "azurerm_subnet.team3_web1",
            "azurerm_virtual_network.team3_vnet1"
          ]
        }
      ]
    },
    {
      "mode": "managed",
      "type": "azurerm_network_interface_backend_address_pool_association",
      "name": "team3_lbback2",
      "provider": "provider[\"registry.terraform.io/hashicorp/azurerm\"]",
      "instances": [
        {
          "schema_version": 0,
          "attributes": {
            "backend_address_pool_id": "/subscriptions/99b79efe-ebd6-468c-b39f-5669acb259e1/resourceGroups/04-3team-bookey/providers/Microsoft.Network/loadBalancers/team3-lb/backendAddressPools/team3-back",
            "id": "/subscriptions/99b79efe-ebd6-468c-b39f-5669acb259e1/resourceGroups/04-3team-bookey/providers/Microsoft.Network/networkInterfaces/team3-web2-nic/ipConfigurations/team3-web2-nic-ipconf|/subscriptions/99b79efe-ebd6-468c-b39f-5669acb259e1/resourceGroups/04-3team-bookey/providers/Microsoft.Network/loadBalancers/team3-lb/backendAddressPools/team3-back",
            "ip_configuration_name": "team3-web2-nic-ipconf",
            "network_interface_id": "/subscriptions/99b79efe-ebd6-468c-b39f-5669acb259e1/resourceGroups/04-3team-bookey/providers/Microsoft.Network/networkInterfaces/team3-web2-nic",
            "timeouts": null
          },
          "sensitive_attributes": [],
          "identity_schema_version": 0,
          "private": "eyJlMmJmYjczMC1lY2FhLTExZTYtOGY4OC0zNDM2M2JjN2M0YzAiOnsiY3JlYXRlIjoxODAwMDAwMDAwMDAwLCJkZWxldGUiOjE4MDAwMDAwMDAwMDAsInJlYWQiOjMwMDAwMDAwMDAwMH19",
          "dependencies": [
            "azurerm_lb.team3_lb",
            "azurerm_lb_backend_address_pool.team3_back",
            "azurerm_network_interface.team3_web2_nic",
            "azurerm_public_ip.team3_loadip",
            "azurerm_resource_group.team3_rg",
            "azurerm_subnet.team3_web2",
            "azurerm_virtual_network.team3_vnet1"
          ]
        }
      ]
    },
    {
      "mode": "managed",
      "type": "azurerm_network_interface_security_group_association",
      "name": "team3_bassg",
      "provider": "provider[\"registry.terraform.io/hashicorp/azurerm\"]",
      "instances": [
        {
          "schema_version": 0,
          "attributes": {
            "id": "/subscriptions/99b79efe-ebd6-468c-b39f-5669acb259e1/resourceGroups/04-3team-bookey/providers/Microsoft.Network/networkInterfaces/team3-bas-nic|/subscriptions/99b79efe-ebd6-468c-b39f-5669acb259e1/resourceGroups/04-3team-bookey/providers/Microsoft.Network/networkSecurityGroups/team3-nsg-ssh",
            "network_interface_id": "/subscriptions/99b79efe-ebd6-468c-b39f-5669acb259e1/resourceGroups/04-3team-bookey/providers/Microsoft.Network/networkInterfaces/team3-bas-nic",
            "network_security_group_id": "/subscriptions/99b79efe-ebd6-468c-b39f-5669acb259e1/resourceGroups/04-3team-bookey/providers/Microsoft.Network/networkSecurityGroups/team3-nsg-ssh",
            "timeouts": null
          },
          "sensitive_attributes": [],
          "identity_schema_version": 0,
          "private": "eyJlMmJmYjczMC1lY2FhLTExZTYtOGY4OC0zNDM2M2JjN2M0YzAiOnsiY3JlYXRlIjoxODAwMDAwMDAwMDAwLCJkZWxldGUiOjE4MDAwMDAwMDAwMDAsInJlYWQiOjMwMDAwMDAwMDAwMH19",
          "dependencies": [
            "azurerm_network_interface.team3_bas_nic",
            "azurerm_network_security_group.team3_nsg_ssh",
            "azurerm_public_ip.team3_basip",
            "azurerm_resource_group.team3_rg",
            "azurerm_subnet.team3_bas",
            "azurerm_virtual_network.team3_vnet2"
          ]
        }
      ]
    },
    {
      "mode": "managed",
      "type": "azurerm_network_interface_security_group_association",
      "name": "team3_dbsg",
      "provider": "provider[\"registry.terraform.io/hashicorp/azurerm\"]",
      "instances": [
        {
          "schema_version": 0,
          "attributes": {
            "id": "/subscriptions/99b79efe-ebd6-468c-b39f-5669acb259e1/resourceGroups/04-3team-bookey/providers/Microsoft.Network/networkInterfaces/team3-db-nic|/subscriptions/99b79efe-ebd6-468c-b39f-5669acb259e1/resourceGroups/04-3team-bookey/providers/Microsoft.Network/networkSecurityGroups/team3-nsg-db",
            "network_interface_id": "/subscriptions/99b79efe-ebd6-468c-b39f-5669acb259e1/resourceGroups/04-3team-bookey/providers/Microsoft.Network/networkInterfaces/team3-db-nic",
            "network_security_group_id": "/subscriptions/99b79efe-ebd6-468c-b39f-5669acb259e1/resourceGroups/04-3team-bookey/providers/Microsoft.Network/networkSecurityGroups/team3-nsg-db",
            "timeouts": null
          },
          "sensitive_attributes": [],
          "identity_schema_version": 0,
          "private": "eyJlMmJmYjczMC1lY2FhLTExZTYtOGY4OC0zNDM2M2JjN2M0YzAiOnsiY3JlYXRlIjoxODAwMDAwMDAwMDAwLCJkZWxldGUiOjE4MDAwMDAwMDAwMDAsInJlYWQiOjMwMDAwMDAwMDAwMH19",
          "dependencies": [
            "azurerm_network_interface.team3_db_nic",
            "azurerm_network_security_group.team3_nsg_db",
            "azurerm_resource_group.team3_rg",
            "azurerm_subnet.team3_db",
            "azurerm_virtual_network.team3_vnet1"
          ]
        }
      ]
    },
    {
      "mode": "managed",
      "type": "azurerm_network_interface_security_group_association",
      "name": "team3_web1sg",
      "provider": "provider[\"registry.terraform.io/hashicorp/azurerm\"]",
      "instances": [
        {
          "schema_version": 0,
          "attributes": {
            "id": "/subscriptions/99b79efe-ebd6-468c-b39f-5669acb259e1/resourceGroups/04-3team-bookey/providers/Microsoft.Network/networkInterfaces/team3-web1-nic|/subscriptions/99b79efe-ebd6-468c-b39f-5669acb259e1/resourceGroups/04-3team-bookey/providers/Microsoft.Network/networkSecurityGroups/team3-nsg-http",
            "network_interface_id": "/subscriptions/99b79efe-ebd6-468c-b39f-5669acb259e1/resourceGroups/04-3team-bookey/providers/Microsoft.Network/networkInterfaces/team3-web1-nic",
            "network_security_group_id": "/subscriptions/99b79efe-ebd6-468c-b39f-5669acb259e1/resourceGroups/04-3team-bookey/providers/Microsoft.Network/networkSecurityGroups/team3-nsg-http",
            "timeouts": null
          },
          "sensitive_attributes": [],
          "identity_schema_version": 0,
          "private": "eyJlMmJmYjczMC1lY2FhLTExZTYtOGY4OC0zNDM2M2JjN2M0YzAiOnsiY3JlYXRlIjoxODAwMDAwMDAwMDAwLCJkZWxldGUiOjE4MDAwMDAwMDAwMDAsInJlYWQiOjMwMDAwMDAwMDAwMH19",
          "dependencies": [
            "azurerm_network_interface.team3_web1_nic",
            "azurerm_network_security_group.team3_nsg_http",
            "azurerm_resource_group.team3_rg",
            "azurerm_subnet.team3_web1",
            "azurerm_virtual_network.team3_vnet1"
          ]
        }
      ]
    },
    {
      "mode": "managed",
      "type": "azurerm_network_interface_security_group_association",
      "name": "team3_web2sg",
      "provider": "provider[\"registry.terraform.io/hashicorp/azurerm\"]",
      "instances": [
        {
          "schema_version": 0,
          "attributes": {
            "id": "/subscriptions/99b79efe-ebd6-468c-b39f-5669acb259e1/resourceGroups/04-3team-bookey/providers/Microsoft.Network/networkInterfaces/team3-web2-nic|/subscriptions/99b79efe-ebd6-468c-b39f-5669acb259e1/resourceGroups/04-3team-bookey/providers/Microsoft.Network/networkSecurityGroups/team3-nsg-http",
            "network_interface_id": "/subscriptions/99b79efe-ebd6-468c-b39f-5669acb259e1/resourceGroups/04-3team-bookey/providers/Microsoft.Network/networkInterfaces/team3-web2-nic",
            "network_security_group_id": "/subscriptions/99b79efe-ebd6-468c-b39f-5669acb259e1/resourceGroups/04-3team-bookey/providers/Microsoft.Network/networkSecurityGroups/team3-nsg-http",
            "timeouts": null
          },
          "sensitive_attributes": [],
          "identity_schema_version": 0,
          "private": "eyJlMmJmYjczMC1lY2FhLTExZTYtOGY4OC0zNDM2M2JjN2M0YzAiOnsiY3JlYXRlIjoxODAwMDAwMDAwMDAwLCJkZWxldGUiOjE4MDAwMDAwMDAwMDAsInJlYWQiOjMwMDAwMDAwMDAwMH19",
          "dependencies": [
            "azurerm_network_interface.team3_web2_nic",
            "azurerm_network_security_group.team3_nsg_http",
            "azurerm_resource_group.team3_rg",
            "azurerm_subnet.team3_web2",
            "azurerm_virtual_network.team3_vnet1"
          ]
        }
      ]
    },
    {
      "mode": "managed",
      "type": "azurerm_network_security_group",
      "name": "team3_nsg_db",
      "provider": "provider[\"registry.terraform.io/hashicorp/azurerm\"]",
      "instances": [
        {
          "schema_version": 0,
          "attributes": {
            "id": "/subscriptions/99b79efe-ebd6-468c-b39f-5669acb259e1/resourceGroups/04-3team-bookey/providers/Microsoft.Network/networkSecurityGroups/team3-nsg-db",
            "location": "koreacentral",
            "name": "team3-nsg-db",
            "resource_group_name": "04-3team-bookey",
            "security_rule": [
              {
                "access": "Allow",
                "description": "",
                "destination_address_prefix": "10.0.0.0/16",
                "destination_address_prefixes": [],
                "destination_application_security_group_ids": [],
                "destination_port_range": "",
                "destination_port_ranges": [
                  "22",
                  "3306"
                ],
                "direction": "Inbound",
                "name": "ssh-db",
                "priority": 200,
                "protocol": "Tcp",
                "source_address_prefix": "*",
                "source_address_prefixes": [],
                "source_application_security_group_ids": [],
                "source_port_range": "*",
                "source_port_ranges": []
              }
            ],
            "tags": null,
            "timeouts": null
          },
          "sensitive_attributes": [],
          "identity_schema_version": 0,
          "identity": {
            "name": "team3-nsg-db",
            "resource_group_name": "04-3team-bookey",
            "subscription_id": "99b79efe-ebd6-468c-b39f-5669acb259e1"
          },
          "private": "eyJlMmJmYjczMC1lY2FhLTExZTYtOGY4OC0zNDM2M2JjN2M0YzAiOnsiY3JlYXRlIjoxODAwMDAwMDAwMDAwLCJkZWxldGUiOjE4MDAwMDAwMDAwMDAsInJlYWQiOjMwMDAwMDAwMDAwMCwidXBkYXRlIjoxODAwMDAwMDAwMDAwfX0=",
          "dependencies": [
            "azurerm_resource_group.team3_rg",
            "azurerm_virtual_network.team3_vnet1"
          ]
        }
      ]
    },
    {
      "mode": "managed",
      "type": "azurerm_network_security_group",
      "name": "team3_nsg_http",
      "provider": "provider[\"registry.terraform.io/hashicorp/azurerm\"]",
      "instances": [
        {
          "schema_version": 0,
          "attributes": {
            "id": "/subscriptions/99b79efe-ebd6-468c-b39f-5669acb259e1/resourceGroups/04-3team-bookey/providers/Microsoft.Network/networkSecurityGroups/team3-nsg-http",
            "location": "koreacentral",
            "name": "team3-nsg-http",
            "resource_group_name": "04-3team-bookey",
            "security_rule": [
              {
                "access": "Allow",
                "description": "",
                "destination_address_prefix": "10.0.0.0/16",
                "destination_address_prefixes": [],
                "destination_application_security_group_ids": [],
                "destination_port_range": "",
                "destination_port_ranges": [
                  "22",
                  "80"
                ],
                "direction": "Inbound",
                "name": "ssh-http",
                "priority": 200,
                "protocol": "Tcp",
                "source_address_prefix": "*",
                "source_address_prefixes": [],
                "source_application_security_group_ids": [],
                "source_port_range": "*",
                "source_port_ranges": []
              }
            ],
            "tags": null,
            "timeouts": null
          },
          "sensitive_attributes": [],
          "identity_schema_version": 0,
          "identity": {
            "name": "team3-nsg-http",
            "resource_group_name": "04-3team-bookey",
            "subscription_id": "99b79efe-ebd6-468c-b39f-5669acb259e1"
          },
          "private": "eyJlMmJmYjczMC1lY2FhLTExZTYtOGY4OC0zNDM2M2JjN2M0YzAiOnsiY3JlYXRlIjoxODAwMDAwMDAwMDAwLCJkZWxldGUiOjE4MDAwMDAwMDAwMDAsInJlYWQiOjMwMDAwMDAwMDAwMCwidXBkYXRlIjoxODAwMDAwMDAwMDAwfX0=",
          "dependencies": [
            "azurerm_resource_group.team3_rg",
            "azurerm_virtual_network.team3_vnet1"
          ]
        }
      ]
    },
    {
      "mode": "managed",
      "type": "azurerm_network_security_group",
      "name": "team3_nsg_ssh",
      "provider": "provider[\"registry.terraform.io/hashicorp/azurerm\"]",
      "instances": [
        {
          "schema_version": 0,
          "attributes": {
            "id": "/subscriptions/99b79efe-ebd6-468c-b39f-5669acb259e1/resourceGroups/04-3team-bookey/providers/Microsoft.Network/networkSecurityGroups/team3-nsg-ssh",
            "location": "koreacentral",
            "name": "team3-nsg-ssh",
            "resource_group_name": "04-3team-bookey",
            "security_rule": [
              {
                "access": "Allow",
                "description": "",
                "destination_address_prefix": "20.0.0.0/16",
                "destination_address_prefixes": [],
                "destination_application_security_group_ids": [],
                "destination_port_range": "22",
                "destination_port_ranges": [],
                "direction": "Inbound",
                "name": "ssh",
                "priority": 100,
                "protocol": "Tcp",
                "source_address_prefix": "",
                "source_address_prefixes": [
                  "10.0.0.0/16",
                  "61.108.60.26"
                ],
                "source_application_security_group_ids": [],
                "source_port_range": "*",
                "source_port_ranges": []
              }
            ],
            "tags": null,
            "timeouts": null
          },
          "sensitive_attributes": [],
          "identity_schema_version": 0,
          "identity": {
            "name": "team3-nsg-ssh",
            "resource_group_name": "04-3team-bookey",
            "subscription_id": "99b79efe-ebd6-468c-b39f-5669acb259e1"
          },
          "private": "eyJlMmJmYjczMC1lY2FhLTExZTYtOGY4OC0zNDM2M2JjN2M0YzAiOnsiY3JlYXRlIjoxODAwMDAwMDAwMDAwLCJkZWxldGUiOjE4MDAwMDAwMDAwMDAsInJlYWQiOjMwMDAwMDAwMDAwMCwidXBkYXRlIjoxODAwMDAwMDAwMDAwfX0=",
          "dependencies": [
            "azurerm_resource_group.team3_rg",
            "azurerm_virtual_network.team3_vnet2"
          ]
        }
      ]
    },
    {
      "mode": "managed",
      "type": "azurerm_public_ip",
      "name": "team3_basip",
      "provider": "provider[\"registry.terraform.io/hashicorp/azurerm\"]",
      "instances": [
        {
          "schema_version": 0,
          "attributes": {
            "allocation_method": "Static",
            "ddos_protection_mode": "VirtualNetworkInherited",
            "ddos_protection_plan_id": null,
            "domain_name_label": null,
            "domain_name_label_scope": null,
            "edge_zone": "",
            "fqdn": null,
            "id": "/subscriptions/99b79efe-ebd6-468c-b39f-5669acb259e1/resourceGroups/04-3team-bookey/providers/Microsoft.Network/publicIPAddresses/team3-pubip",
            "idle_timeout_in_minutes": 4,
            "ip_address": "4.230.30.160",
            "ip_tags": null,
            "ip_version": "IPv4",
            "location": "koreacentral",
            "name": "team3-pubip",
            "public_ip_prefix_id": null,
            "resource_group_name": "04-3team-bookey",
            "reverse_fqdn": null,
            "sku": "Standard",
            "sku_tier": "Regional",
            "tags": null,
            "timeouts": null,
            "zones": null
          },
          "sensitive_attributes": [],
          "identity_schema_version": 0,
          "private": "eyJlMmJmYjczMC1lY2FhLTExZTYtOGY4OC0zNDM2M2JjN2M0YzAiOnsiY3JlYXRlIjoxODAwMDAwMDAwMDAwLCJkZWxldGUiOjE4MDAwMDAwMDAwMDAsInJlYWQiOjMwMDAwMDAwMDAwMCwidXBkYXRlIjoxODAwMDAwMDAwMDAwfX0=",
          "dependencies": [
            "azurerm_resource_group.team3_rg"
          ]
        }
      ]
    },
    {
      "mode": "managed",
      "type": "azurerm_public_ip",
      "name": "team3_loadip",
      "provider": "provider[\"registry.terraform.io/hashicorp/azurerm\"]",
      "instances": [
        {
          "schema_version": 0,
          "attributes": {
            "allocation_method": "Static",
            "ddos_protection_mode": "VirtualNetworkInherited",
            "ddos_protection_plan_id": null,
            "domain_name_label": null,
            "domain_name_label_scope": null,
            "edge_zone": "",
            "fqdn": null,
            "id": "/subscriptions/99b79efe-ebd6-468c-b39f-5669acb259e1/resourceGroups/04-3team-bookey/providers/Microsoft.Network/publicIPAddresses/team3-loadip",
            "idle_timeout_in_minutes": 4,
            "ip_address": "20.214.243.151",
            "ip_tags": null,
            "ip_version": "IPv4",
            "location": "koreacentral",
            "name": "team3-loadip",
            "public_ip_prefix_id": null,
            "resource_group_name": "04-3team-bookey",
            "reverse_fqdn": null,
            "sku": "Standard",
            "sku_tier": "Regional",
            "tags": null,
            "timeouts": null,
            "zones": null
          },
          "sensitive_attributes": [],
          "identity_schema_version": 0,
          "private": "eyJlMmJmYjczMC1lY2FhLTExZTYtOGY4OC0zNDM2M2JjN2M0YzAiOnsiY3JlYXRlIjoxODAwMDAwMDAwMDAwLCJkZWxldGUiOjE4MDAwMDAwMDAwMDAsInJlYWQiOjMwMDAwMDAwMDAwMCwidXBkYXRlIjoxODAwMDAwMDAwMDAwfX0=",
          "dependencies": [
            "azurerm_resource_group.team3_rg"
          ]
        }
      ]
    },
    {
      "mode": "managed",
      "type": "azurerm_public_ip",
      "name": "team3_natip",
      "provider": "provider[\"registry.terraform.io/hashicorp/azurerm\"]",
      "instances": [
        {
          "schema_version": 0,
          "attributes": {
            "allocation_method": "Static",
            "ddos_protection_mode": "VirtualNetworkInherited",
            "ddos_protection_plan_id": null,
            "domain_name_label": null,
            "domain_name_label_scope": null,
            "edge_zone": "",
            "fqdn": null,
            "id": "/subscriptions/99b79efe-ebd6-468c-b39f-5669acb259e1/resourceGroups/04-3team-bookey/providers/Microsoft.Network/publicIPAddresses/team3-natip",
            "idle_timeout_in_minutes": 4,
            "ip_address": "4.217.193.192",
            "ip_tags": null,
            "ip_version": "IPv4",
            "location": "koreacentral",
            "name": "team3-natip",
            "public_ip_prefix_id": null,
            "resource_group_name": "04-3team-bookey",
            "reverse_fqdn": null,
            "sku": "Standard",
            "sku_tier": "Regional",
            "tags": null,
            "timeouts": null,
            "zones": null
          },
          "sensitive_attributes": [],
          "identity_schema_version": 0,
          "private": "eyJlMmJmYjczMC1lY2FhLTExZTYtOGY4OC0zNDM2M2JjN2M0YzAiOnsiY3JlYXRlIjoxODAwMDAwMDAwMDAwLCJkZWxldGUiOjE4MDAwMDAwMDAwMDAsInJlYWQiOjMwMDAwMDAwMDAwMCwidXBkYXRlIjoxODAwMDAwMDAwMDAwfX0=",
          "dependencies": [
            "azurerm_resource_group.team3_rg"
          ]
        }
      ]
    },
    {
      "mode": "managed",
      "type": "azurerm_resource_group",
      "name": "team3_rg",
      "provider": "provider[\"registry.terraform.io/hashicorp/azurerm\"]",
      "instances": [
        {
          "schema_version": 0,
          "attributes": {
            "id": "/subscriptions/99b79efe-ebd6-468c-b39f-5669acb259e1/resourceGroups/04-3team-bookey",
            "location": "koreacentral",
            "managed_by": "",
            "name": "04-3team-bookey",
            "tags": null,
            "timeouts": null
          },
          "sensitive_attributes": [],
          "identity_schema_version": 0,
          "private": "eyJlMmJmYjczMC1lY2FhLTExZTYtOGY4OC0zNDM2M2JjN2M0YzAiOnsiY3JlYXRlIjo1NDAwMDAwMDAwMDAwLCJkZWxldGUiOjU0MDAwMDAwMDAwMDAsInJlYWQiOjMwMDAwMDAwMDAwMCwidXBkYXRlIjo1NDAwMDAwMDAwMDAwfX0="
        }
      ]
    },
    {
      "mode": "managed",
      "type": "azurerm_subnet",
      "name": "team3_bas",
      "provider": "provider[\"registry.terraform.io/hashicorp/azurerm\"]",
      "instances": [
        {
          "schema_version": 0,
          "attributes": {
            "address_prefixes": [
              "20.0.0.0/24"
            ],
            "default_outbound_access_enabled": true,
            "delegation": [],
            "id": "/subscriptions/99b79efe-ebd6-468c-b39f-5669acb259e1/resourceGroups/04-3team-bookey/providers/Microsoft.Network/virtualNetworks/team3-vnet2/subnets/team3-bas",
            "ip_address_pool": [],
            "name": "team3-bas",
            "private_endpoint_network_policies": "Disabled",
            "private_link_service_network_policies_enabled": true,
            "resource_group_name": "04-3team-bookey",
            "service_endpoint_policy_ids": null,
            "service_endpoints": null,
            "sharing_scope": "",
            "timeouts": null,
            "virtual_network_name": "team3-vnet2"
          },
          "sensitive_attributes": [],
          "identity_schema_version": 0,
          "identity": {
            "name": "team3-bas",
            "resource_group_name": "04-3team-bookey",
            "subscription_id": "99b79efe-ebd6-468c-b39f-5669acb259e1",
            "virtual_network_name": "team3-vnet2"
          },
          "private": "eyJlMmJmYjczMC1lY2FhLTExZTYtOGY4OC0zNDM2M2JjN2M0YzAiOnsiY3JlYXRlIjoxODAwMDAwMDAwMDAwLCJkZWxldGUiOjE4MDAwMDAwMDAwMDAsInJlYWQiOjMwMDAwMDAwMDAwMCwidXBkYXRlIjoxODAwMDAwMDAwMDAwfX0=",
          "dependencies": [
            "azurerm_resource_group.team3_rg",
            "azurerm_virtual_network.team3_vnet2"
          ]
        }
      ]
    },
    {
      "mode": "managed",
      "type": "azurerm_subnet",
      "name": "team3_db",
      "provider": "provider[\"registry.terraform.io/hashicorp/azurerm\"]",
      "instances": [
        {
          "schema_version": 0,
          "attributes": {
            "address_prefixes": [
              "10.0.4.0/24"
            ],
            "default_outbound_access_enabled": false,
            "delegation": [],
            "id": "/subscriptions/99b79efe-ebd6-468c-b39f-5669acb259e1/resourceGroups/04-3team-bookey/providers/Microsoft.Network/virtualNetworks/team3-vnet1/subnets/team3-db",
            "ip_address_pool": [],
            "name": "team3-db",
            "private_endpoint_network_policies": "Disabled",
            "private_link_service_network_policies_enabled": true,
            "resource_group_name": "04-3team-bookey",
            "service_endpoint_policy_ids": null,
            "service_endpoints": null,
            "sharing_scope": "",
            "timeouts": null,
            "virtual_network_name": "team3-vnet1"
          },
          "sensitive_attributes": [],
          "identity_schema_version": 0,
          "identity": {
            "name": "team3-db",
            "resource_group_name": "04-3team-bookey",
            "subscription_id": "99b79efe-ebd6-468c-b39f-5669acb259e1",
            "virtual_network_name": "team3-vnet1"
          },
          "private": "eyJlMmJmYjczMC1lY2FhLTExZTYtOGY4OC0zNDM2M2JjN2M0YzAiOnsiY3JlYXRlIjoxODAwMDAwMDAwMDAwLCJkZWxldGUiOjE4MDAwMDAwMDAwMDAsInJlYWQiOjMwMDAwMDAwMDAwMCwidXBkYXRlIjoxODAwMDAwMDAwMDAwfX0=",
          "dependencies": [
            "azurerm_resource_group.team3_rg",
            "azurerm_virtual_network.team3_vnet1"
          ]
        }
      ]
    },
    {
      "mode": "managed",
      "type": "azurerm_subnet",
      "name": "team3_nat",
      "provider": "provider[\"registry.terraform.io/hashicorp/azurerm\"]",
      "instances": [
        {
          "schema_version": 0,
          "attributes": {
            "address_prefixes": [
              "10.0.1.0/24"
            ],
            "default_outbound_access_enabled": true,
            "delegation": [],
            "id": "/subscriptions/99b79efe-ebd6-468c-b39f-5669acb259e1/resourceGroups/04-3team-bookey/providers/Microsoft.Network/virtualNetworks/team3-vnet1/subnets/team3-nat",
            "ip_address_pool": [],
            "name": "team3-nat",
            "private_endpoint_network_policies": "Disabled",
            "private_link_service_network_policies_enabled": true,
            "resource_group_name": "04-3team-bookey",
            "service_endpoint_policy_ids": null,
            "service_endpoints": null,
            "sharing_scope": "",
            "timeouts": null,
            "virtual_network_name": "team3-vnet1"
          },
          "sensitive_attributes": [],
          "identity_schema_version": 0,
          "identity": {
            "name": "team3-nat",
            "resource_group_name": "04-3team-bookey",
            "subscription_id": "99b79efe-ebd6-468c-b39f-5669acb259e1",
            "virtual_network_name": "team3-vnet1"
          },
          "private": "eyJlMmJmYjczMC1lY2FhLTExZTYtOGY4OC0zNDM2M2JjN2M0YzAiOnsiY3JlYXRlIjoxODAwMDAwMDAwMDAwLCJkZWxldGUiOjE4MDAwMDAwMDAwMDAsInJlYWQiOjMwMDAwMDAwMDAwMCwidXBkYXRlIjoxODAwMDAwMDAwMDAwfX0=",
          "dependencies": [
            "azurerm_resource_group.team3_rg",
            "azurerm_virtual_network.team3_vnet1"
          ]
        }
      ]
    },
    {
      "mode": "managed",
      "type": "azurerm_subnet",
      "name": "team3_web1",
      "provider": "provider[\"registry.terraform.io/hashicorp/azurerm\"]",
      "instances": [
        {
          "schema_version": 0,
          "attributes": {
            "address_prefixes": [
              "10.0.2.0/24"
            ],
            "default_outbound_access_enabled": false,
            "delegation": [],
            "id": "/subscriptions/99b79efe-ebd6-468c-b39f-5669acb259e1/resourceGroups/04-3team-bookey/providers/Microsoft.Network/virtualNetworks/team3-vnet1/subnets/team3-web1",
            "ip_address_pool": [],
            "name": "team3-web1",
            "private_endpoint_network_policies": "Disabled",
            "private_link_service_network_policies_enabled": true,
            "resource_group_name": "04-3team-bookey",
            "service_endpoint_policy_ids": null,
            "service_endpoints": null,
            "sharing_scope": "",
            "timeouts": null,
            "virtual_network_name": "team3-vnet1"
          },
          "sensitive_attributes": [],
          "identity_schema_version": 0,
          "identity": {
            "name": "team3-web1",
            "resource_group_name": "04-3team-bookey",
            "subscription_id": "99b79efe-ebd6-468c-b39f-5669acb259e1",
            "virtual_network_name": "team3-vnet1"
          },
          "private": "eyJlMmJmYjczMC1lY2FhLTExZTYtOGY4OC0zNDM2M2JjN2M0YzAiOnsiY3JlYXRlIjoxODAwMDAwMDAwMDAwLCJkZWxldGUiOjE4MDAwMDAwMDAwMDAsInJlYWQiOjMwMDAwMDAwMDAwMCwidXBkYXRlIjoxODAwMDAwMDAwMDAwfX0=",
          "dependencies": [
            "azurerm_resource_group.team3_rg",
            "azurerm_virtual_network.team3_vnet1"
          ]
        }
      ]
    },
    {
      "mode": "managed",
      "type": "azurerm_subnet",
      "name": "team3_web2",
      "provider": "provider[\"registry.terraform.io/hashicorp/azurerm\"]",
      "instances": [
        {
          "schema_version": 0,
          "attributes": {
            "address_prefixes": [
              "10.0.3.0/24"
            ],
            "default_outbound_access_enabled": false,
            "delegation": [],
            "id": "/subscriptions/99b79efe-ebd6-468c-b39f-5669acb259e1/resourceGroups/04-3team-bookey/providers/Microsoft.Network/virtualNetworks/team3-vnet1/subnets/team3-web2",
            "ip_address_pool": [],
            "name": "team3-web2",
            "private_endpoint_network_policies": "Disabled",
            "private_link_service_network_policies_enabled": true,
            "resource_group_name": "04-3team-bookey",
            "service_endpoint_policy_ids": null,
            "service_endpoints": null,
            "sharing_scope": "",
            "timeouts": null,
            "virtual_network_name": "team3-vnet1"
          },
          "sensitive_attributes": [],
          "identity_schema_version": 0,
          "identity": {
            "name": "team3-web2",
            "resource_group_name": "04-3team-bookey",
            "subscription_id": "99b79efe-ebd6-468c-b39f-5669acb259e1",
            "virtual_network_name": "team3-vnet1"
          },
          "private": "eyJlMmJmYjczMC1lY2FhLTExZTYtOGY4OC0zNDM2M2JjN2M0YzAiOnsiY3JlYXRlIjoxODAwMDAwMDAwMDAwLCJkZWxldGUiOjE4MDAwMDAwMDAwMDAsInJlYWQiOjMwMDAwMDAwMDAwMCwidXBkYXRlIjoxODAwMDAwMDAwMDAwfX0=",
          "dependencies": [
            "azurerm_resource_group.team3_rg",
            "azurerm_virtual_network.team3_vnet1"
          ]
        }
      ]
    },
    {
      "mode": "managed",
      "type": "azurerm_subnet_nat_gateway_association",
      "name": "team3_natdb",
      "provider": "provider[\"registry.terraform.io/hashicorp/azurerm\"]",
      "instances": [
        {
          "schema_version": 0,
          "attributes": {
            "id": "/subscriptions/99b79efe-ebd6-468c-b39f-5669acb259e1/resourceGroups/04-3team-bookey/providers/Microsoft.Network/virtualNetworks/team3-vnet1/subnets/team3-db",
            "nat_gateway_id": "/subscriptions/99b79efe-ebd6-468c-b39f-5669acb259e1/resourceGroups/04-3team-bookey/providers/Microsoft.Network/natGateways/team3-nat",
            "subnet_id": "/subscriptions/99b79efe-ebd6-468c-b39f-5669acb259e1/resourceGroups/04-3team-bookey/providers/Microsoft.Network/virtualNetworks/team3-vnet1/subnets/team3-db",
            "timeouts": null
          },
          "sensitive_attributes": [],
          "identity_schema_version": 0,
          "private": "eyJlMmJmYjczMC1lY2FhLTExZTYtOGY4OC0zNDM2M2JjN2M0YzAiOnsiY3JlYXRlIjoxODAwMDAwMDAwMDAwLCJkZWxldGUiOjE4MDAwMDAwMDAwMDAsInJlYWQiOjMwMDAwMDAwMDAwMH19",
          "dependencies": [
            "azurerm_nat_gateway.team3_nat",
            "azurerm_resource_group.team3_rg",
            "azurerm_subnet.team3_db",
            "azurerm_virtual_network.team3_vnet1"
          ]
        }
      ]
    },
    {
      "mode": "managed",
      "type": "azurerm_subnet_nat_gateway_association",
      "name": "team3_natweb1",
      "provider": "provider[\"registry.terraform.io/hashicorp/azurerm\"]",
      "instances": [
        {
          "schema_version": 0,
          "attributes": {
            "id": "/subscriptions/99b79efe-ebd6-468c-b39f-5669acb259e1/resourceGroups/04-3team-bookey/providers/Microsoft.Network/virtualNetworks/team3-vnet1/subnets/team3-web1",
            "nat_gateway_id": "/subscriptions/99b79efe-ebd6-468c-b39f-5669acb259e1/resourceGroups/04-3team-bookey/providers/Microsoft.Network/natGateways/team3-nat",
            "subnet_id": "/subscriptions/99b79efe-ebd6-468c-b39f-5669acb259e1/resourceGroups/04-3team-bookey/providers/Microsoft.Network/virtualNetworks/team3-vnet1/subnets/team3-web1",
            "timeouts": null
          },
          "sensitive_attributes": [],
          "identity_schema_version": 0,
          "private": "eyJlMmJmYjczMC1lY2FhLTExZTYtOGY4OC0zNDM2M2JjN2M0YzAiOnsiY3JlYXRlIjoxODAwMDAwMDAwMDAwLCJkZWxldGUiOjE4MDAwMDAwMDAwMDAsInJlYWQiOjMwMDAwMDAwMDAwMH19",
          "dependencies": [
            "azurerm_nat_gateway.team3_nat",
            "azurerm_resource_group.team3_rg",
            "azurerm_subnet.team3_web1",
            "azurerm_virtual_network.team3_vnet1"
          ]
        }
      ]
    },
    {
      "mode": "managed",
      "type": "azurerm_subnet_nat_gateway_association",
      "name": "team3_natweb2",
      "provider": "provider[\"registry.terraform.io/hashicorp/azurerm\"]",
      "instances": [
        {
          "schema_version": 0,
          "attributes": {
            "id": "/subscriptions/99b79efe-ebd6-468c-b39f-5669acb259e1/resourceGroups/04-3team-bookey/providers/Microsoft.Network/virtualNetworks/team3-vnet1/subnets/team3-web2",
            "nat_gateway_id": "/subscriptions/99b79efe-ebd6-468c-b39f-5669acb259e1/resourceGroups/04-3team-bookey/providers/Microsoft.Network/natGateways/team3-nat",
            "subnet_id": "/subscriptions/99b79efe-ebd6-468c-b39f-5669acb259e1/resourceGroups/04-3team-bookey/providers/Microsoft.Network/virtualNetworks/team3-vnet1/subnets/team3-web2",
            "timeouts": null
          },
          "sensitive_attributes": [],
          "identity_schema_version": 0,
          "private": "eyJlMmJmYjczMC1lY2FhLTExZTYtOGY4OC0zNDM2M2JjN2M0YzAiOnsiY3JlYXRlIjoxODAwMDAwMDAwMDAwLCJkZWxldGUiOjE4MDAwMDAwMDAwMDAsInJlYWQiOjMwMDAwMDAwMDAwMH19",
          "dependencies": [
            "azurerm_nat_gateway.team3_nat",
            "azurerm_resource_group.team3_rg",
            "azurerm_subnet.team3_web2",
            "azurerm_virtual_network.team3_vnet1"
          ]
        }
      ]
    },
    {
      "mode": "managed",
      "type": "azurerm_virtual_network",
      "name": "team3_vnet1",
      "provider": "provider[\"registry.terraform.io/hashicorp/azurerm\"]",
      "instances": [
        {
          "schema_version": 0,
          "attributes": {
            "address_space": [
              "10.0.0.0/16"
            ],
            "bgp_community": "",
            "ddos_protection_plan": [],
            "dns_servers": [],
            "edge_zone": "",
            "encryption": [],
            "flow_timeout_in_minutes": 0,
            "guid": "5fba226a-e87f-4564-b6c8-e624bd11967f",
            "id": "/subscriptions/99b79efe-ebd6-468c-b39f-5669acb259e1/resourceGroups/04-3team-bookey/providers/Microsoft.Network/virtualNetworks/team3-vnet1",
            "ip_address_pool": [],
            "location": "koreacentral",
            "name": "team3-vnet1",
            "private_endpoint_vnet_policies": "Disabled",
            "resource_group_name": "04-3team-bookey",
            "subnet": [],
            "tags": null,
            "timeouts": null
          },
          "sensitive_attributes": [],
          "identity_schema_version": 0,
          "identity": {
            "name": "team3-vnet1",
            "resource_group_name": "04-3team-bookey",
            "subscription_id": "99b79efe-ebd6-468c-b39f-5669acb259e1"
          },
          "private": "eyJlMmJmYjczMC1lY2FhLTExZTYtOGY4OC0zNDM2M2JjN2M0YzAiOnsiY3JlYXRlIjoxODAwMDAwMDAwMDAwLCJkZWxldGUiOjE4MDAwMDAwMDAwMDAsInJlYWQiOjMwMDAwMDAwMDAwMCwidXBkYXRlIjoxODAwMDAwMDAwMDAwfX0=",
          "dependencies": [
            "azurerm_resource_group.team3_rg"
          ]
        }
      ]
    },
    {
      "mode": "managed",
      "type": "azurerm_virtual_network",
      "name": "team3_vnet2",
      "provider": "provider[\"registry.terraform.io/hashicorp/azurerm\"]",
      "instances": [
        {
          "schema_version": 0,
          "attributes": {
            "address_space": [
              "20.0.0.0/16"
            ],
            "bgp_community": "",
            "ddos_protection_plan": [],
            "dns_servers": [],
            "edge_zone": "",
            "encryption": [],
            "flow_timeout_in_minutes": 0,
            "guid": "af40627e-4e0b-40aa-a852-77c87968f464",
            "id": "/subscriptions/99b79efe-ebd6-468c-b39f-5669acb259e1/resourceGroups/04-3team-bookey/providers/Microsoft.Network/virtualNetworks/team3-vnet2",
            "ip_address_pool": [],
            "location": "koreacentral",
            "name": "team3-vnet2",
            "private_endpoint_vnet_policies": "Disabled",
            "resource_group_name": "04-3team-bookey",
            "subnet": [],
            "tags": null,
            "timeouts": null
          },
          "sensitive_attributes": [],
          "identity_schema_version": 0,
          "identity": {
            "name": "team3-vnet2",
            "resource_group_name": "04-3team-bookey",
            "subscription_id": "99b79efe-ebd6-468c-b39f-5669acb259e1"
          },
          "private": "eyJlMmJmYjczMC1lY2FhLTExZTYtOGY4OC0zNDM2M2JjN2M0YzAiOnsiY3JlYXRlIjoxODAwMDAwMDAwMDAwLCJkZWxldGUiOjE4MDAwMDAwMDAwMDAsInJlYWQiOjMwMDAwMDAwMDAwMCwidXBkYXRlIjoxODAwMDAwMDAwMDAwfX0=",
          "dependencies": [
            "azurerm_resource_group.team3_rg"
          ]
        }
      ]
    },
    {
      "mode": "managed",
      "type": "azurerm_virtual_network_peering",
      "name": "vnet1_to_vnet2",
      "provider": "provider[\"registry.terraform.io/hashicorp/azurerm\"]",
      "instances": [
        {
          "schema_version": 0,
          "attributes": {
            "allow_forwarded_traffic": false,
            "allow_gateway_transit": false,
            "allow_virtual_network_access": true,
            "id": "/subscriptions/99b79efe-ebd6-468c-b39f-5669acb259e1/resourceGroups/04-3team-bookey/providers/Microsoft.Network/virtualNetworks/team3-vnet1/virtualNetworkPeerings/peer-vnet1-to-vnet2",
            "local_subnet_names": null,
            "name": "peer-vnet1-to-vnet2",
            "only_ipv6_peering_enabled": false,
            "peer_complete_virtual_networks_enabled": true,
            "remote_subnet_names": null,
            "remote_virtual_network_id": "/subscriptions/99b79efe-ebd6-468c-b39f-5669acb259e1/resourceGroups/04-3team-bookey/providers/Microsoft.Network/virtualNetworks/team3-vnet2",
            "resource_group_name": "04-3team-bookey",
            "timeouts": null,
            "triggers": null,
            "use_remote_gateways": false,
            "virtual_network_name": "team3-vnet1"
          },
          "sensitive_attributes": [],
          "identity_schema_version": 0,
          "private": "eyJlMmJmYjczMC1lY2FhLTExZTYtOGY4OC0zNDM2M2JjN2M0YzAiOnsiY3JlYXRlIjoxODAwMDAwMDAwMDAwLCJkZWxldGUiOjE4MDAwMDAwMDAwMDAsInJlYWQiOjMwMDAwMDAwMDAwMCwidXBkYXRlIjoxODAwMDAwMDAwMDAwfX0=",
          "dependencies": [
            "azurerm_resource_group.team3_rg",
            "azurerm_virtual_network.team3_vnet1",
            "azurerm_virtual_network.team3_vnet2"
          ]
        }
      ]
    },
    {
      "mode": "managed",
      "type": "azurerm_virtual_network_peering",
      "name": "vnet2_to_vnet1",
      "provider": "provider[\"registry.terraform.io/hashicorp/azurerm\"]",
      "instances": [
        {
          "schema_version": 0,
          "attributes": {
            "allow_forwarded_traffic": false,
            "allow_gateway_transit": false,
            "allow_virtual_network_access": true,
            "id": "/subscriptions/99b79efe-ebd6-468c-b39f-5669acb259e1/resourceGroups/04-3team-bookey/providers/Microsoft.Network/virtualNetworks/team3-vnet2/virtualNetworkPeerings/peer-vnet2-to-vnet1",
            "local_subnet_names": null,
            "name": "peer-vnet2-to-vnet1",
            "only_ipv6_peering_enabled": false,
            "peer_complete_virtual_networks_enabled": true,
            "remote_subnet_names": null,
            "remote_virtual_network_id": "/subscriptions/99b79efe-ebd6-468c-b39f-5669acb259e1/resourceGroups/04-3team-bookey/providers/Microsoft.Network/virtualNetworks/team3-vnet1",
            "resource_group_name": "04-3team-bookey",
            "timeouts": null,
            "triggers": null,
            "use_remote_gateways": false,
            "virtual_network_name": "team3-vnet2"
          },
          "sensitive_attributes": [],
          "identity_schema_version": 0,
          "private": "eyJlMmJmYjczMC1lY2FhLTExZTYtOGY4OC0zNDM2M2JjN2M0YzAiOnsiY3JlYXRlIjoxODAwMDAwMDAwMDAwLCJkZWxldGUiOjE4MDAwMDAwMDAwMDAsInJlYWQiOjMwMDAwMDAwMDAwMCwidXBkYXRlIjoxODAwMDAwMDAwMDAwfX0=",
          "dependencies": [
            "azurerm_resource_group.team3_rg",
            "azurerm_virtual_network.team3_vnet1",
            "azurerm_virtual_network.team3_vnet2"
          ]
        }
      ]
    }
  ],
  "check_results": null
}
