{
  "version": 4,
  "terraform_version": "1.13.5",
  "serial": 183,
  "lineage": "00ec1eb4-fcae-bdf5-0e27-ba0ba6e9651b",
  "outputs": {
    "azure_dns_nameservers": {
      "value": [
        "ns1-05.azure-dns.com.",
        "ns2-05.azure-dns.net.",
        "ns3-05.azure-dns.org.",
        "ns4-05.azure-dns.info."
      ],
      "type": [
        "set",
        "string"
      ]
    },
    "bas_pub_ip": {
      "value": "4.217.186.183",
      "type": "string"
    },
    "load_pub_ip": {
      "value": "20.196.109.4",
      "type": "string"
    },
    "nat_pub_ip": {
      "value": "20.196.109.64",
      "type": "string"
    }
  },
  "resources": [
    {
      "mode": "managed",
      "type": "azurerm_dns_a_record",
      "name": "team3_record1",
      "provider": "provider[\"registry.terraform.io/hashicorp/azurerm\"]",
      "instances": [
        {
          "schema_version": 1,
          "attributes": {
            "fqdn": "bookey.store.",
            "id": "/subscriptions/99b79efe-ebd6-468c-b39f-5669acb259e1/resourceGroups/04-3team-bookey/providers/Microsoft.Network/dnsZones/bookey.store/A/@",
            "name": "@",
            "records": [
              "20.196.109.4"
            ],
            "resource_group_name": "04-3team-bookey",
            "tags": null,
            "target_resource_id": "",
            "timeouts": null,
            "ttl": 300,
            "zone_name": "bookey.store"
          },
          "sensitive_attributes": [],
          "identity_schema_version": 0,
          "private": "eyJlMmJmYjczMC1lY2FhLTExZTYtOGY4OC0zNDM2M2JjN2M0YzAiOnsiY3JlYXRlIjoxODAwMDAwMDAwMDAwLCJkZWxldGUiOjE4MDAwMDAwMDAwMDAsInJlYWQiOjMwMDAwMDAwMDAwMCwidXBkYXRlIjoxODAwMDAwMDAwMDAwfSwic2NoZW1hX3ZlcnNpb24iOiIxIn0=",
          "dependencies": [
            "azurerm_dns_zone.team3_dns",
            "azurerm_public_ip.team3_loadip",
            "azurerm_resource_group.team3_rg"
          ]
        }
      ]
    },
    {
      "mode": "managed",
      "type": "azurerm_dns_a_record",
      "name": "team3_record2",
      "provider": "provider[\"registry.terraform.io/hashicorp/azurerm\"]",
      "instances": [
        {
          "schema_version": 1,
          "attributes": {
            "fqdn": "www.bookey.store.",
            "id": "/subscriptions/99b79efe-ebd6-468c-b39f-5669acb259e1/resourceGroups/04-3team-bookey/providers/Microsoft.Network/dnsZones/bookey.store/A/www",
            "name": "www",
            "records": [
              "20.196.109.4"
            ],
            "resource_group_name": "04-3team-bookey",
            "tags": null,
            "target_resource_id": "",
            "timeouts": null,
            "ttl": 300,
            "zone_name": "bookey.store"
          },
          "sensitive_attributes": [],
          "identity_schema_version": 0,
          "private": "eyJlMmJmYjczMC1lY2FhLTExZTYtOGY4OC0zNDM2M2JjN2M0YzAiOnsiY3JlYXRlIjoxODAwMDAwMDAwMDAwLCJkZWxldGUiOjE4MDAwMDAwMDAwMDAsInJlYWQiOjMwMDAwMDAwMDAwMCwidXBkYXRlIjoxODAwMDAwMDAwMDAwfSwic2NoZW1hX3ZlcnNpb24iOiIxIn0=",
          "dependencies": [
            "azurerm_dns_zone.team3_dns",
            "azurerm_public_ip.team3_loadip",
            "azurerm_resource_group.team3_rg"
          ]
        }
      ]
    },
    {
      "mode": "managed",
      "type": "azurerm_dns_zone",
      "name": "team3_dns",
      "provider": "provider[\"registry.terraform.io/hashicorp/azurerm\"]",
      "instances": [
        {
          "schema_version": 2,
          "attributes": {
            "id": "/subscriptions/99b79efe-ebd6-468c-b39f-5669acb259e1/resourceGroups/04-3team-bookey/providers/Microsoft.Network/dnsZones/bookey.store",
            "max_number_of_record_sets": 10000,
            "name": "bookey.store",
            "name_servers": [
              "ns1-05.azure-dns.com.",
              "ns2-05.azure-dns.net.",
              "ns3-05.azure-dns.org.",
              "ns4-05.azure-dns.info."
            ],
            "number_of_record_sets": 2,
            "resource_group_name": "04-3team-bookey",
            "soa_record": [
              {
                "email": "azuredns-hostmaster.microsoft.com",
                "expire_time": 2419200,
                "fqdn": "bookey.store.",
                "host_name": "ns1-05.azure-dns.com.",
                "minimum_ttl": 300,
                "refresh_time": 3600,
                "retry_time": 300,
                "serial_number": 1,
                "tags": {},
                "ttl": 3600
              }
            ],
            "tags": null,
            "timeouts": null
          },
          "sensitive_attributes": [],
          "identity_schema_version": 0,
          "private": "eyJlMmJmYjczMC1lY2FhLTExZTYtOGY4OC0zNDM2M2JjN2M0YzAiOnsiY3JlYXRlIjoxODAwMDAwMDAwMDAwLCJkZWxldGUiOjE4MDAwMDAwMDAwMDAsInJlYWQiOjMwMDAwMDAwMDAwMCwidXBkYXRlIjoxODAwMDAwMDAwMDAwfSwic2NoZW1hX3ZlcnNpb24iOiIyIn0=",
          "dependencies": [
            "azurerm_resource_group.team3_rg"
          ]
        }
      ]
    },
    {
      "mode": "managed",
      "type": "azurerm_image",
      "name": "team3_image",
      "provider": "provider[\"registry.terraform.io/hashicorp/azurerm\"]",
      "instances": [
        {
          "schema_version": 0,
          "attributes": {
            "data_disk": [],
            "hyper_v_generation": "V2",
            "id": "/subscriptions/99b79efe-ebd6-468c-b39f-5669acb259e1/resourceGroups/04-3team-bookey/providers/Microsoft.Compute/images/team3-image",
            "location": "koreacentral",
            "name": "team3-image",
            "os_disk": [
              {
                "blob_uri": "",
                "caching": "ReadWrite",
                "disk_encryption_set_id": "",
                "managed_disk_id": "/subscriptions/99b79efe-ebd6-468c-b39f-5669acb259e1/resourceGroups/04-3team-bookey/providers/Microsoft.Compute/disks/team3-disk",
                "os_state": "Generalized",
                "os_type": "Linux",
                "size_gb": 10,
                "storage_type": "StandardSSD_LRS"
              }
            ],
            "resource_group_name": "04-3team-bookey",
            "source_virtual_machine_id": null,
            "tags": null,
            "timeouts": null,
            "zone_resilient": false
          },
          "sensitive_attributes": [],
          "identity_schema_version": 0,
          "private": "eyJlMmJmYjczMC1lY2FhLTExZTYtOGY4OC0zNDM2M2JjN2M0YzAiOnsiY3JlYXRlIjo1NDAwMDAwMDAwMDAwLCJkZWxldGUiOjU0MDAwMDAwMDAwMDAsInJlYWQiOjMwMDAwMDAwMDAwMCwidXBkYXRlIjo1NDAwMDAwMDAwMDAwfX0=",
          "dependencies": [
            "azurerm_linux_virtual_machine.team3_web1_vm",
            "azurerm_managed_disk.team3_disk",
            "azurerm_network_interface.team3_web1_nic",
            "azurerm_resource_group.team3_rg",
            "azurerm_subnet.team3_web1",
            "azurerm_virtual_network.team3_vnet1"
          ]
        }
      ]
    },
    {
      "mode": "managed",
      "type": "azurerm_lb",
      "name": "team3_lb",
      "provider": "provider[\"registry.terraform.io/hashicorp/azurerm\"]",
      "instances": [
        {
          "schema_version": 0,
          "attributes": {
            "edge_zone": "",
            "frontend_ip_configuration": [
              {
                "gateway_load_balancer_frontend_ip_configuration_id": "",
                "id": "/subscriptions/99b79efe-ebd6-468c-b39f-5669acb259e1/resourceGroups/04-3team-bookey/providers/Microsoft.Network/loadBalancers/team3-lb/frontendIPConfigurations/lbpublicip",
                "inbound_nat_rules": [],
                "load_balancer_rules": [],
                "name": "lbpublicip",
                "outbound_rules": [],
                "private_ip_address": "",
                "private_ip_address_allocation": "Dynamic",
                "private_ip_address_version": "",
                "public_ip_address_id": "/subscriptions/99b79efe-ebd6-468c-b39f-5669acb259e1/resourceGroups/04-3team-bookey/providers/Microsoft.Network/publicIPAddresses/team3-loadip",
                "public_ip_prefix_id": "",
                "subnet_id": "",
                "zones": null
              }
            ],
            "id": "/subscriptions/99b79efe-ebd6-468c-b39f-5669acb259e1/resourceGroups/04-3team-bookey/providers/Microsoft.Network/loadBalancers/team3-lb",
            "location": "koreacentral",
            "name": "team3-lb",
            "private_ip_address": "",
            "private_ip_addresses": [],
            "public_ip_address_id": null,
            "resource_group_name": "04-3team-bookey",
            "sku": "Standard",
            "sku_tier": "Regional",
            "subnet_id": null,
            "tags": null,
            "timeouts": null
          },
          "sensitive_attributes": [],
          "identity_schema_version": 0,
          "private": "eyJlMmJmYjczMC1lY2FhLTExZTYtOGY4OC0zNDM2M2JjN2M0YzAiOnsiY3JlYXRlIjoxODAwMDAwMDAwMDAwLCJkZWxldGUiOjE4MDAwMDAwMDAwMDAsInJlYWQiOjMwMDAwMDAwMDAwMCwidXBkYXRlIjoxODAwMDAwMDAwMDAwfX0=",
          "dependencies": [
            "azurerm_public_ip.team3_loadip",
            "azurerm_resource_group.team3_rg",
            "azurerm_virtual_network.team3_vnet1"
          ]
        }
      ]
    },
    {
      "mode": "managed",
      "type": "azurerm_lb_backend_address_pool",
      "name": "team3_back",
      "provider": "provider[\"registry.terraform.io/hashicorp/azurerm\"]",
      "instances": [
        {
          "schema_version": 0,
          "attributes": {
            "backend_ip_configurations": [],
            "id": "/subscriptions/99b79efe-ebd6-468c-b39f-5669acb259e1/resourceGroups/04-3team-bookey/providers/Microsoft.Network/loadBalancers/team3-lb/backendAddressPools/team3-back",
            "inbound_nat_rules": [],
            "load_balancing_rules": [],
            "loadbalancer_id": "/subscriptions/99b79efe-ebd6-468c-b39f-5669acb259e1/resourceGroups/04-3team-bookey/providers/Microsoft.Network/loadBalancers/team3-lb",
            "name": "team3-back",
            "outbound_rules": [],
            "synchronous_mode": "",
            "timeouts": null,
            "tunnel_interface": [],
            "virtual_network_id": ""
          },
          "sensitive_attributes": [],
          "identity_schema_version": 0,
          "private": "eyJlMmJmYjczMC1lY2FhLTExZTYtOGY4OC0zNDM2M2JjN2M0YzAiOnsiY3JlYXRlIjoxODAwMDAwMDAwMDAwLCJkZWxldGUiOjE4MDAwMDAwMDAwMDAsInJlYWQiOjMwMDAwMDAwMDAwMCwidXBkYXRlIjoxODAwMDAwMDAwMDAwfX0=",
          "dependencies": [
            "azurerm_lb.team3_lb",
            "azurerm_public_ip.team3_loadip",
            "azurerm_resource_group.team3_rg",
            "azurerm_virtual_network.team3_vnet1"
          ]
        }
      ]
    },
    {
      "mode": "managed",
      "type": "azurerm_lb_probe",
      "name": "team3_lb_probe",
      "provider": "provider[\"registry.terraform.io/hashicorp/azurerm\"]",
      "instances": [
        {
          "schema_version": 0,
          "attributes": {
            "id": "/subscriptions/99b79efe-ebd6-468c-b39f-5669acb259e1/resourceGroups/04-3team-bookey/providers/Microsoft.Network/loadBalancers/team3-lb/probes/team3-lb-probe",
            "interval_in_seconds": 5,
            "load_balancer_rules": [],
            "loadbalancer_id": "/subscriptions/99b79efe-ebd6-468c-b39f-5669acb259e1/resourceGroups/04-3team-bookey/providers/Microsoft.Network/loadBalancers/team3-lb",
            "name": "team3-lb-probe",
            "number_of_probes": 2,
            "port": 80,
            "probe_threshold": 1,
            "protocol": "Http",
            "request_path": "/health.html",
            "timeouts": null
          },
          "sensitive_attributes": [],
          "identity_schema_version": 0,
          "private": "eyJlMmJmYjczMC1lY2FhLTExZTYtOGY4OC0zNDM2M2JjN2M0YzAiOnsiY3JlYXRlIjoxODAwMDAwMDAwMDAwLCJkZWxldGUiOjE4MDAwMDAwMDAwMDAsInJlYWQiOjMwMDAwMDAwMDAwMCwidXBkYXRlIjoxODAwMDAwMDAwMDAwfX0=",
          "dependencies": [
            "azurerm_lb.team3_lb",
            "azurerm_public_ip.team3_loadip",
            "azurerm_resource_group.team3_rg",
            "azurerm_virtual_network.team3_vnet1"
          ]
        }
      ]
    },
    {
      "mode": "managed",
      "type": "azurerm_lb_rule",
      "name": "team3_lb_rule",
      "provider": "provider[\"registry.terraform.io/hashicorp/azurerm\"]",
      "instances": [
        {
          "schema_version": 0,
          "attributes": {
            "backend_address_pool_ids": [
              "/subscriptions/99b79efe-ebd6-468c-b39f-5669acb259e1/resourceGroups/04-3team-bookey/providers/Microsoft.Network/loadBalancers/team3-lb/backendAddressPools/team3-back"
            ],
            "backend_port": 80,
            "disable_outbound_snat": false,
            "enable_floating_ip": false,
            "enable_tcp_reset": false,
            "floating_ip_enabled": false,
            "frontend_ip_configuration_id": "/subscriptions/99b79efe-ebd6-468c-b39f-5669acb259e1/resourceGroups/04-3team-bookey/providers/Microsoft.Network/loadBalancers/team3-lb/frontendIPConfigurations/lbpublicip",
            "frontend_ip_configuration_name": "lbpublicip",
            "frontend_port": 80,
            "id": "/subscriptions/99b79efe-ebd6-468c-b39f-5669acb259e1/resourceGroups/04-3team-bookey/providers/Microsoft.Network/loadBalancers/team3-lb/loadBalancingRules/team3-lb-rule",
            "idle_timeout_in_minutes": 4,
            "load_distribution": "Default",
            "loadbalancer_id": "/subscriptions/99b79efe-ebd6-468c-b39f-5669acb259e1/resourceGroups/04-3team-bookey/providers/Microsoft.Network/loadBalancers/team3-lb",
            "name": "team3-lb-rule",
            "probe_id": "/subscriptions/99b79efe-ebd6-468c-b39f-5669acb259e1/resourceGroups/04-3team-bookey/providers/Microsoft.Network/loadBalancers/team3-lb/probes/team3-lb-probe",
            "protocol": "Tcp",
            "tcp_reset_enabled": false,
            "timeouts": null
          },
          "sensitive_attributes": [],
          "identity_schema_version": 0,
          "private": "eyJlMmJmYjczMC1lY2FhLTExZTYtOGY4OC0zNDM2M2JjN2M0YzAiOnsiY3JlYXRlIjoxODAwMDAwMDAwMDAwLCJkZWxldGUiOjE4MDAwMDAwMDAwMDAsInJlYWQiOjMwMDAwMDAwMDAwMCwidXBkYXRlIjoxODAwMDAwMDAwMDAwfX0=",
          "dependencies": [
            "azurerm_lb.team3_lb",
            "azurerm_lb_backend_address_pool.team3_back",
            "azurerm_lb_probe.team3_lb_probe",
            "azurerm_public_ip.team3_loadip",
            "azurerm_resource_group.team3_rg",
            "azurerm_virtual_network.team3_vnet1"
          ]
        }
      ]
    },
    {
      "mode": "managed",
      "type": "azurerm_linux_virtual_machine",
      "name": "team3_bas_vm",
      "provider": "provider[\"registry.terraform.io/hashicorp/azurerm\"]",
      "instances": [
        {
          "schema_version": 0,
          "attributes": {
            "additional_capabilities": [],
            "admin_password": null,
            "admin_ssh_key": [
              {
                "public_key": "ssh-rsa AAAAB3NzaC1yc2EAAAADAQABAAABAQDAoRphN3UaVCP+z2Dk6KQ2debbdZ4setpy6kL+1lwWXeqQ8x9LkTdzypWr48wBj969ii+IPsBWQS3wLNd09uotg2mzmFi4Lf+69jMq9h4ExHXTysZyyXcPuMpKcbgsKJqIiabFsM/cSNP/0hGjp7GMI2iDyx9kNFIl022QimremIgMwscQvRNGAy+0PxVkr6I2cq2uyyPGly01AeCm3E6gCDnaTjtCA6dUgg8f9WKuUzi9JCnC/pzYpPINevEu7mCGNcAi+d85haJhLisPgj4l2UgBLFzvsgmtpUzqBtlIlc0GTXWry1m0QPFkyOpxaU4MdFgXggoZs4GAP/K882u/\r\n",
                "username": "team3"
              }
            ],
            "admin_username": "team3",
            "allow_extension_operations": true,
            "availability_set_id": "",
            "boot_diagnostics": [
              {
                "storage_account_uri": ""
              }
            ],
            "bypass_platform_safety_checks_on_user_schedule_enabled": false,
            "capacity_reservation_group_id": "",
            "computer_name": "team3-bas-vm",
            "custom_data": null,
            "dedicated_host_group_id": "",
            "dedicated_host_id": "",
            "disable_password_authentication": true,
            "disk_controller_type": "SCSI",
            "edge_zone": "",
            "encryption_at_host_enabled": false,
            "eviction_policy": "",
            "extensions_time_budget": "PT1H30M",
            "gallery_application": [],
            "id": "/subscriptions/99b79efe-ebd6-468c-b39f-5669acb259e1/resourceGroups/04-3team-bookey/providers/Microsoft.Compute/virtualMachines/team3-bas-vm",
            "identity": [
              {
                "identity_ids": [],
                "principal_id": "54009f0d-e9e3-4d3d-a8db-79089dac1f76",
                "tenant_id": "548e9ef4-b1d5-48fa-b220-59f52d6db511",
                "type": "SystemAssigned"
              }
            ],
            "license_type": "",
            "location": "koreacentral",
            "max_bid_price": -1,
            "name": "team3-bas-vm",
            "network_interface_ids": [
              "/subscriptions/99b79efe-ebd6-468c-b39f-5669acb259e1/resourceGroups/04-3team-bookey/providers/Microsoft.Network/networkInterfaces/team3-bas-nic"
            ],
            "os_disk": [
              {
                "caching": "ReadWrite",
                "diff_disk_settings": [],
                "disk_encryption_set_id": "",
                "disk_size_gb": 10,
                "id": "/subscriptions/99b79efe-ebd6-468c-b39f-5669acb259e1/resourceGroups/04-3team-bookey/providers/Microsoft.Compute/disks/team3-bas-vm_disk1_1f3eea1dabbf4db0b6151833d0fb49b4",
                "name": "team3-bas-vm_disk1_1f3eea1dabbf4db0b6151833d0fb49b4",
                "secure_vm_disk_encryption_set_id": "",
                "security_encryption_type": "",
                "storage_account_type": "Standard_LRS",
                "write_accelerator_enabled": false
              }
            ],
            "os_image_notification": [],
            "os_managed_disk_id": "/subscriptions/99b79efe-ebd6-468c-b39f-5669acb259e1/resourceGroups/04-3team-bookey/providers/Microsoft.Compute/disks/team3-bas-vm_disk1_1f3eea1dabbf4db0b6151833d0fb49b4",
            "patch_assessment_mode": "ImageDefault",
            "patch_mode": "ImageDefault",
            "plan": [
              {
                "name": "9-lvm",
                "product": "rockylinux-x86_64",
                "publisher": "resf"
              }
            ],
            "platform_fault_domain": -1,
            "priority": "Regular",
            "private_ip_address": "20.0.0.4",
            "private_ip_addresses": [
              "20.0.0.4"
            ],
            "provision_vm_agent": true,
            "proximity_placement_group_id": "",
            "public_ip_address": "4.217.186.183",
            "public_ip_addresses": [
              "4.217.186.183"
            ],
            "reboot_setting": "",
            "resource_group_name": "04-3team-bookey",
            "secret": [],
            "secure_boot_enabled": false,
            "size": "Standard_B2s",
            "source_image_id": "",
            "source_image_reference": [
              {
                "offer": "rockylinux-x86_64",
                "publisher": "resf",
                "sku": "9-lvm",
                "version": "9.3.20231113"
              }
            ],
            "tags": null,
            "termination_notification": null,
            "timeouts": null,
            "user_data": "IyEgL2Jpbi9iYXNoDQoNCiMgU0VMaW51eCDsnqzrtoDtjIUg7ISk7KCVIOusuOuylSDsiJjsoJUNCnNldGVuZm9yY2UgMA0KZ3J1YmJ5IC0tdXBkYXRlLWtlcm5lbD1BTEwgLS1hcmdzIHNlbGludXg9MA0KDQojIEhlcmVkb2PsnYQg7IKs7Jqp7ZWY7JesIOqwnOyduCDtgqTrpbwg7JWI7KCE7ZWY6rKMIO2MjOydvOyXkCDquLDroZ0NCmNhdCA8PCBFT0YgPiAvaG9tZS90ZWFtMy8uc3NoL2lkX3JzYQ0KLS0tLS1CRUdJTiBSU0EgUFJJVkFURSBLRVktLS0tLQ0KTUlJRXBBSUJBQUtDQVFFQXdLRWFZVGQxR2xRai9zOWc1T2lrTm5YbTIzV2VMSHJhY3VwQy90WmNGbDNxa1BNZg0KUzVFM2M4cVZxK1BNQVkvZXZZb3ZpRDdBVmtFdDhDelhkUGJxTFlOcHM1aFl1QzMvdXZZekt2WWVCTVIxMDhyRw0KY3NsM0Q3aktTbkc0TENpYWlJbW14YkRQM0VqVC85SVJvNmV4akNOb2c4c2ZaRFJTSmROdGtJcHEzcGlJRE1MSA0KRUwwVFJnTXZ0RDhWWksraU5uS3Ryc3NqeHBjdE5RSGdwdHhPb0FnNTJrNDdRZ09uVklJUEgvVmlybE00dlNRcA0Kd3Y2YzJLVHlEWHJ4THU1Z2hqWEFJdm5mT1lXaVlTNHJENEkrSmRsSUFTeGM3N0lKcmFWTTZnYlpTSlhOQmsxMQ0KcTh0WnRFRHhaTWpxY1dsT0RIUllGNElLR2JPQmdEL3l2UE5ydndJREFRQUJBb0lCQVFDTUNCRi9QcXQ0V2xaWQ0KZERVQjgwVDgralM2c1FRdFhablVGQXhqNlR6RVhiMlpaY1FJVVNhNG5EcTEzRUYvbVREWkpNMXRCQUVhTXdQTQ0KSnl6eHNGV0loSkdncDAxSGh0ank5dXMzZmZkUWkra0Q3OUxYdXpFOFVwOXNBc05hQnFKZ1E0RGpFYWZwZ1Yvcw0KQnJBZ0FsWUZnL0FFYnZNQkN5LzBvNEJ3cE04UHhSbXprcE1WQk9BdERtZFZtOTROTEFwUjJ1azlkMFByaG1mTg0KOFB4OENtbmVhU1dtREJFeXdiSW1nY0lJWVYrOFhobVJJQnlaSzNWUzcyQy8vZU9La3pzQXdyTTF5alkrZTNCaA0KbFlkb0t3ZmtVS1NpZVhkMjFRTVZDdE1CZ0JFdGZnZndFU0pTMS9ROGJSL0xiZVJ2VDl2Y2svQmxmVzJPQmtPKw0KRVF5QmdJZ2hBb0dCQVBnNHZ6cmlaQmJPZTZ2Y0ZOR0M2NGFtTTlNWE15RVVHb0Y3TityeDFXNTVFMW84SlIyTA0KbDdMWGlRZm9jQmR1SXNWOXpzYjZjV2NNS3I2cFk0UXFJQ3R1S1lCb0VXbkxvOEpBVmlGR0EzR0hJQjBpN0FyTA0KbmVLamtaR1Yvd0pxRFBUQ0hwUmVJVUs3eVlEdHFTL3VPaXMrTVZOamg3MDVTYlNoOEY2dE5GbjVBb0dCQU1hcQ0KWTlNbnZSQ2VHTGxVek4zSzBqTVJPNlU3YitWZGFkWFJ0UU1QVnB0VE9seTBVblBQeWtabU82VVRnQ0tGak5TSQ0KSWx5SVdZd3JON0M4Q2tDMUJ4ZXprUkd0WndOWkZzUkhIU0tNcFB1QVM5TC9CSXdoRVNwVDNZREhINUNPSVk5bg0KQWYvUVQrQUg0WVVlSkZiMVN0TC9Xclc2VEQwN2NKZndRN2kzU0tGM0FvR0FKMER5SE9ISWFrTGxFOXlOL2tQeA0KOHkwOWJOaHlZWHpJWkVtVUlqZDBSVEFvZTFDZm5maUJXT3IwNUtkQmNyTWNGSmM4cUFMYkJDek1aYkpyNW02eQ0KLzZ0QUxPcElOcTdaaXRLWnpGRkNJaVg0VWlNL3FNVmlob0RQZUhKOERXbXYrdFRuK1JhWnMrLzJnY2tUeEZ5cw0KSGtLTGttQmZDdkdRVWx4NW9yOUpWQ0VDZ1lFQXFYb0tGc1E3d2NWZENoMlJkMVBpNWJXNTBFZFlPYTdxN29Fcg0KamlTem1XWHl6OHIwMjk5VGk2TURGdHYvMzNOV3BLaE54K3A1bWQzMGNFeTU0bUdNWDJmTVJleExpTXVqWkdYVw0KTVBjU2Q0c0hKRVJ4T0ttczN4TVVUeHVQamQzeU8wZUFxUjZvUlZIenpYL2RPR0doSjBhM3QzZnFPZ0pQRnc3Yw0KZHVQRWpoa0NnWUJDRkQxWjFaKzFZaEYzZ0Jmcmhja2tTREw2WVFOeWFFeVVEajlFQ1g4cloxM1lXeTlUUTdFMA0KRG9sWFlKMGVicjNVVlQvclBvcjVoV2hpZWhGU0dVMnYwVmpDL0VFdFdkWXhDS25iVVlHaUt1RkppVHNLM2pQRg0KM3ROZ3dMdjlYS1hPbmI2WVJqRGhyWmZyQzh2VEtkME5ETjUxSXlTbk51M2dOdXNyQmpndExBPT0NCi0tLS0tRU5EIFJTQSBQUklWQVRFIEtFWS0tLS0tDQpFT0YNCg0KY2hvd24gdGVhbTMudGVhbTMgL2hvbWUvdGVhbTMvLnNzaC9pZF9yc2ENCmNobW9kIDYwMCAvaG9tZS90ZWFtMy8uc3NoL2lkX3JzYQ==",
            "virtual_machine_id": "30938195-7379-4372-ac3a-f6d4beb0e883",
            "virtual_machine_scale_set_id": "",
            "vm_agent_platform_updates_enabled": false,
            "vtpm_enabled": false,
            "zone": ""
          },
          "sensitive_attributes": [
            [
              {
                "type": "get_attr",
                "value": "admin_password"
              }
            ],
            [
              {
                "type": "get_attr",
                "value": "custom_data"
              }
            ]
          ],
          "identity_schema_version": 0,
          "private": "eyJlMmJmYjczMC1lY2FhLTExZTYtOGY4OC0zNDM2M2JjN2M0YzAiOnsiY3JlYXRlIjoyNzAwMDAwMDAwMDAwLCJkZWxldGUiOjI3MDAwMDAwMDAwMDAsInJlYWQiOjMwMDAwMDAwMDAwMCwidXBkYXRlIjoyNzAwMDAwMDAwMDAwfX0=",
          "dependencies": [
            "azurerm_network_interface.team3_bas_nic",
            "azurerm_public_ip.team3_basip",
            "azurerm_resource_group.team3_rg",
            "azurerm_subnet.team3_bas",
            "azurerm_virtual_network.team3_vnet2"
          ]
        }
      ]
    },
    {
      "mode": "managed",
      "type": "azurerm_linux_virtual_machine",
      "name": "team3_db_vm",
      "provider": "provider[\"registry.terraform.io/hashicorp/azurerm\"]",
      "instances": [
        {
          "schema_version": 0,
          "attributes": {
            "additional_capabilities": [],
            "admin_password": null,
            "admin_ssh_key": [
              {
                "public_key": "ssh-rsa AAAAB3NzaC1yc2EAAAADAQABAAABAQDAoRphN3UaVCP+z2Dk6KQ2debbdZ4setpy6kL+1lwWXeqQ8x9LkTdzypWr48wBj969ii+IPsBWQS3wLNd09uotg2mzmFi4Lf+69jMq9h4ExHXTysZyyXcPuMpKcbgsKJqIiabFsM/cSNP/0hGjp7GMI2iDyx9kNFIl022QimremIgMwscQvRNGAy+0PxVkr6I2cq2uyyPGly01AeCm3E6gCDnaTjtCA6dUgg8f9WKuUzi9JCnC/pzYpPINevEu7mCGNcAi+d85haJhLisPgj4l2UgBLFzvsgmtpUzqBtlIlc0GTXWry1m0QPFkyOpxaU4MdFgXggoZs4GAP/K882u/\r\n",
                "username": "team3"
              }
            ],
            "admin_username": "team3",
            "allow_extension_operations": true,
            "availability_set_id": "",
            "boot_diagnostics": [
              {
                "storage_account_uri": ""
              }
            ],
            "bypass_platform_safety_checks_on_user_schedule_enabled": false,
            "capacity_reservation_group_id": "",
            "computer_name": "team3-db-vm",
            "custom_data": null,
            "dedicated_host_group_id": "",
            "dedicated_host_id": "",
            "disable_password_authentication": true,
            "disk_controller_type": "SCSI",
            "edge_zone": "",
            "encryption_at_host_enabled": false,
            "eviction_policy": "",
            "extensions_time_budget": "PT1H30M",
            "gallery_application": [],
            "id": "/subscriptions/99b79efe-ebd6-468c-b39f-5669acb259e1/resourceGroups/04-3team-bookey/providers/Microsoft.Compute/virtualMachines/team3-db-vm",
            "identity": [
              {
                "identity_ids": [],
                "principal_id": "fd3a9754-b4bc-49a2-a475-a0d954ee213d",
                "tenant_id": "548e9ef4-b1d5-48fa-b220-59f52d6db511",
                "type": "SystemAssigned"
              }
            ],
            "license_type": "",
            "location": "koreacentral",
            "max_bid_price": -1,
            "name": "team3-db-vm",
            "network_interface_ids": [
              "/subscriptions/99b79efe-ebd6-468c-b39f-5669acb259e1/resourceGroups/04-3team-bookey/providers/Microsoft.Network/networkInterfaces/team3-db-nic"
            ],
            "os_disk": [
              {
                "caching": "ReadWrite",
                "diff_disk_settings": [],
                "disk_encryption_set_id": "",
                "disk_size_gb": 10,
                "id": "/subscriptions/99b79efe-ebd6-468c-b39f-5669acb259e1/resourceGroups/04-3team-bookey/providers/Microsoft.Compute/disks/team3-db-vm_disk1_88d2dfbb188440578831a0a7e82c7d30",
                "name": "team3-db-vm_disk1_88d2dfbb188440578831a0a7e82c7d30",
                "secure_vm_disk_encryption_set_id": "",
                "security_encryption_type": "",
                "storage_account_type": "Standard_LRS",
                "write_accelerator_enabled": false
              }
            ],
            "os_image_notification": [],
            "os_managed_disk_id": "/subscriptions/99b79efe-ebd6-468c-b39f-5669acb259e1/resourceGroups/04-3team-bookey/providers/Microsoft.Compute/disks/team3-db-vm_disk1_88d2dfbb188440578831a0a7e82c7d30",
            "patch_assessment_mode": "ImageDefault",
            "patch_mode": "ImageDefault",
            "plan": [
              {
                "name": "9-lvm",
                "product": "rockylinux-x86_64",
                "publisher": "resf"
              }
            ],
            "platform_fault_domain": -1,
            "priority": "Regular",
            "private_ip_address": "10.0.4.4",
            "private_ip_addresses": [
              "10.0.4.4"
            ],
            "provision_vm_agent": true,
            "proximity_placement_group_id": "",
            "public_ip_address": "",
            "public_ip_addresses": [],
            "reboot_setting": "",
            "resource_group_name": "04-3team-bookey",
            "secret": [],
            "secure_boot_enabled": false,
            "size": "Standard_B2s",
            "source_image_id": "",
            "source_image_reference": [
              {
                "offer": "rockylinux-x86_64",
                "publisher": "resf",
                "sku": "9-lvm",
                "version": "9.3.20231113"
              }
            ],
            "tags": null,
            "termination_notification": null,
            "timeouts": null,
            "user_data": "IyEgL2Jpbi9iYXNoDQoNCnNldGVuZm9yY2UgMA0KDQpkbmYgaW5zdGFsbCAteSBteXNxbC1zZXJ2ZXINCnN5c3RlbWN0bCBlbmFibGUgLS1ub3cgbXlzcWxkDQoNCm15c3FsIC11cm9vdCAtZSAiDQpDUkVBVEUgREFUQUJBU0Ugd29yZHByZXNzOw0KQ1JFQVRFIFVTRVIgJ3dwX3VzZXInQCcxMC4wLjIuMC8yNCcgSURFTlRJRklFRCBCWSAnV3BQYXNzMTIzNCEnOw0KQ1JFQVRFIFVTRVIgJ3dwX3VzZXInQCcxMC4wLjMuMC8yNCcgSURFTlRJRklFRCBCWSAnV3BQYXNzMTIzNCEnOw0KR1JBTlQgQUxMIFBSSVZJTEVHRVMgT04gd29yZHByZXNzLiogVE8gJ3dwX3VzZXInQCcxMC4wLjIuMC8yNCc7DQpHUkFOVCBBTEwgUFJJVklMRUdFUyBPTiB3b3JkcHJlc3MuKiBUTyAnd3BfdXNlcidAJzEwLjAuMy4wLzI0JzsNCkZMVVNIIFBSSVZJTEVHRVM7DQoiDQoNCnNlZCAtaSAncy9eYmluZC1hZGRyZXNzLyNiaW5kLWFkZHJlc3MvJyAvZXRjL215LmNuZg0Kc3lzdGVtY3RsIHJlc3RhcnQgbXlzcWxkDQoNCmRuZiBpbnN0YWxsIC15IG9wZW5zc2gtc2VydmVyIGZpcmV3YWxsZA0Kc3lzdGVtY3RsIGVuYWJsZSAtLW5vdyBzc2hkIGZpcmV3YWxsZA0KDQpmaXJld2FsbC1jbWQgLS1hZGQtc2VydmljZT1zc2ggLS1wZXJtYW5lbnQNCmZpcmV3YWxsLWNtZCAtLWFkZC1wb3J0PTMzMDYvdGNwIC0tcGVybWFuZW50DQoNCmZpcmV3YWxsLWNtZCAtLXJlbG9hZA0KZmlyZXdhbGwtY21kIC0tYWRkLXNlcnZpY2U9c3NoDQpmaXJld2FsbC1jbWQgLS1yZWxvYWQ=",
            "virtual_machine_id": "3f22058a-b93e-4c8b-9ca6-a7c810cd8183",
            "virtual_machine_scale_set_id": "",
            "vm_agent_platform_updates_enabled": false,
            "vtpm_enabled": false,
            "zone": ""
          },
          "sensitive_attributes": [
            [
              {
                "type": "get_attr",
                "value": "admin_password"
              }
            ],
            [
              {
                "type": "get_attr",
                "value": "custom_data"
              }
            ]
          ],
          "identity_schema_version": 0,
          "private": "eyJlMmJmYjczMC1lY2FhLTExZTYtOGY4OC0zNDM2M2JjN2M0YzAiOnsiY3JlYXRlIjoyNzAwMDAwMDAwMDAwLCJkZWxldGUiOjI3MDAwMDAwMDAwMDAsInJlYWQiOjMwMDAwMDAwMDAwMCwidXBkYXRlIjoyNzAwMDAwMDAwMDAwfX0=",
          "dependencies": [
            "azurerm_network_interface.team3_db_nic",
            "azurerm_resource_group.team3_rg",
            "azurerm_subnet.team3_db",
            "azurerm_virtual_network.team3_vnet1"
          ]
        }
      ]
    },
    {
      "mode": "managed",
      "type": "azurerm_linux_virtual_machine",
      "name": "team3_ftp_vm",
      "provider": "provider[\"registry.terraform.io/hashicorp/azurerm\"]",
      "instances": [
        {
          "schema_version": 0,
          "attributes": {
            "additional_capabilities": [],
            "admin_password": null,
            "admin_ssh_key": [
              {
                "public_key": "ssh-rsa AAAAB3NzaC1yc2EAAAADAQABAAABAQDAoRphN3UaVCP+z2Dk6KQ2debbdZ4setpy6kL+1lwWXeqQ8x9LkTdzypWr48wBj969ii+IPsBWQS3wLNd09uotg2mzmFi4Lf+69jMq9h4ExHXTysZyyXcPuMpKcbgsKJqIiabFsM/cSNP/0hGjp7GMI2iDyx9kNFIl022QimremIgMwscQvRNGAy+0PxVkr6I2cq2uyyPGly01AeCm3E6gCDnaTjtCA6dUgg8f9WKuUzi9JCnC/pzYpPINevEu7mCGNcAi+d85haJhLisPgj4l2UgBLFzvsgmtpUzqBtlIlc0GTXWry1m0QPFkyOpxaU4MdFgXggoZs4GAP/K882u/\r\n",
                "username": "team3"
              }
            ],
            "admin_username": "team3",
            "allow_extension_operations": true,
            "availability_set_id": "",
            "boot_diagnostics": [],
            "bypass_platform_safety_checks_on_user_schedule_enabled": false,
            "capacity_reservation_group_id": "",
            "computer_name": "team3-ftp-vm",
            "custom_data": null,
            "dedicated_host_group_id": "",
            "dedicated_host_id": "",
            "disable_password_authentication": true,
            "disk_controller_type": "SCSI",
            "edge_zone": "",
            "encryption_at_host_enabled": false,
            "eviction_policy": "",
            "extensions_time_budget": "PT1H30M",
            "gallery_application": [],
            "id": "/subscriptions/99b79efe-ebd6-468c-b39f-5669acb259e1/resourceGroups/04-3team-bookey/providers/Microsoft.Compute/virtualMachines/team3-ftp-vm",
            "identity": [
              {
                "identity_ids": [],
                "principal_id": "8b4f4c7a-01f9-4053-b701-ad07f5329545",
                "tenant_id": "548e9ef4-b1d5-48fa-b220-59f52d6db511",
                "type": "SystemAssigned"
              }
            ],
            "license_type": "",
            "location": "koreacentral",
            "max_bid_price": -1,
            "name": "team3-ftp-vm",
            "network_interface_ids": [
              "/subscriptions/99b79efe-ebd6-468c-b39f-5669acb259e1/resourceGroups/04-3team-bookey/providers/Microsoft.Network/networkInterfaces/team3-ftp-nic"
            ],
            "os_disk": [
              {
                "caching": "ReadWrite",
                "diff_disk_settings": [],
                "disk_encryption_set_id": "",
                "disk_size_gb": 10,
                "id": "/subscriptions/99b79efe-ebd6-468c-b39f-5669acb259e1/resourceGroups/04-3team-bookey/providers/Microsoft.Compute/disks/team3-ftp-vm_disk1_66ab8ba953d840d8a3b1ae56bb278898",
                "name": "team3-ftp-vm_disk1_66ab8ba953d840d8a3b1ae56bb278898",
                "secure_vm_disk_encryption_set_id": "",
                "security_encryption_type": "",
                "storage_account_type": "Standard_LRS",
                "write_accelerator_enabled": false
              }
            ],
            "os_image_notification": [],
            "os_managed_disk_id": "/subscriptions/99b79efe-ebd6-468c-b39f-5669acb259e1/resourceGroups/04-3team-bookey/providers/Microsoft.Compute/disks/team3-ftp-vm_disk1_66ab8ba953d840d8a3b1ae56bb278898",
            "patch_assessment_mode": "ImageDefault",
            "patch_mode": "ImageDefault",
            "plan": [
              {
                "name": "9-lvm",
                "product": "rockylinux-x86_64",
                "publisher": "resf"
              }
            ],
            "platform_fault_domain": -1,
            "priority": "Regular",
            "private_ip_address": "10.0.6.4",
            "private_ip_addresses": [
              "10.0.6.4"
            ],
            "provision_vm_agent": true,
            "proximity_placement_group_id": "",
            "public_ip_address": "",
            "public_ip_addresses": [],
            "reboot_setting": "",
            "resource_group_name": "04-3team-bookey",
            "secret": [],
            "secure_boot_enabled": false,
            "size": "Standard_B2s",
            "source_image_id": "",
            "source_image_reference": [
              {
                "offer": "rockylinux-x86_64",
                "publisher": "resf",
                "sku": "9-lvm",
                "version": "9.3.20231113"
              }
            ],
            "tags": null,
            "termination_notification": null,
            "timeouts": null,
            "user_data": "IyEgL2Jpbi9iYXNoDQoNCnNldGVuZm9yY2UgMA0KDQpkbmYgaW5zdGFsbCAteSBmaXJld2FsbGQgb3BlbnNzaC1zZXJ2ZXINCnN5c3RlbWN0bCBlbmFibGUgLS1ub3cgZmlyZXdhbGxkIHNzaGQNCg0KIyBTU0gvU0ZUUCAoMjIvdGNwKSDtj6ztirjrpbwgT1Mg67Cp7ZmU67K97JeQ7IScIOyYgeq1rOyggeycvOuhnCDtl4jsmqkNCmZpcmV3YWxsLWNtZCAtLXBlcm1hbmVudCAtLWFkZC1zZXJ2aWNlPXNzaA0KZmlyZXdhbGwtY21kIC0tcmVsb2FkDQoNCiMgLS0tIFNGVFAg7KCE7JqpIOyCrOyaqeyekCDshKTsoJUNClNGVFBfVVNFUj0idGVhbTMiDQpTRlRQX1BBU1M9Ikl0MTIzNDUhIg0KDQojIDEuICd0ZWFtMycg7IOd7ISxOiDshbgg7KCR7IaNKGJhc2gg65OxKeydgCDrtojqsIDriqXtlZjrj4TroZ0g7ISk7KCV7ZWY7JesIOuztOyViCDqsJXtmZQNCnVzZXJhZGQgLW0gLXMgL3NiaW4vbm9sb2dpbiAke1NGVFBfVVNFUn0NCmVjaG8gIiR7U0ZUUF9VU0VSfToke1NGVFBfUEFTU30iIHwgY2hwYXNzd2QNCg0KIyAyLiBTRlRQIOyghOyaqSDrlJTroInthqDrpqwg7ISk7KCVIChDaHJvb3QgSmFpbOydmCDquLDrs7gg6rec7LmZKQ0KIyDtmYgg65SU66CJ7Yag66asKC9ob21lL3RlYW0zKeuKlCByb2906rCAIOyGjOycoO2VtOyVvCDtlanri4jri6QuDQpjaG93biByb290OnJvb3QgL2hvbWUvJHtTRlRQX1VTRVJ9DQpjaG1vZCA3NTUgL2hvbWUvJHtTRlRQX1VTRVJ9DQoNCiMgMy4g7YyM7J28IOyXheuhnOuTnCDrlJTroInthqDrpqwg7IOd7ISxIOuwjyDqtoztlZwg67aA7JesDQojIOydtCDrlJTroInthqDrpqzsl5Drp4wgJ3RlYW0zJyDqs4TsoJXsnbQg7JOw6riwIOq2jO2VnOydhCDqsIDsp5Hri4jri6QuDQpta2RpciAvaG9tZS8ke1NGVFBfVVNFUn0vdXBsb2FkDQpjaG93biAke1NGVFBfVVNFUn06JHtTRlRQX1VTRVJ9IC9ob21lLyR7U0ZUUF9VU0VSfS91cGxvYWQNCmNobW9kIDc1MCAvaG9tZS8ke1NGVFBfVVNFUn0vdXBsb2FkDQoNCiMgLS0tIFNGVFAgQ2hyb290IEphaWwg7Zmc7ISx7ZmUICjtlbXsi6wg67O07JWIIOyEpOyglSkgLS0tDQojIDQuIHNzaGRfY29uZmlnIO2MjOydvOyXkCBTRlRQIOyEpOyglSDstpTqsIANCmNhdCA8PCBFT0YgPj4gL2V0Yy9zc2gvc3NoZF9jb25maWcNCg0KIyBTRlRQLW9ubHkgY29uZmlndXJhdGlvbiBmb3IgdGVhbTMNCk1hdGNoIFVzZXIgJHtTRlRQX1VTRVJ9DQogICAgQ2hyb290RGlyZWN0b3J5IC9ob21lLyR7U0ZUUF9VU0VSfQ0KICAgIEZvcmNlQ29tbWFuZCBpbnRlcm5hbC1zZnRwDQogICAgQWxsb3dUY3BGb3J3YXJkaW5nIG5vDQogICAgWDExRm9yd2FyZGluZyBubw0KRU9GDQoNCiMgNS4gU1NIIOyEnOu5hOyKpCDsnqzsi5zsnpHtlZjsl6wg7ISk7KCVIOyggeyaqQ0Kc3lzdGVtY3RsIHJlc3RhcnQgc3NoZA==",
            "virtual_machine_id": "fa221580-48ea-403f-b335-0ba88f32942c",
            "virtual_machine_scale_set_id": "",
            "vm_agent_platform_updates_enabled": false,
            "vtpm_enabled": false,
            "zone": ""
          },
          "sensitive_attributes": [
            [
              {
                "type": "get_attr",
                "value": "admin_password"
              }
            ],
            [
              {
                "type": "get_attr",
                "value": "custom_data"
              }
            ]
          ],
          "identity_schema_version": 0,
          "private": "eyJlMmJmYjczMC1lY2FhLTExZTYtOGY4OC0zNDM2M2JjN2M0YzAiOnsiY3JlYXRlIjoyNzAwMDAwMDAwMDAwLCJkZWxldGUiOjI3MDAwMDAwMDAwMDAsInJlYWQiOjMwMDAwMDAwMDAwMCwidXBkYXRlIjoyNzAwMDAwMDAwMDAwfX0=",
          "dependencies": [
            "azurerm_network_interface.team3_ftp_nic",
            "azurerm_resource_group.team3_rg",
            "azurerm_subnet.team3_ftp",
            "azurerm_virtual_network.team3_vnet1"
          ]
        }
      ]
    },
    {
      "mode": "managed",
      "type": "azurerm_linux_virtual_machine",
      "name": "team3_web1_vm",
      "provider": "provider[\"registry.terraform.io/hashicorp/azurerm\"]",
      "instances": [
        {
          "schema_version": 0,
          "attributes": {
            "additional_capabilities": [],
            "admin_password": null,
            "admin_ssh_key": [
              {
                "public_key": "ssh-rsa AAAAB3NzaC1yc2EAAAADAQABAAABAQDAoRphN3UaVCP+z2Dk6KQ2debbdZ4setpy6kL+1lwWXeqQ8x9LkTdzypWr48wBj969ii+IPsBWQS3wLNd09uotg2mzmFi4Lf+69jMq9h4ExHXTysZyyXcPuMpKcbgsKJqIiabFsM/cSNP/0hGjp7GMI2iDyx9kNFIl022QimremIgMwscQvRNGAy+0PxVkr6I2cq2uyyPGly01AeCm3E6gCDnaTjtCA6dUgg8f9WKuUzi9JCnC/pzYpPINevEu7mCGNcAi+d85haJhLisPgj4l2UgBLFzvsgmtpUzqBtlIlc0GTXWry1m0QPFkyOpxaU4MdFgXggoZs4GAP/K882u/\r\n",
                "username": "team3"
              }
            ],
            "admin_username": "team3",
            "allow_extension_operations": true,
            "availability_set_id": "",
            "boot_diagnostics": [
              {
                "storage_account_uri": ""
              }
            ],
            "bypass_platform_safety_checks_on_user_schedule_enabled": false,
            "capacity_reservation_group_id": "",
            "computer_name": "team3-web1-vm",
            "custom_data": null,
            "dedicated_host_group_id": "",
            "dedicated_host_id": "",
            "disable_password_authentication": true,
            "disk_controller_type": "SCSI",
            "edge_zone": "",
            "encryption_at_host_enabled": false,
            "eviction_policy": "",
            "extensions_time_budget": "PT1H30M",
            "gallery_application": [],
            "id": "/subscriptions/99b79efe-ebd6-468c-b39f-5669acb259e1/resourceGroups/04-3team-bookey/providers/Microsoft.Compute/virtualMachines/team3-web1-vm",
            "identity": [
              {
                "identity_ids": [],
                "principal_id": "9a7c17a9-709c-4ef3-84bf-ba8d00868959",
                "tenant_id": "548e9ef4-b1d5-48fa-b220-59f52d6db511",
                "type": "SystemAssigned"
              }
            ],
            "license_type": "",
            "location": "koreacentral",
            "max_bid_price": -1,
            "name": "team3-web1-vm",
            "network_interface_ids": [
              "/subscriptions/99b79efe-ebd6-468c-b39f-5669acb259e1/resourceGroups/04-3team-bookey/providers/Microsoft.Network/networkInterfaces/team3-web1-nic"
            ],
            "os_disk": [
              {
                "caching": "ReadWrite",
                "diff_disk_settings": [],
                "disk_encryption_set_id": "",
                "disk_size_gb": 10,
                "id": "/subscriptions/99b79efe-ebd6-468c-b39f-5669acb259e1/resourceGroups/04-3team-bookey/providers/Microsoft.Compute/disks/team3-web1-vm_disk1_7952b03452b447f49c96b4e99f21ae80",
                "name": "team3-web1-vm_disk1_7952b03452b447f49c96b4e99f21ae80",
                "secure_vm_disk_encryption_set_id": "",
                "security_encryption_type": "",
                "storage_account_type": "Standard_LRS",
                "write_accelerator_enabled": false
              }
            ],
            "os_image_notification": [],
            "os_managed_disk_id": "/subscriptions/99b79efe-ebd6-468c-b39f-5669acb259e1/resourceGroups/04-3team-bookey/providers/Microsoft.Compute/disks/team3-web1-vm_disk1_7952b03452b447f49c96b4e99f21ae80",
            "patch_assessment_mode": "ImageDefault",
            "patch_mode": "ImageDefault",
            "plan": [
              {
                "name": "9-lvm",
                "product": "rockylinux-x86_64",
                "publisher": "resf"
              }
            ],
            "platform_fault_domain": -1,
            "priority": "Regular",
            "private_ip_address": "10.0.2.4",
            "private_ip_addresses": [
              "10.0.2.4"
            ],
            "provision_vm_agent": true,
            "proximity_placement_group_id": "",
            "public_ip_address": "",
            "public_ip_addresses": [],
            "reboot_setting": "",
            "resource_group_name": "04-3team-bookey",
            "secret": [],
            "secure_boot_enabled": false,
            "size": "Standard_B2s",
            "source_image_id": "",
            "source_image_reference": [
              {
                "offer": "rockylinux-x86_64",
                "publisher": "resf",
                "sku": "9-lvm",
                "version": "9.3.20231113"
              }
            ],
            "tags": null,
            "termination_notification": null,
            "timeouts": null,
            "user_data": "IyEgL2Jpbi9iYXNoDQoNCnNldGVuZm9yY2UgMA0KDQpkbmYgaW5zdGFsbCAteSB3Z2V0IHRhciBodHRwZCBwaHAgcGhwLWdkIHBocC1vcGNhY2hlIHBocC1teXNxbG5kIGx5bngNCg0Kd2dldCBodHRwczovL2tvLndvcmRwcmVzcy5vcmcvd29yZHByZXNzLTYuOC4zLWtvX0tSLnRhci5neg0KdGFyIHh2Znogd29yZHByZXNzLTYuOC4zLWtvX0tSLnRhci5neiANCg0KY3AgLWFyIHdvcmRwcmVzcy8qIC92YXIvd3d3L2h0bWwvDQpjaG93biAtUiBhcGFjaGU6YXBhY2hlIC92YXIvd3d3L2h0bWwvDQoNCnNlZCAtaSAncy9EaXJlY3RvcnlJbmRleCBpbmRleC5odG1sL0RpcmVjdG9yeUluZGV4IGluZGV4LnBocC9nJyAvZXRjL2h0dHBkL2NvbmYvaHR0cGQuY29uZg0KDQpjcCAvdmFyL3d3dy9odG1sL3dwLWNvbmZpZy1zYW1wbGUucGhwIC92YXIvd3d3L2h0bWwvd3AtY29uZmlnLnBocA0Kc2VkIC1pICdzL2RhdGFiYXNlX25hbWVfaGVyZS93b3JkcHJlc3MvZycgL3Zhci93d3cvaHRtbC93cC1jb25maWcucGhwDQpzZWQgLWkgJ3MvdXNlcm5hbWVfaGVyZS93cF91c2VyL2cnIC92YXIvd3d3L2h0bWwvd3AtY29uZmlnLnBocA0Kc2VkIC1pICdzL3Bhc3N3b3JkX2hlcmUvV3BQYXNzMTIzNCEvZycgL3Zhci93d3cvaHRtbC93cC1jb25maWcucGhwDQpzZWQgLWkgJ3MvbG9jYWxob3N0LzEwLjAuNC40L2cnIC92YXIvd3d3L2h0bWwvd3AtY29uZmlnLnBocA0KDQplY2hvICRIT1NUTkFNRSA+IC92YXIvd3d3L2h0bWwvaGVhbHRoLmh0bWwgDQoNCnN5c3RlbWN0bCBlbmFibGUgLS1ub3cgaHR0cGQNCmRuZiBpbnN0YWxsIC15IGZpcmV3YWxsZA0Kc3lzdGVtY3RsIGVuYWJsZSAtLW5vdyBmaXJld2FsbGQNCmZpcmV3YWxsLWNtZCAtLXBlcm1hbmVudCAtLWFkZC1wb3J0PTgwL3RjcA0KZmlyZXdhbGwtY21kIC0tcmVsb2Fk",
            "virtual_machine_id": "871d153b-8b13-4582-906f-b264e41d12a5",
            "virtual_machine_scale_set_id": "",
            "vm_agent_platform_updates_enabled": false,
            "vtpm_enabled": false,
            "zone": ""
          },
          "sensitive_attributes": [
            [
              {
                "type": "get_attr",
                "value": "admin_password"
              }
            ],
            [
              {
                "type": "get_attr",
                "value": "custom_data"
              }
            ]
          ],
          "identity_schema_version": 0,
          "private": "eyJlMmJmYjczMC1lY2FhLTExZTYtOGY4OC0zNDM2M2JjN2M0YzAiOnsiY3JlYXRlIjoyNzAwMDAwMDAwMDAwLCJkZWxldGUiOjI3MDAwMDAwMDAwMDAsInJlYWQiOjMwMDAwMDAwMDAwMCwidXBkYXRlIjoyNzAwMDAwMDAwMDAwfX0=",
          "dependencies": [
            "azurerm_network_interface.team3_web1_nic",
            "azurerm_resource_group.team3_rg",
            "azurerm_subnet.team3_web1",
            "azurerm_virtual_network.team3_vnet1"
          ]
        }
      ]
    },
    {
      "mode": "managed",
      "type": "azurerm_linux_virtual_machine",
      "name": "team3_web2_vm",
      "provider": "provider[\"registry.terraform.io/hashicorp/azurerm\"]",
      "instances": [
        {
          "schema_version": 0,
          "attributes": {
            "additional_capabilities": [],
            "admin_password": null,
            "admin_ssh_key": [
              {
                "public_key": "ssh-rsa AAAAB3NzaC1yc2EAAAADAQABAAABAQDAoRphN3UaVCP+z2Dk6KQ2debbdZ4setpy6kL+1lwWXeqQ8x9LkTdzypWr48wBj969ii+IPsBWQS3wLNd09uotg2mzmFi4Lf+69jMq9h4ExHXTysZyyXcPuMpKcbgsKJqIiabFsM/cSNP/0hGjp7GMI2iDyx9kNFIl022QimremIgMwscQvRNGAy+0PxVkr6I2cq2uyyPGly01AeCm3E6gCDnaTjtCA6dUgg8f9WKuUzi9JCnC/pzYpPINevEu7mCGNcAi+d85haJhLisPgj4l2UgBLFzvsgmtpUzqBtlIlc0GTXWry1m0QPFkyOpxaU4MdFgXggoZs4GAP/K882u/\r\n",
                "username": "team3"
              }
            ],
            "admin_username": "team3",
            "allow_extension_operations": true,
            "availability_set_id": "",
            "boot_diagnostics": [
              {
                "storage_account_uri": ""
              }
            ],
            "bypass_platform_safety_checks_on_user_schedule_enabled": false,
            "capacity_reservation_group_id": "",
            "computer_name": "team3-web2-vm",
            "custom_data": null,
            "dedicated_host_group_id": "",
            "dedicated_host_id": "",
            "disable_password_authentication": true,
            "disk_controller_type": "SCSI",
            "edge_zone": "",
            "encryption_at_host_enabled": false,
            "eviction_policy": "",
            "extensions_time_budget": "PT1H30M",
            "gallery_application": [],
            "id": "/subscriptions/99b79efe-ebd6-468c-b39f-5669acb259e1/resourceGroups/04-3team-bookey/providers/Microsoft.Compute/virtualMachines/team3-web2-vm",
            "identity": [
              {
                "identity_ids": [],
                "principal_id": "11d34141-ce1d-4150-9441-5effcbdebe75",
                "tenant_id": "548e9ef4-b1d5-48fa-b220-59f52d6db511",
                "type": "SystemAssigned"
              }
            ],
            "license_type": "",
            "location": "koreacentral",
            "max_bid_price": -1,
            "name": "team3-web2-vm",
            "network_interface_ids": [
              "/subscriptions/99b79efe-ebd6-468c-b39f-5669acb259e1/resourceGroups/04-3team-bookey/providers/Microsoft.Network/networkInterfaces/team3-web2-nic"
            ],
            "os_disk": [
              {
                "caching": "ReadWrite",
                "diff_disk_settings": [],
                "disk_encryption_set_id": "",
                "disk_size_gb": 10,
                "id": "/subscriptions/99b79efe-ebd6-468c-b39f-5669acb259e1/resourceGroups/04-3team-bookey/providers/Microsoft.Compute/disks/team3-web2-vm_disk1_bceec004e54d4ad3910887e785b7536f",
                "name": "team3-web2-vm_disk1_bceec004e54d4ad3910887e785b7536f",
                "secure_vm_disk_encryption_set_id": "",
                "security_encryption_type": "",
                "storage_account_type": "Standard_LRS",
                "write_accelerator_enabled": false
              }
            ],
            "os_image_notification": [],
            "os_managed_disk_id": "/subscriptions/99b79efe-ebd6-468c-b39f-5669acb259e1/resourceGroups/04-3team-bookey/providers/Microsoft.Compute/disks/team3-web2-vm_disk1_bceec004e54d4ad3910887e785b7536f",
            "patch_assessment_mode": "ImageDefault",
            "patch_mode": "ImageDefault",
            "plan": [
              {
                "name": "9-lvm",
                "product": "rockylinux-x86_64",
                "publisher": "resf"
              }
            ],
            "platform_fault_domain": -1,
            "priority": "Regular",
            "private_ip_address": "10.0.3.4",
            "private_ip_addresses": [
              "10.0.3.4"
            ],
            "provision_vm_agent": true,
            "proximity_placement_group_id": "",
            "public_ip_address": "",
            "public_ip_addresses": [],
            "reboot_setting": "",
            "resource_group_name": "04-3team-bookey",
            "secret": [],
            "secure_boot_enabled": false,
            "size": "Standard_B2s",
            "source_image_id": "",
            "source_image_reference": [
              {
                "offer": "rockylinux-x86_64",
                "publisher": "resf",
                "sku": "9-lvm",
                "version": "9.3.20231113"
              }
            ],
            "tags": null,
            "termination_notification": null,
            "timeouts": null,
            "user_data": "IyEgL2Jpbi9iYXNoDQoNCnNldGVuZm9yY2UgMA0KDQpkbmYgaW5zdGFsbCAteSB3Z2V0IHRhciBodHRwZCBwaHAgcGhwLWdkIHBocC1vcGNhY2hlIHBocC1teXNxbG5kIGx5bngNCg0Kd2dldCBodHRwczovL2tvLndvcmRwcmVzcy5vcmcvd29yZHByZXNzLTYuOC4zLWtvX0tSLnRhci5neg0KdGFyIHh2Znogd29yZHByZXNzLTYuOC4zLWtvX0tSLnRhci5neiANCg0KY3AgLWFyIHdvcmRwcmVzcy8qIC92YXIvd3d3L2h0bWwvDQpjaG93biAtUiBhcGFjaGU6YXBhY2hlIC92YXIvd3d3L2h0bWwvDQoNCnNlZCAtaSAncy9EaXJlY3RvcnlJbmRleCBpbmRleC5odG1sL0RpcmVjdG9yeUluZGV4IGluZGV4LnBocC9nJyAvZXRjL2h0dHBkL2NvbmYvaHR0cGQuY29uZg0KDQpjcCAvdmFyL3d3dy9odG1sL3dwLWNvbmZpZy1zYW1wbGUucGhwIC92YXIvd3d3L2h0bWwvd3AtY29uZmlnLnBocA0Kc2VkIC1pICdzL2RhdGFiYXNlX25hbWVfaGVyZS93b3JkcHJlc3MvZycgL3Zhci93d3cvaHRtbC93cC1jb25maWcucGhwDQpzZWQgLWkgJ3MvdXNlcm5hbWVfaGVyZS93cF91c2VyL2cnIC92YXIvd3d3L2h0bWwvd3AtY29uZmlnLnBocA0Kc2VkIC1pICdzL3Bhc3N3b3JkX2hlcmUvV3BQYXNzMTIzNCEvZycgL3Zhci93d3cvaHRtbC93cC1jb25maWcucGhwDQpzZWQgLWkgJ3MvbG9jYWxob3N0LzEwLjAuNC40L2cnIC92YXIvd3d3L2h0bWwvd3AtY29uZmlnLnBocA0KDQplY2hvICRIT1NUTkFNRSA+IC92YXIvd3d3L2h0bWwvaGVhbHRoLmh0bWwgDQoNCnN5c3RlbWN0bCBlbmFibGUgLS1ub3cgaHR0cGQNCmRuZiBpbnN0YWxsIC15IGZpcmV3YWxsZA0Kc3lzdGVtY3RsIGVuYWJsZSAtLW5vdyBmaXJld2FsbGQNCmZpcmV3YWxsLWNtZCAtLXBlcm1hbmVudCAtLWFkZC1wb3J0PTgwL3RjcA0KZmlyZXdhbGwtY21kIC0tcmVsb2Fk",
            "virtual_machine_id": "0d18de9c-d669-44f1-8b5e-c9ce3a227779",
            "virtual_machine_scale_set_id": "",
            "vm_agent_platform_updates_enabled": false,
            "vtpm_enabled": false,
            "zone": ""
          },
          "sensitive_attributes": [
            [
              {
                "type": "get_attr",
                "value": "admin_password"
              }
            ],
            [
              {
                "type": "get_attr",
                "value": "custom_data"
              }
            ]
          ],
          "identity_schema_version": 0,
          "private": "eyJlMmJmYjczMC1lY2FhLTExZTYtOGY4OC0zNDM2M2JjN2M0YzAiOnsiY3JlYXRlIjoyNzAwMDAwMDAwMDAwLCJkZWxldGUiOjI3MDAwMDAwMDAwMDAsInJlYWQiOjMwMDAwMDAwMDAwMCwidXBkYXRlIjoyNzAwMDAwMDAwMDAwfX0=",
          "dependencies": [
            "azurerm_network_interface.team3_web2_nic",
            "azurerm_resource_group.team3_rg",
            "azurerm_subnet.team3_web2",
            "azurerm_virtual_network.team3_vnet1"
          ]
        }
      ]
    },
    {
      "mode": "managed",
      "type": "azurerm_linux_virtual_machine_scale_set",
      "name": "team3_vmss",
      "provider": "provider[\"registry.terraform.io/hashicorp/azurerm\"]",
      "instances": [
        {
          "schema_version": 0,
          "attributes": {
            "additional_capabilities": [],
            "admin_password": null,
            "admin_ssh_key": [
              {
                "public_key": "ssh-rsa AAAAB3NzaC1yc2EAAAADAQABAAABAQDAoRphN3UaVCP+z2Dk6KQ2debbdZ4setpy6kL+1lwWXeqQ8x9LkTdzypWr48wBj969ii+IPsBWQS3wLNd09uotg2mzmFi4Lf+69jMq9h4ExHXTysZyyXcPuMpKcbgsKJqIiabFsM/cSNP/0hGjp7GMI2iDyx9kNFIl022QimremIgMwscQvRNGAy+0PxVkr6I2cq2uyyPGly01AeCm3E6gCDnaTjtCA6dUgg8f9WKuUzi9JCnC/pzYpPINevEu7mCGNcAi+d85haJhLisPgj4l2UgBLFzvsgmtpUzqBtlIlc0GTXWry1m0QPFkyOpxaU4MdFgXggoZs4GAP/K882u/\r\n",
                "username": "team3"
              }
            ],
            "admin_username": "team3",
            "automatic_instance_repair": [],
            "automatic_os_upgrade_policy": [],
            "boot_diagnostics": [
              {
                "storage_account_uri": ""
              }
            ],
            "capacity_reservation_group_id": "",
            "computer_name_prefix": "team3-vmss",
            "custom_data": null,
            "data_disk": [],
            "disable_password_authentication": true,
            "do_not_run_extensions_on_overprovisioned_machines": false,
            "edge_zone": "",
            "encryption_at_host_enabled": false,
            "eviction_policy": "",
            "extension": [],
            "extension_operations_enabled": true,
            "extensions_time_budget": "PT1H30M",
            "gallery_application": [],
            "health_probe_id": "",
            "host_group_id": null,
            "id": "/subscriptions/99b79efe-ebd6-468c-b39f-5669acb259e1/resourceGroups/04-3team-bookey/providers/Microsoft.Compute/virtualMachineScaleSets/team3-vmss",
            "identity": [],
            "instances": 1,
            "location": "koreacentral",
            "max_bid_price": -1,
            "name": "team3-vmss",
            "network_interface": [
              {
                "auxiliary_mode": "",
                "auxiliary_sku": "",
                "dns_servers": null,
                "enable_accelerated_networking": false,
                "enable_ip_forwarding": false,
                "ip_configuration": [
                  {
                    "application_gateway_backend_address_pool_ids": null,
                    "application_security_group_ids": null,
                    "load_balancer_backend_address_pool_ids": [
                      "/subscriptions/99b79efe-ebd6-468c-b39f-5669acb259e1/resourceGroups/04-3team-bookey/providers/Microsoft.Network/loadBalancers/team3-lb/backendAddressPools/team3-back"
                    ],
                    "load_balancer_inbound_nat_rules_ids": null,
                    "name": "team3-vmss-ip",
                    "primary": true,
                    "public_ip_address": [],
                    "subnet_id": "/subscriptions/99b79efe-ebd6-468c-b39f-5669acb259e1/resourceGroups/04-3team-bookey/providers/Microsoft.Network/virtualNetworks/team3-vnet1/subnets/team3-web1",
                    "version": "IPv4"
                  }
                ],
                "name": "team3-vmssnic",
                "network_security_group_id": "/subscriptions/99b79efe-ebd6-468c-b39f-5669acb259e1/resourceGroups/04-3team-bookey/providers/Microsoft.Network/networkSecurityGroups/team3-nsg-http",
                "primary": true
              }
            ],
            "os_disk": [
              {
                "caching": "ReadWrite",
                "diff_disk_settings": [],
                "disk_encryption_set_id": "",
                "disk_size_gb": 10,
                "secure_vm_disk_encryption_set_id": "",
                "security_encryption_type": "",
                "storage_account_type": "StandardSSD_LRS",
                "write_accelerator_enabled": false
              }
            ],
            "overprovision": true,
            "plan": [
              {
                "name": "9-lvm",
                "product": "rockylinux-x86_64",
                "publisher": "resf"
              }
            ],
            "platform_fault_domain_count": 5,
            "priority": "Regular",
            "provision_vm_agent": true,
            "proximity_placement_group_id": "",
            "resilient_vm_creation_enabled": false,
            "resilient_vm_deletion_enabled": false,
            "resource_group_name": "04-3team-bookey",
            "rolling_upgrade_policy": [],
            "scale_in": [],
            "secret": [],
            "secure_boot_enabled": false,
            "single_placement_group": true,
            "sku": "Standard_B2s",
            "source_image_id": "/subscriptions/99b79efe-ebd6-468c-b39f-5669acb259e1/resourceGroups/04-3team-bookey/providers/Microsoft.Compute/galleries/team3imgallery/images/team3image/versions/1.0.0",
            "source_image_reference": [],
            "spot_restore": null,
            "tags": null,
            "termination_notification": null,
            "timeouts": null,
            "unique_id": "fad800f5-d107-4a72-b18d-e367fbb7e547",
            "upgrade_mode": "Manual",
            "user_data": "",
            "vtpm_enabled": false,
            "zone_balance": false,
            "zones": null
          },
          "sensitive_attributes": [
            [
              {
                "type": "get_attr",
                "value": "admin_password"
              }
            ],
            [
              {
                "type": "get_attr",
                "value": "custom_data"
              }
            ]
          ],
          "identity_schema_version": 0,
          "private": "eyJlMmJmYjczMC1lY2FhLTExZTYtOGY4OC0zNDM2M2JjN2M0YzAiOnsiY3JlYXRlIjozNjAwMDAwMDAwMDAwLCJkZWxldGUiOjM2MDAwMDAwMDAwMDAsInJlYWQiOjMwMDAwMDAwMDAwMCwidXBkYXRlIjozNjAwMDAwMDAwMDAwfX0=",
          "dependencies": [
            "azurerm_image.team3_image",
            "azurerm_lb.team3_lb",
            "azurerm_lb_backend_address_pool.team3_back",
            "azurerm_linux_virtual_machine.team3_web1_vm",
            "azurerm_managed_disk.team3_disk",
            "azurerm_network_interface.team3_web1_nic",
            "azurerm_network_security_group.team3_nsg_http",
            "azurerm_public_ip.team3_loadip",
            "azurerm_resource_group.team3_rg",
            "azurerm_shared_image.team3_image",
            "azurerm_shared_image_gallery.team3_imgallery",
            "azurerm_shared_image_version.team3_version",
            "azurerm_subnet.team3_web1",
            "azurerm_virtual_network.team3_vnet1"
          ]
        }
      ]
    },
    {
      "mode": "managed",
      "type": "azurerm_managed_disk",
      "name": "team3_disk",
      "provider": "provider[\"registry.terraform.io/hashicorp/azurerm\"]",
      "instances": [
        {
          "schema_version": 1,
          "attributes": {
            "create_option": "Copy",
            "disk_access_id": "",
            "disk_encryption_set_id": "",
            "disk_iops_read_only": 0,
            "disk_iops_read_write": 500,
            "disk_mbps_read_only": 0,
            "disk_mbps_read_write": 100,
            "disk_size_gb": 10,
            "edge_zone": "",
            "encryption_settings": [],
            "gallery_image_reference_id": "",
            "hyper_v_generation": "V2",
            "id": "/subscriptions/99b79efe-ebd6-468c-b39f-5669acb259e1/resourceGroups/04-3team-bookey/providers/Microsoft.Compute/disks/team3-disk",
            "image_reference_id": "",
            "location": "koreacentral",
            "logical_sector_size": null,
            "max_shares": 0,
            "name": "team3-disk",
            "network_access_policy": "AllowAll",
            "on_demand_bursting_enabled": false,
            "optimized_frequent_attach_enabled": false,
            "os_type": "Linux",
            "performance_plus_enabled": false,
            "public_network_access_enabled": true,
            "resource_group_name": "04-3team-bookey",
            "secure_vm_disk_encryption_set_id": "",
            "security_type": "",
            "source_resource_id": "/subscriptions/99b79efe-ebd6-468c-b39f-5669acb259e1/resourceGroups/04-3team-bookey/providers/Microsoft.Compute/disks/team3-web1-vm_disk1_7952b03452b447f49c96b4e99f21ae80",
            "source_uri": "",
            "storage_account_id": "",
            "storage_account_type": "StandardSSD_LRS",
            "tags": null,
            "tier": "",
            "timeouts": null,
            "trusted_launch_enabled": false,
            "upload_size_bytes": 0,
            "zone": ""
          },
          "sensitive_attributes": [],
          "identity_schema_version": 0,
          "identity": {
            "name": "team3-disk",
            "resource_group_name": "04-3team-bookey",
            "subscription_id": "99b79efe-ebd6-468c-b39f-5669acb259e1"
          },
          "private": "eyJlMmJmYjczMC1lY2FhLTExZTYtOGY4OC0zNDM2M2JjN2M0YzAiOnsiY3JlYXRlIjoxODAwMDAwMDAwMDAwLCJkZWxldGUiOjE4MDAwMDAwMDAwMDAsInJlYWQiOjMwMDAwMDAwMDAwMCwidXBkYXRlIjoxODAwMDAwMDAwMDAwfSwic2NoZW1hX3ZlcnNpb24iOiIxIn0=",
          "dependencies": [
            "azurerm_linux_virtual_machine.team3_web1_vm",
            "azurerm_network_interface.team3_web1_nic",
            "azurerm_resource_group.team3_rg",
            "azurerm_subnet.team3_web1",
            "azurerm_virtual_network.team3_vnet1"
          ]
        }
      ]
    },
    {
      "mode": "managed",
      "type": "azurerm_monitor_autoscale_setting",
      "name": "team3_auto",
      "provider": "provider[\"registry.terraform.io/hashicorp/azurerm\"]",
      "instances": [
        {
          "schema_version": 2,
          "attributes": {
            "enabled": true,
            "id": "/subscriptions/99b79efe-ebd6-468c-b39f-5669acb259e1/resourceGroups/04-3team-bookey/providers/Microsoft.Insights/autoScaleSettings/team3-auto",
            "location": "koreacentral",
            "name": "team3-auto",
            "notification": [],
            "predictive": [],
            "profile": [
              {
                "capacity": [
                  {
                    "default": 2,
                    "maximum": 6,
                    "minimum": 1
                  }
                ],
                "fixed_date": [],
                "name": "team3-profile",
                "recurrence": [],
                "rule": [
                  {
                    "metric_trigger": [
                      {
                        "dimensions": [],
                        "divide_by_instance_count": false,
                        "metric_name": "Percentage CPU",
                        "metric_namespace": "",
                        "metric_resource_id": "/subscriptions/99b79efe-ebd6-468c-b39f-5669acb259e1/resourceGroups/04-3team-bookey/providers/Microsoft.Compute/virtualMachineScaleSets/team3-vmss",
                        "operator": "GreaterThanOrEqual",
                        "statistic": "Average",
                        "threshold": 10,
                        "time_aggregation": "Average",
                        "time_grain": "PT1M",
                        "time_window": "PT5M"
                      }
                    ],
                    "scale_action": [
                      {
                        "cooldown": "PT1M",
                        "direction": "Increase",
                        "type": "ChangeCount",
                        "value": 1
                      }
                    ]
                  },
                  {
                    "metric_trigger": [
                      {
                        "dimensions": [],
                        "divide_by_instance_count": false,
                        "metric_name": "Percentage CPU",
                        "metric_namespace": "",
                        "metric_resource_id": "/subscriptions/99b79efe-ebd6-468c-b39f-5669acb259e1/resourceGroups/04-3team-bookey/providers/Microsoft.Compute/virtualMachineScaleSets/team3-vmss",
                        "operator": "LessThanOrEqual",
                        "statistic": "Average",
                        "threshold": 20,
                        "time_aggregation": "Average",
                        "time_grain": "PT1M",
                        "time_window": "PT5M"
                      }
                    ],
                    "scale_action": [
                      {
                        "cooldown": "PT5M",
                        "direction": "Decrease",
                        "type": "ChangeCount",
                        "value": 1
                      }
                    ]
                  }
                ]
              }
            ],
            "resource_group_name": "04-3team-bookey",
            "tags": null,
            "target_resource_id": "/subscriptions/99b79efe-ebd6-468c-b39f-5669acb259e1/resourceGroups/04-3team-bookey/providers/Microsoft.Compute/virtualMachineScaleSets/team3-vmss",
            "timeouts": null
          },
          "sensitive_attributes": [],
          "identity_schema_version": 0,
          "private": "eyJlMmJmYjczMC1lY2FhLTExZTYtOGY4OC0zNDM2M2JjN2M0YzAiOnsiY3JlYXRlIjoxODAwMDAwMDAwMDAwLCJkZWxldGUiOjE4MDAwMDAwMDAwMDAsInJlYWQiOjMwMDAwMDAwMDAwMCwidXBkYXRlIjoxODAwMDAwMDAwMDAwfSwic2NoZW1hX3ZlcnNpb24iOiIyIn0=",
          "dependencies": [
            "azurerm_image.team3_image",
            "azurerm_lb.team3_lb",
            "azurerm_lb_backend_address_pool.team3_back",
            "azurerm_linux_virtual_machine.team3_web1_vm",
            "azurerm_linux_virtual_machine_scale_set.team3_vmss",
            "azurerm_managed_disk.team3_disk",
            "azurerm_network_interface.team3_web1_nic",
            "azurerm_network_security_group.team3_nsg_http",
            "azurerm_public_ip.team3_loadip",
            "azurerm_resource_group.team3_rg",
            "azurerm_shared_image.team3_image",
            "azurerm_shared_image_gallery.team3_imgallery",
            "azurerm_shared_image_version.team3_version",
            "azurerm_subnet.team3_web1",
            "azurerm_virtual_network.team3_vnet1"
          ]
        }
      ]
    },
    {
      "mode": "managed",
      "type": "azurerm_nat_gateway",
      "name": "team3_nat",
      "provider": "provider[\"registry.terraform.io/hashicorp/azurerm\"]",
      "instances": [
        {
          "schema_version": 0,
          "attributes": {
            "id": "/subscriptions/99b79efe-ebd6-468c-b39f-5669acb259e1/resourceGroups/04-3team-bookey/providers/Microsoft.Network/natGateways/team3-nat",
            "idle_timeout_in_minutes": 4,
            "location": "koreacentral",
            "name": "team3-nat",
            "resource_group_name": "04-3team-bookey",
            "resource_guid": "ed36b0ef-766d-4290-ab88-84024656f451",
            "sku_name": "Standard",
            "tags": null,
            "timeouts": null,
            "zones": null
          },
          "sensitive_attributes": [],
          "identity_schema_version": 0,
          "identity": {
            "name": "team3-nat",
            "resource_group_name": "04-3team-bookey",
            "subscription_id": "99b79efe-ebd6-468c-b39f-5669acb259e1"
          },
          "private": "eyJlMmJmYjczMC1lY2FhLTExZTYtOGY4OC0zNDM2M2JjN2M0YzAiOnsiY3JlYXRlIjozNjAwMDAwMDAwMDAwLCJkZWxldGUiOjM2MDAwMDAwMDAwMDAsInJlYWQiOjMwMDAwMDAwMDAwMCwidXBkYXRlIjozNjAwMDAwMDAwMDAwfX0=",
          "dependencies": [
            "azurerm_resource_group.team3_rg"
          ]
        }
      ]
    },
    {
      "mode": "managed",
      "type": "azurerm_nat_gateway_public_ip_association",
      "name": "team3_nat_pubip",
      "provider": "provider[\"registry.terraform.io/hashicorp/azurerm\"]",
      "instances": [
        {
          "schema_version": 0,
          "attributes": {
            "id": "/subscriptions/99b79efe-ebd6-468c-b39f-5669acb259e1/resourceGroups/04-3team-bookey/providers/Microsoft.Network/natGateways/team3-nat|/subscriptions/99b79efe-ebd6-468c-b39f-5669acb259e1/resourceGroups/04-3team-bookey/providers/Microsoft.Network/publicIPAddresses/team3-natip",
            "nat_gateway_id": "/subscriptions/99b79efe-ebd6-468c-b39f-5669acb259e1/resourceGroups/04-3team-bookey/providers/Microsoft.Network/natGateways/team3-nat",
            "public_ip_address_id": "/subscriptions/99b79efe-ebd6-468c-b39f-5669acb259e1/resourceGroups/04-3team-bookey/providers/Microsoft.Network/publicIPAddresses/team3-natip",
            "timeouts": null
          },
          "sensitive_attributes": [],
          "identity_schema_version": 0,
          "private": "eyJlMmJmYjczMC1lY2FhLTExZTYtOGY4OC0zNDM2M2JjN2M0YzAiOnsiY3JlYXRlIjoxODAwMDAwMDAwMDAwLCJkZWxldGUiOjE4MDAwMDAwMDAwMDAsInJlYWQiOjMwMDAwMDAwMDAwMH19",
          "dependencies": [
            "azurerm_nat_gateway.team3_nat",
            "azurerm_public_ip.team3_natip",
            "azurerm_resource_group.team3_rg"
          ]
        }
      ]
    },
    {
      "mode": "managed",
      "type": "azurerm_network_interface",
      "name": "team3_bas_nic",
      "provider": "provider[\"registry.terraform.io/hashicorp/azurerm\"]",
      "instances": [
        {
          "schema_version": 0,
          "attributes": {
            "accelerated_networking_enabled": false,
            "applied_dns_servers": [],
            "auxiliary_mode": "",
            "auxiliary_sku": "",
            "dns_servers": null,
            "edge_zone": "",
            "id": "/subscriptions/99b79efe-ebd6-468c-b39f-5669acb259e1/resourceGroups/04-3team-bookey/providers/Microsoft.Network/networkInterfaces/team3-bas-nic",
            "internal_dns_name_label": "",
            "internal_domain_name_suffix": "ymlcipnvyapeljjzxo55rz02zf.syx.internal.cloudapp.net",
            "ip_configuration": [
              {
                "gateway_load_balancer_frontend_ip_configuration_id": "",
                "name": "team3-bas-nic-ipconf",
                "primary": true,
                "private_ip_address": "20.0.0.4",
                "private_ip_address_allocation": "Static",
                "private_ip_address_version": "IPv4",
                "public_ip_address_id": "/subscriptions/99b79efe-ebd6-468c-b39f-5669acb259e1/resourceGroups/04-3team-bookey/providers/Microsoft.Network/publicIPAddresses/team3-pubip",
                "subnet_id": "/subscriptions/99b79efe-ebd6-468c-b39f-5669acb259e1/resourceGroups/04-3team-bookey/providers/Microsoft.Network/virtualNetworks/team3-vnet2/subnets/team3-bas"
              }
            ],
            "ip_forwarding_enabled": false,
            "location": "koreacentral",
            "mac_address": "",
            "name": "team3-bas-nic",
            "private_ip_address": "20.0.0.4",
            "private_ip_addresses": [
              "20.0.0.4"
            ],
            "resource_group_name": "04-3team-bookey",
            "tags": null,
            "timeouts": null,
            "virtual_machine_id": ""
          },
          "sensitive_attributes": [],
          "identity_schema_version": 0,
          "identity": {
            "name": "team3-bas-nic",
            "resource_group_name": "04-3team-bookey",
            "subscription_id": "99b79efe-ebd6-468c-b39f-5669acb259e1"
          },
          "private": "eyJlMmJmYjczMC1lY2FhLTExZTYtOGY4OC0zNDM2M2JjN2M0YzAiOnsiY3JlYXRlIjoxODAwMDAwMDAwMDAwLCJkZWxldGUiOjE4MDAwMDAwMDAwMDAsInJlYWQiOjMwMDAwMDAwMDAwMCwidXBkYXRlIjoxODAwMDAwMDAwMDAwfX0=",
          "dependencies": [
            "azurerm_public_ip.team3_basip",
            "azurerm_resource_group.team3_rg",
            "azurerm_subnet.team3_bas",
            "azurerm_virtual_network.team3_vnet2"
          ]
        }
      ]
    },
    {
      "mode": "managed",
      "type": "azurerm_network_interface",
      "name": "team3_db_nic",
      "provider": "provider[\"registry.terraform.io/hashicorp/azurerm\"]",
      "instances": [
        {
          "schema_version": 0,
          "attributes": {
            "accelerated_networking_enabled": false,
            "applied_dns_servers": [],
            "auxiliary_mode": "",
            "auxiliary_sku": "",
            "dns_servers": null,
            "edge_zone": "",
            "id": "/subscriptions/99b79efe-ebd6-468c-b39f-5669acb259e1/resourceGroups/04-3team-bookey/providers/Microsoft.Network/networkInterfaces/team3-db-nic",
            "internal_dns_name_label": "",
            "internal_domain_name_suffix": "fzm05xz52psutcluj0wzxhzdnc.syx.internal.cloudapp.net",
            "ip_configuration": [
              {
                "gateway_load_balancer_frontend_ip_configuration_id": "",
                "name": "team3-db-nic-ipconf",
                "primary": true,
                "private_ip_address": "10.0.4.4",
                "private_ip_address_allocation": "Static",
                "private_ip_address_version": "IPv4",
                "public_ip_address_id": "",
                "subnet_id": "/subscriptions/99b79efe-ebd6-468c-b39f-5669acb259e1/resourceGroups/04-3team-bookey/providers/Microsoft.Network/virtualNetworks/team3-vnet1/subnets/team3-db"
              }
            ],
            "ip_forwarding_enabled": false,
            "location": "koreacentral",
            "mac_address": "",
            "name": "team3-db-nic",
            "private_ip_address": "10.0.4.4",
            "private_ip_addresses": [
              "10.0.4.4"
            ],
            "resource_group_name": "04-3team-bookey",
            "tags": null,
            "timeouts": null,
            "virtual_machine_id": ""
          },
          "sensitive_attributes": [],
          "identity_schema_version": 0,
          "identity": {
            "name": "team3-db-nic",
            "resource_group_name": "04-3team-bookey",
            "subscription_id": "99b79efe-ebd6-468c-b39f-5669acb259e1"
          },
          "private": "eyJlMmJmYjczMC1lY2FhLTExZTYtOGY4OC0zNDM2M2JjN2M0YzAiOnsiY3JlYXRlIjoxODAwMDAwMDAwMDAwLCJkZWxldGUiOjE4MDAwMDAwMDAwMDAsInJlYWQiOjMwMDAwMDAwMDAwMCwidXBkYXRlIjoxODAwMDAwMDAwMDAwfX0=",
          "dependencies": [
            "azurerm_resource_group.team3_rg",
            "azurerm_subnet.team3_db",
            "azurerm_virtual_network.team3_vnet1"
          ]
        }
      ]
    },
    {
      "mode": "managed",
      "type": "azurerm_network_interface",
      "name": "team3_ftp_nic",
      "provider": "provider[\"registry.terraform.io/hashicorp/azurerm\"]",
      "instances": [
        {
          "schema_version": 0,
          "attributes": {
            "accelerated_networking_enabled": false,
            "applied_dns_servers": [],
            "auxiliary_mode": "",
            "auxiliary_sku": "",
            "dns_servers": null,
            "edge_zone": "",
            "id": "/subscriptions/99b79efe-ebd6-468c-b39f-5669acb259e1/resourceGroups/04-3team-bookey/providers/Microsoft.Network/networkInterfaces/team3-ftp-nic",
            "internal_dns_name_label": "",
            "internal_domain_name_suffix": "fzm05xz52psutcluj0wzxhzdnc.syx.internal.cloudapp.net",
            "ip_configuration": [
              {
                "gateway_load_balancer_frontend_ip_configuration_id": "",
                "name": "team3-ftp-nic-ipconf",
                "primary": true,
                "private_ip_address": "10.0.6.4",
                "private_ip_address_allocation": "Static",
                "private_ip_address_version": "IPv4",
                "public_ip_address_id": "",
                "subnet_id": "/subscriptions/99b79efe-ebd6-468c-b39f-5669acb259e1/resourceGroups/04-3team-bookey/providers/Microsoft.Network/virtualNetworks/team3-vnet1/subnets/team3-ftp"
              }
            ],
            "ip_forwarding_enabled": false,
            "location": "koreacentral",
            "mac_address": "",
            "name": "team3-ftp-nic",
            "private_ip_address": "10.0.6.4",
            "private_ip_addresses": [
              "10.0.6.4"
            ],
            "resource_group_name": "04-3team-bookey",
            "tags": null,
            "timeouts": null,
            "virtual_machine_id": ""
          },
          "sensitive_attributes": [],
          "identity_schema_version": 0,
          "identity": {
            "name": "team3-ftp-nic",
            "resource_group_name": "04-3team-bookey",
            "subscription_id": "99b79efe-ebd6-468c-b39f-5669acb259e1"
          },
          "private": "eyJlMmJmYjczMC1lY2FhLTExZTYtOGY4OC0zNDM2M2JjN2M0YzAiOnsiY3JlYXRlIjoxODAwMDAwMDAwMDAwLCJkZWxldGUiOjE4MDAwMDAwMDAwMDAsInJlYWQiOjMwMDAwMDAwMDAwMCwidXBkYXRlIjoxODAwMDAwMDAwMDAwfX0=",
          "dependencies": [
            "azurerm_resource_group.team3_rg",
            "azurerm_subnet.team3_ftp",
            "azurerm_virtual_network.team3_vnet1"
          ]
        }
      ]
    },
    {
      "mode": "managed",
      "type": "azurerm_network_interface",
      "name": "team3_web1_nic",
      "provider": "provider[\"registry.terraform.io/hashicorp/azurerm\"]",
      "instances": [
        {
          "schema_version": 0,
          "attributes": {
            "accelerated_networking_enabled": false,
            "applied_dns_servers": [],
            "auxiliary_mode": "",
            "auxiliary_sku": "",
            "dns_servers": null,
            "edge_zone": "",
            "id": "/subscriptions/99b79efe-ebd6-468c-b39f-5669acb259e1/resourceGroups/04-3team-bookey/providers/Microsoft.Network/networkInterfaces/team3-web1-nic",
            "internal_dns_name_label": "",
            "internal_domain_name_suffix": "fzm05xz52psutcluj0wzxhzdnc.syx.internal.cloudapp.net",
            "ip_configuration": [
              {
                "gateway_load_balancer_frontend_ip_configuration_id": "",
                "name": "team3-web1-nic-ipconf",
                "primary": true,
                "private_ip_address": "10.0.2.4",
                "private_ip_address_allocation": "Static",
                "private_ip_address_version": "IPv4",
                "public_ip_address_id": "",
                "subnet_id": "/subscriptions/99b79efe-ebd6-468c-b39f-5669acb259e1/resourceGroups/04-3team-bookey/providers/Microsoft.Network/virtualNetworks/team3-vnet1/subnets/team3-web1"
              }
            ],
            "ip_forwarding_enabled": false,
            "location": "koreacentral",
            "mac_address": "",
            "name": "team3-web1-nic",
            "private_ip_address": "10.0.2.4",
            "private_ip_addresses": [
              "10.0.2.4"
            ],
            "resource_group_name": "04-3team-bookey",
            "tags": null,
            "timeouts": null,
            "virtual_machine_id": ""
          },
          "sensitive_attributes": [],
          "identity_schema_version": 0,
          "identity": {
            "name": "team3-web1-nic",
            "resource_group_name": "04-3team-bookey",
            "subscription_id": "99b79efe-ebd6-468c-b39f-5669acb259e1"
          },
          "private": "eyJlMmJmYjczMC1lY2FhLTExZTYtOGY4OC0zNDM2M2JjN2M0YzAiOnsiY3JlYXRlIjoxODAwMDAwMDAwMDAwLCJkZWxldGUiOjE4MDAwMDAwMDAwMDAsInJlYWQiOjMwMDAwMDAwMDAwMCwidXBkYXRlIjoxODAwMDAwMDAwMDAwfX0=",
          "dependencies": [
            "azurerm_resource_group.team3_rg",
            "azurerm_subnet.team3_web1",
            "azurerm_virtual_network.team3_vnet1"
          ]
        }
      ]
    },
    {
      "mode": "managed",
      "type": "azurerm_network_interface",
      "name": "team3_web2_nic",
      "provider": "provider[\"registry.terraform.io/hashicorp/azurerm\"]",
      "instances": [
        {
          "schema_version": 0,
          "attributes": {
            "accelerated_networking_enabled": false,
            "applied_dns_servers": [],
            "auxiliary_mode": "",
            "auxiliary_sku": "",
            "dns_servers": null,
            "edge_zone": "",
            "id": "/subscriptions/99b79efe-ebd6-468c-b39f-5669acb259e1/resourceGroups/04-3team-bookey/providers/Microsoft.Network/networkInterfaces/team3-web2-nic",
            "internal_dns_name_label": "",
            "internal_domain_name_suffix": "fzm05xz52psutcluj0wzxhzdnc.syx.internal.cloudapp.net",
            "ip_configuration": [
              {
                "gateway_load_balancer_frontend_ip_configuration_id": "",
                "name": "team3-web2-nic-ipconf",
                "primary": true,
                "private_ip_address": "10.0.3.4",
                "private_ip_address_allocation": "Static",
                "private_ip_address_version": "IPv4",
                "public_ip_address_id": "",
                "subnet_id": "/subscriptions/99b79efe-ebd6-468c-b39f-5669acb259e1/resourceGroups/04-3team-bookey/providers/Microsoft.Network/virtualNetworks/team3-vnet1/subnets/team3-web2"
              }
            ],
            "ip_forwarding_enabled": false,
            "location": "koreacentral",
            "mac_address": "",
            "name": "team3-web2-nic",
            "private_ip_address": "10.0.3.4",
            "private_ip_addresses": [
              "10.0.3.4"
            ],
            "resource_group_name": "04-3team-bookey",
            "tags": null,
            "timeouts": null,
            "virtual_machine_id": ""
          },
          "sensitive_attributes": [],
          "identity_schema_version": 0,
          "identity": {
            "name": "team3-web2-nic",
            "resource_group_name": "04-3team-bookey",
            "subscription_id": "99b79efe-ebd6-468c-b39f-5669acb259e1"
          },
          "private": "eyJlMmJmYjczMC1lY2FhLTExZTYtOGY4OC0zNDM2M2JjN2M0YzAiOnsiY3JlYXRlIjoxODAwMDAwMDAwMDAwLCJkZWxldGUiOjE4MDAwMDAwMDAwMDAsInJlYWQiOjMwMDAwMDAwMDAwMCwidXBkYXRlIjoxODAwMDAwMDAwMDAwfX0=",
          "dependencies": [
            "azurerm_resource_group.team3_rg",
            "azurerm_subnet.team3_web2",
            "azurerm_virtual_network.team3_vnet1"
          ]
        }
      ]
    },
    {
      "mode": "managed",
      "type": "azurerm_network_interface_backend_address_pool_association",
      "name": "team3_lbback1",
      "provider": "provider[\"registry.terraform.io/hashicorp/azurerm\"]",
      "instances": [
        {
          "schema_version": 0,
          "attributes": {
            "backend_address_pool_id": "/subscriptions/99b79efe-ebd6-468c-b39f-5669acb259e1/resourceGroups/04-3team-bookey/providers/Microsoft.Network/loadBalancers/team3-lb/backendAddressPools/team3-back",
            "id": "/subscriptions/99b79efe-ebd6-468c-b39f-5669acb259e1/resourceGroups/04-3team-bookey/providers/Microsoft.Network/networkInterfaces/team3-web1-nic/ipConfigurations/team3-web1-nic-ipconf|/subscriptions/99b79efe-ebd6-468c-b39f-5669acb259e1/resourceGroups/04-3team-bookey/providers/Microsoft.Network/loadBalancers/team3-lb/backendAddressPools/team3-back",
            "ip_configuration_name": "team3-web1-nic-ipconf",
            "network_interface_id": "/subscriptions/99b79efe-ebd6-468c-b39f-5669acb259e1/resourceGroups/04-3team-bookey/providers/Microsoft.Network/networkInterfaces/team3-web1-nic",
            "timeouts": null
          },
          "sensitive_attributes": [],
          "identity_schema_version": 0,
          "private": "eyJlMmJmYjczMC1lY2FhLTExZTYtOGY4OC0zNDM2M2JjN2M0YzAiOnsiY3JlYXRlIjoxODAwMDAwMDAwMDAwLCJkZWxldGUiOjE4MDAwMDAwMDAwMDAsInJlYWQiOjMwMDAwMDAwMDAwMH19",
          "dependencies": [
            "azurerm_lb.team3_lb",
            "azurerm_lb_backend_address_pool.team3_back",
            "azurerm_network_interface.team3_web1_nic",
            "azurerm_public_ip.team3_loadip",
            "azurerm_resource_group.team3_rg",
            "azurerm_subnet.team3_web1",
            "azurerm_virtual_network.team3_vnet1"
          ]
        }
      ]
    },
    {
      "mode": "managed",
      "type": "azurerm_network_interface_backend_address_pool_association",
      "name": "team3_lbback2",
      "provider": "provider[\"registry.terraform.io/hashicorp/azurerm\"]",
      "instances": [
        {
          "schema_version": 0,
          "attributes": {
            "backend_address_pool_id": "/subscriptions/99b79efe-ebd6-468c-b39f-5669acb259e1/resourceGroups/04-3team-bookey/providers/Microsoft.Network/loadBalancers/team3-lb/backendAddressPools/team3-back",
            "id": "/subscriptions/99b79efe-ebd6-468c-b39f-5669acb259e1/resourceGroups/04-3team-bookey/providers/Microsoft.Network/networkInterfaces/team3-web2-nic/ipConfigurations/team3-web2-nic-ipconf|/subscriptions/99b79efe-ebd6-468c-b39f-5669acb259e1/resourceGroups/04-3team-bookey/providers/Microsoft.Network/loadBalancers/team3-lb/backendAddressPools/team3-back",
            "ip_configuration_name": "team3-web2-nic-ipconf",
            "network_interface_id": "/subscriptions/99b79efe-ebd6-468c-b39f-5669acb259e1/resourceGroups/04-3team-bookey/providers/Microsoft.Network/networkInterfaces/team3-web2-nic",
            "timeouts": null
          },
          "sensitive_attributes": [],
          "identity_schema_version": 0,
          "private": "eyJlMmJmYjczMC1lY2FhLTExZTYtOGY4OC0zNDM2M2JjN2M0YzAiOnsiY3JlYXRlIjoxODAwMDAwMDAwMDAwLCJkZWxldGUiOjE4MDAwMDAwMDAwMDAsInJlYWQiOjMwMDAwMDAwMDAwMH19",
          "dependencies": [
            "azurerm_lb.team3_lb",
            "azurerm_lb_backend_address_pool.team3_back",
            "azurerm_network_interface.team3_web2_nic",
            "azurerm_public_ip.team3_loadip",
            "azurerm_resource_group.team3_rg",
            "azurerm_subnet.team3_web2",
            "azurerm_virtual_network.team3_vnet1"
          ]
        }
      ]
    },
    {
      "mode": "managed",
      "type": "azurerm_network_interface_security_group_association",
      "name": "team3_bassg",
      "provider": "provider[\"registry.terraform.io/hashicorp/azurerm\"]",
      "instances": [
        {
          "schema_version": 0,
          "attributes": {
            "id": "/subscriptions/99b79efe-ebd6-468c-b39f-5669acb259e1/resourceGroups/04-3team-bookey/providers/Microsoft.Network/networkInterfaces/team3-bas-nic|/subscriptions/99b79efe-ebd6-468c-b39f-5669acb259e1/resourceGroups/04-3team-bookey/providers/Microsoft.Network/networkSecurityGroups/team3-nsg-ssh",
            "network_interface_id": "/subscriptions/99b79efe-ebd6-468c-b39f-5669acb259e1/resourceGroups/04-3team-bookey/providers/Microsoft.Network/networkInterfaces/team3-bas-nic",
            "network_security_group_id": "/subscriptions/99b79efe-ebd6-468c-b39f-5669acb259e1/resourceGroups/04-3team-bookey/providers/Microsoft.Network/networkSecurityGroups/team3-nsg-ssh",
            "timeouts": null
          },
          "sensitive_attributes": [],
          "identity_schema_version": 0,
          "private": "eyJlMmJmYjczMC1lY2FhLTExZTYtOGY4OC0zNDM2M2JjN2M0YzAiOnsiY3JlYXRlIjoxODAwMDAwMDAwMDAwLCJkZWxldGUiOjE4MDAwMDAwMDAwMDAsInJlYWQiOjMwMDAwMDAwMDAwMH19",
          "dependencies": [
            "azurerm_network_interface.team3_bas_nic",
            "azurerm_network_security_group.team3_nsg_ssh",
            "azurerm_public_ip.team3_basip",
            "azurerm_resource_group.team3_rg",
            "azurerm_subnet.team3_bas",
            "azurerm_virtual_network.team3_vnet2"
          ]
        }
      ]
    },
    {
      "mode": "managed",
      "type": "azurerm_network_interface_security_group_association",
      "name": "team3_dbsg",
      "provider": "provider[\"registry.terraform.io/hashicorp/azurerm\"]",
      "instances": [
        {
          "schema_version": 0,
          "attributes": {
            "id": "/subscriptions/99b79efe-ebd6-468c-b39f-5669acb259e1/resourceGroups/04-3team-bookey/providers/Microsoft.Network/networkInterfaces/team3-db-nic|/subscriptions/99b79efe-ebd6-468c-b39f-5669acb259e1/resourceGroups/04-3team-bookey/providers/Microsoft.Network/networkSecurityGroups/team3-nsg-db",
            "network_interface_id": "/subscriptions/99b79efe-ebd6-468c-b39f-5669acb259e1/resourceGroups/04-3team-bookey/providers/Microsoft.Network/networkInterfaces/team3-db-nic",
            "network_security_group_id": "/subscriptions/99b79efe-ebd6-468c-b39f-5669acb259e1/resourceGroups/04-3team-bookey/providers/Microsoft.Network/networkSecurityGroups/team3-nsg-db",
            "timeouts": null
          },
          "sensitive_attributes": [],
          "identity_schema_version": 0,
          "private": "eyJlMmJmYjczMC1lY2FhLTExZTYtOGY4OC0zNDM2M2JjN2M0YzAiOnsiY3JlYXRlIjoxODAwMDAwMDAwMDAwLCJkZWxldGUiOjE4MDAwMDAwMDAwMDAsInJlYWQiOjMwMDAwMDAwMDAwMH19",
          "dependencies": [
            "azurerm_network_interface.team3_db_nic",
            "azurerm_network_security_group.team3_nsg_db",
            "azurerm_resource_group.team3_rg",
            "azurerm_subnet.team3_db",
            "azurerm_virtual_network.team3_vnet1"
          ]
        }
      ]
    },
    {
      "mode": "managed",
      "type": "azurerm_network_interface_security_group_association",
      "name": "team3_ftp_nic_vpn_nsg_association",
      "provider": "provider[\"registry.terraform.io/hashicorp/azurerm\"]",
      "instances": [
        {
          "schema_version": 0,
          "attributes": {
            "id": "/subscriptions/99b79efe-ebd6-468c-b39f-5669acb259e1/resourceGroups/04-3team-bookey/providers/Microsoft.Network/networkInterfaces/team3-ftp-nic|/subscriptions/99b79efe-ebd6-468c-b39f-5669acb259e1/resourceGroups/04-3team-bookey/providers/Microsoft.Network/networkSecurityGroups/team3-vpn-ftp-nsg",
            "network_interface_id": "/subscriptions/99b79efe-ebd6-468c-b39f-5669acb259e1/resourceGroups/04-3team-bookey/providers/Microsoft.Network/networkInterfaces/team3-ftp-nic",
            "network_security_group_id": "/subscriptions/99b79efe-ebd6-468c-b39f-5669acb259e1/resourceGroups/04-3team-bookey/providers/Microsoft.Network/networkSecurityGroups/team3-vpn-ftp-nsg",
            "timeouts": null
          },
          "sensitive_attributes": [],
          "identity_schema_version": 0,
          "private": "eyJlMmJmYjczMC1lY2FhLTExZTYtOGY4OC0zNDM2M2JjN2M0YzAiOnsiY3JlYXRlIjoxODAwMDAwMDAwMDAwLCJkZWxldGUiOjE4MDAwMDAwMDAwMDAsInJlYWQiOjMwMDAwMDAwMDAwMH19",
          "dependencies": [
            "azurerm_network_interface.team3_ftp_nic",
            "azurerm_network_security_group.team3_vpn_ftp_nsg",
            "azurerm_resource_group.team3_rg",
            "azurerm_subnet.team3_ftp",
            "azurerm_virtual_network.team3_vnet1"
          ]
        }
      ]
    },
    {
      "mode": "managed",
      "type": "azurerm_network_interface_security_group_association",
      "name": "team3_web1sg",
      "provider": "provider[\"registry.terraform.io/hashicorp/azurerm\"]",
      "instances": [
        {
          "schema_version": 0,
          "attributes": {
            "id": "/subscriptions/99b79efe-ebd6-468c-b39f-5669acb259e1/resourceGroups/04-3team-bookey/providers/Microsoft.Network/networkInterfaces/team3-web1-nic|/subscriptions/99b79efe-ebd6-468c-b39f-5669acb259e1/resourceGroups/04-3team-bookey/providers/Microsoft.Network/networkSecurityGroups/team3-nsg-http",
            "network_interface_id": "/subscriptions/99b79efe-ebd6-468c-b39f-5669acb259e1/resourceGroups/04-3team-bookey/providers/Microsoft.Network/networkInterfaces/team3-web1-nic",
            "network_security_group_id": "/subscriptions/99b79efe-ebd6-468c-b39f-5669acb259e1/resourceGroups/04-3team-bookey/providers/Microsoft.Network/networkSecurityGroups/team3-nsg-http",
            "timeouts": null
          },
          "sensitive_attributes": [],
          "identity_schema_version": 0,
          "private": "eyJlMmJmYjczMC1lY2FhLTExZTYtOGY4OC0zNDM2M2JjN2M0YzAiOnsiY3JlYXRlIjoxODAwMDAwMDAwMDAwLCJkZWxldGUiOjE4MDAwMDAwMDAwMDAsInJlYWQiOjMwMDAwMDAwMDAwMH19",
          "dependencies": [
            "azurerm_network_interface.team3_web1_nic",
            "azurerm_network_security_group.team3_nsg_http",
            "azurerm_resource_group.team3_rg",
            "azurerm_subnet.team3_web1",
            "azurerm_virtual_network.team3_vnet1"
          ]
        }
      ]
    },
    {
      "mode": "managed",
      "type": "azurerm_network_interface_security_group_association",
      "name": "team3_web2sg",
      "provider": "provider[\"registry.terraform.io/hashicorp/azurerm\"]",
      "instances": [
        {
          "schema_version": 0,
          "attributes": {
            "id": "/subscriptions/99b79efe-ebd6-468c-b39f-5669acb259e1/resourceGroups/04-3team-bookey/providers/Microsoft.Network/networkInterfaces/team3-web2-nic|/subscriptions/99b79efe-ebd6-468c-b39f-5669acb259e1/resourceGroups/04-3team-bookey/providers/Microsoft.Network/networkSecurityGroups/team3-nsg-http",
            "network_interface_id": "/subscriptions/99b79efe-ebd6-468c-b39f-5669acb259e1/resourceGroups/04-3team-bookey/providers/Microsoft.Network/networkInterfaces/team3-web2-nic",
            "network_security_group_id": "/subscriptions/99b79efe-ebd6-468c-b39f-5669acb259e1/resourceGroups/04-3team-bookey/providers/Microsoft.Network/networkSecurityGroups/team3-nsg-http",
            "timeouts": null
          },
          "sensitive_attributes": [],
          "identity_schema_version": 0,
          "private": "eyJlMmJmYjczMC1lY2FhLTExZTYtOGY4OC0zNDM2M2JjN2M0YzAiOnsiY3JlYXRlIjoxODAwMDAwMDAwMDAwLCJkZWxldGUiOjE4MDAwMDAwMDAwMDAsInJlYWQiOjMwMDAwMDAwMDAwMH19",
          "dependencies": [
            "azurerm_network_interface.team3_web2_nic",
            "azurerm_network_security_group.team3_nsg_http",
            "azurerm_resource_group.team3_rg",
            "azurerm_subnet.team3_web2",
            "azurerm_virtual_network.team3_vnet1"
          ]
        }
      ]
    },
    {
      "mode": "managed",
      "type": "azurerm_network_security_group",
      "name": "team3_nsg_db",
      "provider": "provider[\"registry.terraform.io/hashicorp/azurerm\"]",
      "instances": [
        {
          "schema_version": 0,
          "attributes": {
            "id": "/subscriptions/99b79efe-ebd6-468c-b39f-5669acb259e1/resourceGroups/04-3team-bookey/providers/Microsoft.Network/networkSecurityGroups/team3-nsg-db",
            "location": "koreacentral",
            "name": "team3-nsg-db",
            "resource_group_name": "04-3team-bookey",
            "security_rule": [
              {
                "access": "Allow",
                "description": "",
                "destination_address_prefix": "10.0.0.0/16",
                "destination_address_prefixes": [],
                "destination_application_security_group_ids": [],
                "destination_port_range": "",
                "destination_port_ranges": [
                  "22",
                  "3306"
                ],
                "direction": "Inbound",
                "name": "ssh-db",
                "priority": 200,
                "protocol": "Tcp",
                "source_address_prefix": "*",
                "source_address_prefixes": [],
                "source_application_security_group_ids": [],
                "source_port_range": "*",
                "source_port_ranges": []
              }
            ],
            "tags": null,
            "timeouts": null
          },
          "sensitive_attributes": [],
          "identity_schema_version": 0,
          "identity": {
            "name": "team3-nsg-db",
            "resource_group_name": "04-3team-bookey",
            "subscription_id": "99b79efe-ebd6-468c-b39f-5669acb259e1"
          },
          "private": "eyJlMmJmYjczMC1lY2FhLTExZTYtOGY4OC0zNDM2M2JjN2M0YzAiOnsiY3JlYXRlIjoxODAwMDAwMDAwMDAwLCJkZWxldGUiOjE4MDAwMDAwMDAwMDAsInJlYWQiOjMwMDAwMDAwMDAwMCwidXBkYXRlIjoxODAwMDAwMDAwMDAwfX0=",
          "dependencies": [
            "azurerm_resource_group.team3_rg",
            "azurerm_virtual_network.team3_vnet1"
          ]
        }
      ]
    },
    {
      "mode": "managed",
      "type": "azurerm_network_security_group",
      "name": "team3_nsg_http",
      "provider": "provider[\"registry.terraform.io/hashicorp/azurerm\"]",
      "instances": [
        {
          "schema_version": 0,
          "attributes": {
            "id": "/subscriptions/99b79efe-ebd6-468c-b39f-5669acb259e1/resourceGroups/04-3team-bookey/providers/Microsoft.Network/networkSecurityGroups/team3-nsg-http",
            "location": "koreacentral",
            "name": "team3-nsg-http",
            "resource_group_name": "04-3team-bookey",
            "security_rule": [
              {
                "access": "Allow",
                "description": "",
                "destination_address_prefix": "10.0.0.0/16",
                "destination_address_prefixes": [],
                "destination_application_security_group_ids": [],
                "destination_port_range": "",
                "destination_port_ranges": [
                  "22",
                  "80"
                ],
                "direction": "Inbound",
                "name": "ssh-http",
                "priority": 200,
                "protocol": "Tcp",
                "source_address_prefix": "*",
                "source_address_prefixes": [],
                "source_application_security_group_ids": [],
                "source_port_range": "*",
                "source_port_ranges": []
              }
            ],
            "tags": null,
            "timeouts": null
          },
          "sensitive_attributes": [],
          "identity_schema_version": 0,
          "identity": {
            "name": "team3-nsg-http",
            "resource_group_name": "04-3team-bookey",
            "subscription_id": "99b79efe-ebd6-468c-b39f-5669acb259e1"
          },
          "private": "eyJlMmJmYjczMC1lY2FhLTExZTYtOGY4OC0zNDM2M2JjN2M0YzAiOnsiY3JlYXRlIjoxODAwMDAwMDAwMDAwLCJkZWxldGUiOjE4MDAwMDAwMDAwMDAsInJlYWQiOjMwMDAwMDAwMDAwMCwidXBkYXRlIjoxODAwMDAwMDAwMDAwfX0=",
          "dependencies": [
            "azurerm_resource_group.team3_rg",
            "azurerm_virtual_network.team3_vnet1"
          ]
        }
      ]
    },
    {
      "mode": "managed",
      "type": "azurerm_network_security_group",
      "name": "team3_nsg_ssh",
      "provider": "provider[\"registry.terraform.io/hashicorp/azurerm\"]",
      "instances": [
        {
          "schema_version": 0,
          "attributes": {
            "id": "/subscriptions/99b79efe-ebd6-468c-b39f-5669acb259e1/resourceGroups/04-3team-bookey/providers/Microsoft.Network/networkSecurityGroups/team3-nsg-ssh",
            "location": "koreacentral",
            "name": "team3-nsg-ssh",
            "resource_group_name": "04-3team-bookey",
            "security_rule": [
              {
                "access": "Allow",
                "description": "",
                "destination_address_prefix": "20.0.0.0/16",
                "destination_address_prefixes": [],
                "destination_application_security_group_ids": [],
                "destination_port_range": "22",
                "destination_port_ranges": [],
                "direction": "Inbound",
                "name": "ssh",
                "priority": 100,
                "protocol": "Tcp",
                "source_address_prefix": "",
                "source_address_prefixes": [
                  "10.0.0.0/16",
                  "61.108.60.26"
                ],
                "source_application_security_group_ids": [],
                "source_port_range": "*",
                "source_port_ranges": []
              }
            ],
            "tags": null,
            "timeouts": null
          },
          "sensitive_attributes": [],
          "identity_schema_version": 0,
          "identity": {
            "name": "team3-nsg-ssh",
            "resource_group_name": "04-3team-bookey",
            "subscription_id": "99b79efe-ebd6-468c-b39f-5669acb259e1"
          },
          "private": "eyJlMmJmYjczMC1lY2FhLTExZTYtOGY4OC0zNDM2M2JjN2M0YzAiOnsiY3JlYXRlIjoxODAwMDAwMDAwMDAwLCJkZWxldGUiOjE4MDAwMDAwMDAwMDAsInJlYWQiOjMwMDAwMDAwMDAwMCwidXBkYXRlIjoxODAwMDAwMDAwMDAwfX0=",
          "dependencies": [
            "azurerm_resource_group.team3_rg",
            "azurerm_virtual_network.team3_vnet2"
          ]
        }
      ]
    },
    {
      "mode": "managed",
      "type": "azurerm_network_security_group",
      "name": "team3_vpn_ftp_nsg",
      "provider": "provider[\"registry.terraform.io/hashicorp/azurerm\"]",
      "instances": [
        {
          "schema_version": 0,
          "attributes": {
            "id": "/subscriptions/99b79efe-ebd6-468c-b39f-5669acb259e1/resourceGroups/04-3team-bookey/providers/Microsoft.Network/networkSecurityGroups/team3-vpn-ftp-nsg",
            "location": "koreacentral",
            "name": "team3-vpn-ftp-nsg",
            "resource_group_name": "04-3team-bookey",
            "security_rule": [],
            "tags": null,
            "timeouts": null
          },
          "sensitive_attributes": [],
          "identity_schema_version": 0,
          "identity": {
            "name": "team3-vpn-ftp-nsg",
            "resource_group_name": "04-3team-bookey",
            "subscription_id": "99b79efe-ebd6-468c-b39f-5669acb259e1"
          },
          "private": "eyJlMmJmYjczMC1lY2FhLTExZTYtOGY4OC0zNDM2M2JjN2M0YzAiOnsiY3JlYXRlIjoxODAwMDAwMDAwMDAwLCJkZWxldGUiOjE4MDAwMDAwMDAwMDAsInJlYWQiOjMwMDAwMDAwMDAwMCwidXBkYXRlIjoxODAwMDAwMDAwMDAwfX0=",
          "dependencies": [
            "azurerm_resource_group.team3_rg"
          ]
        }
      ]
    },
    {
      "mode": "managed",
      "type": "azurerm_network_security_rule",
      "name": "vpn_rule_icmp",
      "provider": "provider[\"registry.terraform.io/hashicorp/azurerm\"]",
      "instances": [
        {
          "schema_version": 0,
          "attributes": {
            "access": "Allow",
            "description": "",
            "destination_address_prefix": "*",
            "destination_address_prefixes": null,
            "destination_application_security_group_ids": null,
            "destination_port_range": "*",
            "destination_port_ranges": null,
            "direction": "Inbound",
            "id": "/subscriptions/99b79efe-ebd6-468c-b39f-5669acb259e1/resourceGroups/04-3team-bookey/providers/Microsoft.Network/networkSecurityGroups/team3-vpn-ftp-nsg/securityRules/Allow-ICMP-from-VPN-Client",
            "name": "Allow-ICMP-from-VPN-Client",
            "network_security_group_name": "team3-vpn-ftp-nsg",
            "priority": 106,
            "protocol": "Icmp",
            "resource_group_name": "04-3team-bookey",
            "source_address_prefix": "172.16.201.0/24",
            "source_address_prefixes": null,
            "source_application_security_group_ids": null,
            "source_port_range": "*",
            "source_port_ranges": null,
            "timeouts": null
          },
          "sensitive_attributes": [],
          "identity_schema_version": 0,
          "identity": {
            "name": "Allow-ICMP-from-VPN-Client",
            "network_security_group_name": "team3-vpn-ftp-nsg",
            "resource_group_name": "04-3team-bookey",
            "subscription_id": "99b79efe-ebd6-468c-b39f-5669acb259e1"
          },
          "private": "eyJlMmJmYjczMC1lY2FhLTExZTYtOGY4OC0zNDM2M2JjN2M0YzAiOnsiY3JlYXRlIjoxODAwMDAwMDAwMDAwLCJkZWxldGUiOjE4MDAwMDAwMDAwMDAsInJlYWQiOjMwMDAwMDAwMDAwMCwidXBkYXRlIjoxODAwMDAwMDAwMDAwfX0=",
          "dependencies": [
            "azurerm_network_security_group.team3_vpn_ftp_nsg",
            "azurerm_public_ip.team3_vpn_ip",
            "azurerm_resource_group.team3_rg",
            "azurerm_subnet.team3_gateway_subnet",
            "azurerm_virtual_network.team3_vnet1",
            "azurerm_virtual_network_gateway.team3_vpn_gw"
          ]
        }
      ]
    },
    {
      "mode": "managed",
      "type": "azurerm_network_security_rule",
      "name": "vpn_rule_ssh",
      "provider": "provider[\"registry.terraform.io/hashicorp/azurerm\"]",
      "instances": [
        {
          "schema_version": 0,
          "attributes": {
            "access": "Allow",
            "description": "",
            "destination_address_prefix": "*",
            "destination_address_prefixes": null,
            "destination_application_security_group_ids": null,
            "destination_port_range": "22",
            "destination_port_ranges": null,
            "direction": "Inbound",
            "id": "/subscriptions/99b79efe-ebd6-468c-b39f-5669acb259e1/resourceGroups/04-3team-bookey/providers/Microsoft.Network/networkSecurityGroups/team3-vpn-ftp-nsg/securityRules/Allow-SSH-from-VPN-Client",
            "name": "Allow-SSH-from-VPN-Client",
            "network_security_group_name": "team3-vpn-ftp-nsg",
            "priority": 105,
            "protocol": "Tcp",
            "resource_group_name": "04-3team-bookey",
            "source_address_prefix": "172.16.201.0/24",
            "source_address_prefixes": null,
            "source_application_security_group_ids": null,
            "source_port_range": "*",
            "source_port_ranges": null,
            "timeouts": null
          },
          "sensitive_attributes": [],
          "identity_schema_version": 0,
          "identity": {
            "name": "Allow-SSH-from-VPN-Client",
            "network_security_group_name": "team3-vpn-ftp-nsg",
            "resource_group_name": "04-3team-bookey",
            "subscription_id": "99b79efe-ebd6-468c-b39f-5669acb259e1"
          },
          "private": "eyJlMmJmYjczMC1lY2FhLTExZTYtOGY4OC0zNDM2M2JjN2M0YzAiOnsiY3JlYXRlIjoxODAwMDAwMDAwMDAwLCJkZWxldGUiOjE4MDAwMDAwMDAwMDAsInJlYWQiOjMwMDAwMDAwMDAwMCwidXBkYXRlIjoxODAwMDAwMDAwMDAwfX0=",
          "dependencies": [
            "azurerm_network_security_group.team3_vpn_ftp_nsg",
            "azurerm_public_ip.team3_vpn_ip",
            "azurerm_resource_group.team3_rg",
            "azurerm_subnet.team3_gateway_subnet",
            "azurerm_virtual_network.team3_vnet1",
            "azurerm_virtual_network_gateway.team3_vpn_gw"
          ]
        }
      ]
    },
    {
      "mode": "managed",
      "type": "azurerm_public_ip",
      "name": "team3_basip",
      "provider": "provider[\"registry.terraform.io/hashicorp/azurerm\"]",
      "instances": [
        {
          "schema_version": 0,
          "attributes": {
            "allocation_method": "Static",
            "ddos_protection_mode": "VirtualNetworkInherited",
            "ddos_protection_plan_id": null,
            "domain_name_label": null,
            "domain_name_label_scope": null,
            "edge_zone": "",
            "fqdn": null,
            "id": "/subscriptions/99b79efe-ebd6-468c-b39f-5669acb259e1/resourceGroups/04-3team-bookey/providers/Microsoft.Network/publicIPAddresses/team3-pubip",
            "idle_timeout_in_minutes": 4,
            "ip_address": "4.217.186.183",
            "ip_tags": null,
            "ip_version": "IPv4",
            "location": "koreacentral",
            "name": "team3-pubip",
            "public_ip_prefix_id": null,
            "resource_group_name": "04-3team-bookey",
            "reverse_fqdn": null,
            "sku": "Standard",
            "sku_tier": "Regional",
            "tags": null,
            "timeouts": null,
            "zones": null
          },
          "sensitive_attributes": [],
          "identity_schema_version": 0,
          "private": "eyJlMmJmYjczMC1lY2FhLTExZTYtOGY4OC0zNDM2M2JjN2M0YzAiOnsiY3JlYXRlIjoxODAwMDAwMDAwMDAwLCJkZWxldGUiOjE4MDAwMDAwMDAwMDAsInJlYWQiOjMwMDAwMDAwMDAwMCwidXBkYXRlIjoxODAwMDAwMDAwMDAwfX0=",
          "dependencies": [
            "azurerm_resource_group.team3_rg"
          ]
        }
      ]
    },
    {
      "mode": "managed",
      "type": "azurerm_public_ip",
      "name": "team3_load_ip",
      "provider": "provider[\"registry.terraform.io/hashicorp/azurerm\"]",
      "instances": [
        {
          "schema_version": 0,
          "attributes": {
            "allocation_method": "Static",
            "ddos_protection_mode": "VirtualNetworkInherited",
            "ddos_protection_plan_id": null,
            "domain_name_label": null,
            "domain_name_label_scope": null,
            "edge_zone": "",
            "fqdn": null,
            "id": "/subscriptions/99b79efe-ebd6-468c-b39f-5669acb259e1/resourceGroups/04-3team-bookey/providers/Microsoft.Network/publicIPAddresses/team3-lb-public-ip",
            "idle_timeout_in_minutes": 4,
            "ip_address": "20.196.109.93",
            "ip_tags": null,
            "ip_version": "IPv4",
            "location": "koreacentral",
            "name": "team3-lb-public-ip",
            "public_ip_prefix_id": null,
            "resource_group_name": "04-3team-bookey",
            "reverse_fqdn": null,
            "sku": "Standard",
            "sku_tier": "Regional",
            "tags": null,
            "timeouts": null,
            "zones": null
          },
          "sensitive_attributes": [],
          "identity_schema_version": 0,
          "private": "eyJlMmJmYjczMC1lY2FhLTExZTYtOGY4OC0zNDM2M2JjN2M0YzAiOnsiY3JlYXRlIjoxODAwMDAwMDAwMDAwLCJkZWxldGUiOjE4MDAwMDAwMDAwMDAsInJlYWQiOjMwMDAwMDAwMDAwMCwidXBkYXRlIjoxODAwMDAwMDAwMDAwfX0=",
          "dependencies": [
            "azurerm_resource_group.team3_rg"
          ]
        }
      ]
    },
    {
      "mode": "managed",
      "type": "azurerm_public_ip",
      "name": "team3_loadip",
      "provider": "provider[\"registry.terraform.io/hashicorp/azurerm\"]",
      "instances": [
        {
          "schema_version": 0,
          "attributes": {
            "allocation_method": "Static",
            "ddos_protection_mode": "VirtualNetworkInherited",
            "ddos_protection_plan_id": null,
            "domain_name_label": null,
            "domain_name_label_scope": null,
            "edge_zone": "",
            "fqdn": null,
            "id": "/subscriptions/99b79efe-ebd6-468c-b39f-5669acb259e1/resourceGroups/04-3team-bookey/providers/Microsoft.Network/publicIPAddresses/team3-loadip",
            "idle_timeout_in_minutes": 4,
            "ip_address": "20.196.109.4",
            "ip_tags": null,
            "ip_version": "IPv4",
            "location": "koreacentral",
            "name": "team3-loadip",
            "public_ip_prefix_id": null,
            "resource_group_name": "04-3team-bookey",
            "reverse_fqdn": null,
            "sku": "Standard",
            "sku_tier": "Regional",
            "tags": null,
            "timeouts": null,
            "zones": null
          },
          "sensitive_attributes": [],
          "identity_schema_version": 0,
          "private": "eyJlMmJmYjczMC1lY2FhLTExZTYtOGY4OC0zNDM2M2JjN2M0YzAiOnsiY3JlYXRlIjoxODAwMDAwMDAwMDAwLCJkZWxldGUiOjE4MDAwMDAwMDAwMDAsInJlYWQiOjMwMDAwMDAwMDAwMCwidXBkYXRlIjoxODAwMDAwMDAwMDAwfX0=",
          "dependencies": [
            "azurerm_resource_group.team3_rg"
          ]
        }
      ]
    },
    {
      "mode": "managed",
      "type": "azurerm_public_ip",
      "name": "team3_natip",
      "provider": "provider[\"registry.terraform.io/hashicorp/azurerm\"]",
      "instances": [
        {
          "schema_version": 0,
          "attributes": {
            "allocation_method": "Static",
            "ddos_protection_mode": "VirtualNetworkInherited",
            "ddos_protection_plan_id": null,
            "domain_name_label": null,
            "domain_name_label_scope": null,
            "edge_zone": "",
            "fqdn": null,
            "id": "/subscriptions/99b79efe-ebd6-468c-b39f-5669acb259e1/resourceGroups/04-3team-bookey/providers/Microsoft.Network/publicIPAddresses/team3-natip",
            "idle_timeout_in_minutes": 4,
            "ip_address": "20.196.109.64",
            "ip_tags": null,
            "ip_version": "IPv4",
            "location": "koreacentral",
            "name": "team3-natip",
            "public_ip_prefix_id": null,
            "resource_group_name": "04-3team-bookey",
            "reverse_fqdn": null,
            "sku": "Standard",
            "sku_tier": "Regional",
            "tags": null,
            "timeouts": null,
            "zones": null
          },
          "sensitive_attributes": [],
          "identity_schema_version": 0,
          "private": "eyJlMmJmYjczMC1lY2FhLTExZTYtOGY4OC0zNDM2M2JjN2M0YzAiOnsiY3JlYXRlIjoxODAwMDAwMDAwMDAwLCJkZWxldGUiOjE4MDAwMDAwMDAwMDAsInJlYWQiOjMwMDAwMDAwMDAwMCwidXBkYXRlIjoxODAwMDAwMDAwMDAwfX0=",
          "dependencies": [
            "azurerm_resource_group.team3_rg"
          ]
        }
      ]
    },
    {
      "mode": "managed",
      "type": "azurerm_public_ip",
      "name": "team3_vpn_ip",
      "provider": "provider[\"registry.terraform.io/hashicorp/azurerm\"]",
      "instances": [
        {
          "schema_version": 0,
          "attributes": {
            "allocation_method": "Static",
            "ddos_protection_mode": "VirtualNetworkInherited",
            "ddos_protection_plan_id": null,
            "domain_name_label": null,
            "domain_name_label_scope": null,
            "edge_zone": "",
            "fqdn": null,
            "id": "/subscriptions/99b79efe-ebd6-468c-b39f-5669acb259e1/resourceGroups/04-3team-bookey/providers/Microsoft.Network/publicIPAddresses/team3-vpn-public-ip",
            "idle_timeout_in_minutes": 4,
            "ip_address": "4.217.195.234",
            "ip_tags": null,
            "ip_version": "IPv4",
            "location": "koreacentral",
            "name": "team3-vpn-public-ip",
            "public_ip_prefix_id": null,
            "resource_group_name": "04-3team-bookey",
            "reverse_fqdn": null,
            "sku": "Standard",
            "sku_tier": "Regional",
            "tags": null,
            "timeouts": null,
            "zones": null
          },
          "sensitive_attributes": [],
          "identity_schema_version": 0,
          "private": "eyJlMmJmYjczMC1lY2FhLTExZTYtOGY4OC0zNDM2M2JjN2M0YzAiOnsiY3JlYXRlIjoxODAwMDAwMDAwMDAwLCJkZWxldGUiOjE4MDAwMDAwMDAwMDAsInJlYWQiOjMwMDAwMDAwMDAwMCwidXBkYXRlIjoxODAwMDAwMDAwMDAwfX0=",
          "dependencies": [
            "azurerm_resource_group.team3_rg"
          ]
        }
      ]
    },
    {
      "mode": "managed",
      "type": "azurerm_resource_group",
      "name": "team3_rg",
      "provider": "provider[\"registry.terraform.io/hashicorp/azurerm\"]",
      "instances": [
        {
          "schema_version": 0,
          "attributes": {
            "id": "/subscriptions/99b79efe-ebd6-468c-b39f-5669acb259e1/resourceGroups/04-3team-bookey",
            "location": "koreacentral",
            "managed_by": "",
            "name": "04-3team-bookey",
            "tags": null,
            "timeouts": null
          },
          "sensitive_attributes": [],
          "identity_schema_version": 0,
          "private": "eyJlMmJmYjczMC1lY2FhLTExZTYtOGY4OC0zNDM2M2JjN2M0YzAiOnsiY3JlYXRlIjo1NDAwMDAwMDAwMDAwLCJkZWxldGUiOjU0MDAwMDAwMDAwMDAsInJlYWQiOjMwMDAwMDAwMDAwMCwidXBkYXRlIjo1NDAwMDAwMDAwMDAwfX0="
        }
      ]
    },
    {
      "mode": "managed",
      "type": "azurerm_shared_image",
      "name": "team3_image",
      "provider": "provider[\"registry.terraform.io/hashicorp/azurerm\"]",
      "instances": [
        {
          "schema_version": 0,
          "attributes": {
            "accelerated_network_support_enabled": false,
            "architecture": "x64",
            "confidential_vm_enabled": false,
            "confidential_vm_supported": false,
            "description": "",
            "disk_controller_type_nvme_enabled": false,
            "disk_types_not_allowed": null,
            "end_of_life_date": null,
            "eula": "",
            "gallery_name": "team3imgallery",
            "hibernation_enabled": false,
            "hyper_v_generation": "V2",
            "id": "/subscriptions/99b79efe-ebd6-468c-b39f-5669acb259e1/resourceGroups/04-3team-bookey/providers/Microsoft.Compute/galleries/team3imgallery/images/team3image",
            "identifier": [
              {
                "offer": "rockylinux-x86_64",
                "publisher": "resf",
                "sku": "9-lvm"
              }
            ],
            "location": "koreacentral",
            "max_recommended_memory_in_gb": 4,
            "max_recommended_vcpu_count": 1,
            "min_recommended_memory_in_gb": 2,
            "min_recommended_vcpu_count": 1,
            "name": "team3image",
            "os_type": "Linux",
            "privacy_statement_uri": "",
            "purchase_plan": [],
            "release_note_uri": "",
            "resource_group_name": "04-3team-bookey",
            "specialized": false,
            "tags": null,
            "timeouts": null,
            "trusted_launch_enabled": false,
            "trusted_launch_supported": false
          },
          "sensitive_attributes": [],
          "identity_schema_version": 0,
          "identity": {
            "gallery_name": "team3imgallery",
            "name": "team3image",
            "resource_group_name": "04-3team-bookey",
            "subscription_id": "99b79efe-ebd6-468c-b39f-5669acb259e1"
          },
          "private": "eyJlMmJmYjczMC1lY2FhLTExZTYtOGY4OC0zNDM2M2JjN2M0YzAiOnsiY3JlYXRlIjoxODAwMDAwMDAwMDAwLCJkZWxldGUiOjE4MDAwMDAwMDAwMDAsInJlYWQiOjMwMDAwMDAwMDAwMCwidXBkYXRlIjoxODAwMDAwMDAwMDAwfX0=",
          "dependencies": [
            "azurerm_resource_group.team3_rg",
            "azurerm_shared_image_gallery.team3_imgallery"
          ]
        }
      ]
    },
    {
      "mode": "managed",
      "type": "azurerm_shared_image_gallery",
      "name": "team3_imgallery",
      "provider": "provider[\"registry.terraform.io/hashicorp/azurerm\"]",
      "instances": [
        {
          "schema_version": 0,
          "attributes": {
            "description": "",
            "id": "/subscriptions/99b79efe-ebd6-468c-b39f-5669acb259e1/resourceGroups/04-3team-bookey/providers/Microsoft.Compute/galleries/team3imgallery",
            "location": "koreacentral",
            "name": "team3imgallery",
            "resource_group_name": "04-3team-bookey",
            "sharing": [],
            "tags": null,
            "timeouts": null,
            "unique_name": "99b79efe-ebd6-468c-b39f-5669acb259e1-TEAM3IMGALLERY"
          },
          "sensitive_attributes": [],
          "identity_schema_version": 0,
          "identity": {
            "name": "team3imgallery",
            "resource_group_name": "04-3team-bookey",
            "subscription_id": "99b79efe-ebd6-468c-b39f-5669acb259e1"
          },
          "private": "eyJlMmJmYjczMC1lY2FhLTExZTYtOGY4OC0zNDM2M2JjN2M0YzAiOnsiY3JlYXRlIjoxODAwMDAwMDAwMDAwLCJkZWxldGUiOjE4MDAwMDAwMDAwMDAsInJlYWQiOjMwMDAwMDAwMDAwMCwidXBkYXRlIjoxODAwMDAwMDAwMDAwfX0=",
          "dependencies": [
            "azurerm_resource_group.team3_rg"
          ]
        }
      ]
    },
    {
      "mode": "managed",
      "type": "azurerm_shared_image_version",
      "name": "team3_version",
      "provider": "provider[\"registry.terraform.io/hashicorp/azurerm\"]",
      "instances": [
        {
          "schema_version": 0,
          "attributes": {
            "blob_uri": "",
            "deletion_of_replicated_locations_enabled": false,
            "end_of_life_date": null,
            "exclude_from_latest": false,
            "gallery_name": "team3imgallery",
            "id": "/subscriptions/99b79efe-ebd6-468c-b39f-5669acb259e1/resourceGroups/04-3team-bookey/providers/Microsoft.Compute/galleries/team3imgallery/images/team3image/versions/1.0.0",
            "image_name": "team3image",
            "location": "koreacentral",
            "managed_image_id": "/subscriptions/99b79efe-ebd6-468c-b39f-5669acb259e1/resourceGroups/04-3team-bookey/providers/Microsoft.Compute/images/team3-image",
            "name": "1.0.0",
            "os_disk_snapshot_id": "",
            "replication_mode": "Full",
            "resource_group_name": "04-3team-bookey",
            "storage_account_id": "",
            "tags": null,
            "target_region": [
              {
                "disk_encryption_set_id": "",
                "exclude_from_latest_enabled": false,
                "name": "koreacentral",
                "regional_replica_count": 1,
                "storage_account_type": "Standard_LRS"
              }
            ],
            "timeouts": null
          },
          "sensitive_attributes": [],
          "identity_schema_version": 0,
          "private": "eyJlMmJmYjczMC1lY2FhLTExZTYtOGY4OC0zNDM2M2JjN2M0YzAiOnsiY3JlYXRlIjoxODAwMDAwMDAwMDAwLCJkZWxldGUiOjE4MDAwMDAwMDAwMDAsInJlYWQiOjMwMDAwMDAwMDAwMCwidXBkYXRlIjoxODAwMDAwMDAwMDAwfX0=",
          "dependencies": [
            "azurerm_image.team3_image",
            "azurerm_linux_virtual_machine.team3_web1_vm",
            "azurerm_managed_disk.team3_disk",
            "azurerm_network_interface.team3_web1_nic",
            "azurerm_resource_group.team3_rg",
            "azurerm_shared_image.team3_image",
            "azurerm_shared_image_gallery.team3_imgallery",
            "azurerm_subnet.team3_web1",
            "azurerm_virtual_network.team3_vnet1"
          ]
        }
      ]
    },
    {
      "mode": "managed",
      "type": "azurerm_subnet",
      "name": "team3_bas",
      "provider": "provider[\"registry.terraform.io/hashicorp/azurerm\"]",
      "instances": [
        {
          "schema_version": 0,
          "attributes": {
            "address_prefixes": [
              "20.0.0.0/24"
            ],
            "default_outbound_access_enabled": true,
            "delegation": [],
            "id": "/subscriptions/99b79efe-ebd6-468c-b39f-5669acb259e1/resourceGroups/04-3team-bookey/providers/Microsoft.Network/virtualNetworks/team3-vnet2/subnets/team3-bas",
            "ip_address_pool": [],
            "name": "team3-bas",
            "private_endpoint_network_policies": "Disabled",
            "private_link_service_network_policies_enabled": true,
            "resource_group_name": "04-3team-bookey",
            "service_endpoint_policy_ids": null,
            "service_endpoints": null,
            "sharing_scope": "",
            "timeouts": null,
            "virtual_network_name": "team3-vnet2"
          },
          "sensitive_attributes": [],
          "identity_schema_version": 0,
          "identity": {
            "name": "team3-bas",
            "resource_group_name": "04-3team-bookey",
            "subscription_id": "99b79efe-ebd6-468c-b39f-5669acb259e1",
            "virtual_network_name": "team3-vnet2"
          },
          "private": "eyJlMmJmYjczMC1lY2FhLTExZTYtOGY4OC0zNDM2M2JjN2M0YzAiOnsiY3JlYXRlIjoxODAwMDAwMDAwMDAwLCJkZWxldGUiOjE4MDAwMDAwMDAwMDAsInJlYWQiOjMwMDAwMDAwMDAwMCwidXBkYXRlIjoxODAwMDAwMDAwMDAwfX0=",
          "dependencies": [
            "azurerm_resource_group.team3_rg",
            "azurerm_virtual_network.team3_vnet2"
          ]
        }
      ]
    },
    {
      "mode": "managed",
      "type": "azurerm_subnet",
      "name": "team3_db",
      "provider": "provider[\"registry.terraform.io/hashicorp/azurerm\"]",
      "instances": [
        {
          "schema_version": 0,
          "attributes": {
            "address_prefixes": [
              "10.0.4.0/24"
            ],
            "default_outbound_access_enabled": false,
            "delegation": [],
            "id": "/subscriptions/99b79efe-ebd6-468c-b39f-5669acb259e1/resourceGroups/04-3team-bookey/providers/Microsoft.Network/virtualNetworks/team3-vnet1/subnets/team3-db",
            "ip_address_pool": [],
            "name": "team3-db",
            "private_endpoint_network_policies": "Disabled",
            "private_link_service_network_policies_enabled": true,
            "resource_group_name": "04-3team-bookey",
            "service_endpoint_policy_ids": null,
            "service_endpoints": null,
            "sharing_scope": "",
            "timeouts": null,
            "virtual_network_name": "team3-vnet1"
          },
          "sensitive_attributes": [],
          "identity_schema_version": 0,
          "identity": {
            "name": "team3-db",
            "resource_group_name": "04-3team-bookey",
            "subscription_id": "99b79efe-ebd6-468c-b39f-5669acb259e1",
            "virtual_network_name": "team3-vnet1"
          },
          "private": "eyJlMmJmYjczMC1lY2FhLTExZTYtOGY4OC0zNDM2M2JjN2M0YzAiOnsiY3JlYXRlIjoxODAwMDAwMDAwMDAwLCJkZWxldGUiOjE4MDAwMDAwMDAwMDAsInJlYWQiOjMwMDAwMDAwMDAwMCwidXBkYXRlIjoxODAwMDAwMDAwMDAwfX0=",
          "dependencies": [
            "azurerm_resource_group.team3_rg",
            "azurerm_virtual_network.team3_vnet1"
          ]
        }
      ]
    },
    {
      "mode": "managed",
      "type": "azurerm_subnet",
      "name": "team3_ftp",
      "provider": "provider[\"registry.terraform.io/hashicorp/azurerm\"]",
      "instances": [
        {
          "schema_version": 0,
          "attributes": {
            "address_prefixes": [
              "10.0.6.0/24"
            ],
            "default_outbound_access_enabled": false,
            "delegation": [],
            "id": "/subscriptions/99b79efe-ebd6-468c-b39f-5669acb259e1/resourceGroups/04-3team-bookey/providers/Microsoft.Network/virtualNetworks/team3-vnet1/subnets/team3-ftp",
            "ip_address_pool": [],
            "name": "team3-ftp",
            "private_endpoint_network_policies": "Disabled",
            "private_link_service_network_policies_enabled": true,
            "resource_group_name": "04-3team-bookey",
            "service_endpoint_policy_ids": null,
            "service_endpoints": null,
            "sharing_scope": "",
            "timeouts": null,
            "virtual_network_name": "team3-vnet1"
          },
          "sensitive_attributes": [],
          "identity_schema_version": 0,
          "identity": {
            "name": "team3-ftp",
            "resource_group_name": "04-3team-bookey",
            "subscription_id": "99b79efe-ebd6-468c-b39f-5669acb259e1",
            "virtual_network_name": "team3-vnet1"
          },
          "private": "eyJlMmJmYjczMC1lY2FhLTExZTYtOGY4OC0zNDM2M2JjN2M0YzAiOnsiY3JlYXRlIjoxODAwMDAwMDAwMDAwLCJkZWxldGUiOjE4MDAwMDAwMDAwMDAsInJlYWQiOjMwMDAwMDAwMDAwMCwidXBkYXRlIjoxODAwMDAwMDAwMDAwfX0=",
          "dependencies": [
            "azurerm_resource_group.team3_rg",
            "azurerm_virtual_network.team3_vnet1"
          ]
        }
      ]
    },
    {
      "mode": "managed",
      "type": "azurerm_subnet",
      "name": "team3_gateway_subnet",
      "provider": "provider[\"registry.terraform.io/hashicorp/azurerm\"]",
      "instances": [
        {
          "schema_version": 0,
          "attributes": {
            "address_prefixes": [
              "10.0.5.0/24"
            ],
            "default_outbound_access_enabled": true,
            "delegation": [],
            "id": "/subscriptions/99b79efe-ebd6-468c-b39f-5669acb259e1/resourceGroups/04-3team-bookey/providers/Microsoft.Network/virtualNetworks/team3-vnet1/subnets/GatewaySubnet",
            "ip_address_pool": [],
            "name": "GatewaySubnet",
            "private_endpoint_network_policies": "Disabled",
            "private_link_service_network_policies_enabled": true,
            "resource_group_name": "04-3team-bookey",
            "service_endpoint_policy_ids": null,
            "service_endpoints": null,
            "sharing_scope": "",
            "timeouts": null,
            "virtual_network_name": "team3-vnet1"
          },
          "sensitive_attributes": [],
          "identity_schema_version": 0,
          "identity": {
            "name": "GatewaySubnet",
            "resource_group_name": "04-3team-bookey",
            "subscription_id": "99b79efe-ebd6-468c-b39f-5669acb259e1",
            "virtual_network_name": "team3-vnet1"
          },
          "private": "eyJlMmJmYjczMC1lY2FhLTExZTYtOGY4OC0zNDM2M2JjN2M0YzAiOnsiY3JlYXRlIjoxODAwMDAwMDAwMDAwLCJkZWxldGUiOjE4MDAwMDAwMDAwMDAsInJlYWQiOjMwMDAwMDAwMDAwMCwidXBkYXRlIjoxODAwMDAwMDAwMDAwfX0=",
          "dependencies": [
            "azurerm_resource_group.team3_rg",
            "azurerm_virtual_network.team3_vnet1"
          ]
        }
      ]
    },
    {
      "mode": "managed",
      "type": "azurerm_subnet",
      "name": "team3_nat",
      "provider": "provider[\"registry.terraform.io/hashicorp/azurerm\"]",
      "instances": [
        {
          "schema_version": 0,
          "attributes": {
            "address_prefixes": [
              "10.0.1.0/24"
            ],
            "default_outbound_access_enabled": true,
            "delegation": [],
            "id": "/subscriptions/99b79efe-ebd6-468c-b39f-5669acb259e1/resourceGroups/04-3team-bookey/providers/Microsoft.Network/virtualNetworks/team3-vnet1/subnets/team3-nat",
            "ip_address_pool": [],
            "name": "team3-nat",
            "private_endpoint_network_policies": "Disabled",
            "private_link_service_network_policies_enabled": true,
            "resource_group_name": "04-3team-bookey",
            "service_endpoint_policy_ids": null,
            "service_endpoints": null,
            "sharing_scope": "",
            "timeouts": null,
            "virtual_network_name": "team3-vnet1"
          },
          "sensitive_attributes": [],
          "identity_schema_version": 0,
          "identity": {
            "name": "team3-nat",
            "resource_group_name": "04-3team-bookey",
            "subscription_id": "99b79efe-ebd6-468c-b39f-5669acb259e1",
            "virtual_network_name": "team3-vnet1"
          },
          "private": "eyJlMmJmYjczMC1lY2FhLTExZTYtOGY4OC0zNDM2M2JjN2M0YzAiOnsiY3JlYXRlIjoxODAwMDAwMDAwMDAwLCJkZWxldGUiOjE4MDAwMDAwMDAwMDAsInJlYWQiOjMwMDAwMDAwMDAwMCwidXBkYXRlIjoxODAwMDAwMDAwMDAwfX0=",
          "dependencies": [
            "azurerm_resource_group.team3_rg",
            "azurerm_virtual_network.team3_vnet1"
          ]
        }
      ]
    },
    {
      "mode": "managed",
      "type": "azurerm_subnet",
      "name": "team3_web1",
      "provider": "provider[\"registry.terraform.io/hashicorp/azurerm\"]",
      "instances": [
        {
          "schema_version": 0,
          "attributes": {
            "address_prefixes": [
              "10.0.2.0/24"
            ],
            "default_outbound_access_enabled": false,
            "delegation": [],
            "id": "/subscriptions/99b79efe-ebd6-468c-b39f-5669acb259e1/resourceGroups/04-3team-bookey/providers/Microsoft.Network/virtualNetworks/team3-vnet1/subnets/team3-web1",
            "ip_address_pool": [],
            "name": "team3-web1",
            "private_endpoint_network_policies": "Disabled",
            "private_link_service_network_policies_enabled": true,
            "resource_group_name": "04-3team-bookey",
            "service_endpoint_policy_ids": null,
            "service_endpoints": null,
            "sharing_scope": "",
            "timeouts": null,
            "virtual_network_name": "team3-vnet1"
          },
          "sensitive_attributes": [],
          "identity_schema_version": 0,
          "identity": {
            "name": "team3-web1",
            "resource_group_name": "04-3team-bookey",
            "subscription_id": "99b79efe-ebd6-468c-b39f-5669acb259e1",
            "virtual_network_name": "team3-vnet1"
          },
          "private": "eyJlMmJmYjczMC1lY2FhLTExZTYtOGY4OC0zNDM2M2JjN2M0YzAiOnsiY3JlYXRlIjoxODAwMDAwMDAwMDAwLCJkZWxldGUiOjE4MDAwMDAwMDAwMDAsInJlYWQiOjMwMDAwMDAwMDAwMCwidXBkYXRlIjoxODAwMDAwMDAwMDAwfX0=",
          "dependencies": [
            "azurerm_resource_group.team3_rg",
            "azurerm_virtual_network.team3_vnet1"
          ]
        }
      ]
    },
    {
      "mode": "managed",
      "type": "azurerm_subnet",
      "name": "team3_web2",
      "provider": "provider[\"registry.terraform.io/hashicorp/azurerm\"]",
      "instances": [
        {
          "schema_version": 0,
          "attributes": {
            "address_prefixes": [
              "10.0.3.0/24"
            ],
            "default_outbound_access_enabled": false,
            "delegation": [],
            "id": "/subscriptions/99b79efe-ebd6-468c-b39f-5669acb259e1/resourceGroups/04-3team-bookey/providers/Microsoft.Network/virtualNetworks/team3-vnet1/subnets/team3-web2",
            "ip_address_pool": [],
            "name": "team3-web2",
            "private_endpoint_network_policies": "Disabled",
            "private_link_service_network_policies_enabled": true,
            "resource_group_name": "04-3team-bookey",
            "service_endpoint_policy_ids": null,
            "service_endpoints": null,
            "sharing_scope": "",
            "timeouts": null,
            "virtual_network_name": "team3-vnet1"
          },
          "sensitive_attributes": [],
          "identity_schema_version": 0,
          "identity": {
            "name": "team3-web2",
            "resource_group_name": "04-3team-bookey",
            "subscription_id": "99b79efe-ebd6-468c-b39f-5669acb259e1",
            "virtual_network_name": "team3-vnet1"
          },
          "private": "eyJlMmJmYjczMC1lY2FhLTExZTYtOGY4OC0zNDM2M2JjN2M0YzAiOnsiY3JlYXRlIjoxODAwMDAwMDAwMDAwLCJkZWxldGUiOjE4MDAwMDAwMDAwMDAsInJlYWQiOjMwMDAwMDAwMDAwMCwidXBkYXRlIjoxODAwMDAwMDAwMDAwfX0=",
          "dependencies": [
            "azurerm_resource_group.team3_rg",
            "azurerm_virtual_network.team3_vnet1"
          ]
        }
      ]
    },
    {
      "mode": "managed",
      "type": "azurerm_subnet_nat_gateway_association",
      "name": "team3_natdb",
      "provider": "provider[\"registry.terraform.io/hashicorp/azurerm\"]",
      "instances": [
        {
          "schema_version": 0,
          "attributes": {
            "id": "/subscriptions/99b79efe-ebd6-468c-b39f-5669acb259e1/resourceGroups/04-3team-bookey/providers/Microsoft.Network/virtualNetworks/team3-vnet1/subnets/team3-db",
            "nat_gateway_id": "/subscriptions/99b79efe-ebd6-468c-b39f-5669acb259e1/resourceGroups/04-3team-bookey/providers/Microsoft.Network/natGateways/team3-nat",
            "subnet_id": "/subscriptions/99b79efe-ebd6-468c-b39f-5669acb259e1/resourceGroups/04-3team-bookey/providers/Microsoft.Network/virtualNetworks/team3-vnet1/subnets/team3-db",
            "timeouts": null
          },
          "sensitive_attributes": [],
          "identity_schema_version": 0,
          "private": "eyJlMmJmYjczMC1lY2FhLTExZTYtOGY4OC0zNDM2M2JjN2M0YzAiOnsiY3JlYXRlIjoxODAwMDAwMDAwMDAwLCJkZWxldGUiOjE4MDAwMDAwMDAwMDAsInJlYWQiOjMwMDAwMDAwMDAwMH19",
          "dependencies": [
            "azurerm_nat_gateway.team3_nat",
            "azurerm_resource_group.team3_rg",
            "azurerm_subnet.team3_db",
            "azurerm_virtual_network.team3_vnet1"
          ]
        }
      ]
    },
    {
      "mode": "managed",
      "type": "azurerm_subnet_nat_gateway_association",
      "name": "team3_natweb1",
      "provider": "provider[\"registry.terraform.io/hashicorp/azurerm\"]",
      "instances": [
        {
          "schema_version": 0,
          "attributes": {
            "id": "/subscriptions/99b79efe-ebd6-468c-b39f-5669acb259e1/resourceGroups/04-3team-bookey/providers/Microsoft.Network/virtualNetworks/team3-vnet1/subnets/team3-web1",
            "nat_gateway_id": "/subscriptions/99b79efe-ebd6-468c-b39f-5669acb259e1/resourceGroups/04-3team-bookey/providers/Microsoft.Network/natGateways/team3-nat",
            "subnet_id": "/subscriptions/99b79efe-ebd6-468c-b39f-5669acb259e1/resourceGroups/04-3team-bookey/providers/Microsoft.Network/virtualNetworks/team3-vnet1/subnets/team3-web1",
            "timeouts": null
          },
          "sensitive_attributes": [],
          "identity_schema_version": 0,
          "private": "eyJlMmJmYjczMC1lY2FhLTExZTYtOGY4OC0zNDM2M2JjN2M0YzAiOnsiY3JlYXRlIjoxODAwMDAwMDAwMDAwLCJkZWxldGUiOjE4MDAwMDAwMDAwMDAsInJlYWQiOjMwMDAwMDAwMDAwMH19",
          "dependencies": [
            "azurerm_nat_gateway.team3_nat",
            "azurerm_resource_group.team3_rg",
            "azurerm_subnet.team3_web1",
            "azurerm_virtual_network.team3_vnet1"
          ]
        }
      ]
    },
    {
      "mode": "managed",
      "type": "azurerm_subnet_nat_gateway_association",
      "name": "team3_natweb2",
      "provider": "provider[\"registry.terraform.io/hashicorp/azurerm\"]",
      "instances": [
        {
          "schema_version": 0,
          "attributes": {
            "id": "/subscriptions/99b79efe-ebd6-468c-b39f-5669acb259e1/resourceGroups/04-3team-bookey/providers/Microsoft.Network/virtualNetworks/team3-vnet1/subnets/team3-web2",
            "nat_gateway_id": "/subscriptions/99b79efe-ebd6-468c-b39f-5669acb259e1/resourceGroups/04-3team-bookey/providers/Microsoft.Network/natGateways/team3-nat",
            "subnet_id": "/subscriptions/99b79efe-ebd6-468c-b39f-5669acb259e1/resourceGroups/04-3team-bookey/providers/Microsoft.Network/virtualNetworks/team3-vnet1/subnets/team3-web2",
            "timeouts": null
          },
          "sensitive_attributes": [],
          "identity_schema_version": 0,
          "private": "eyJlMmJmYjczMC1lY2FhLTExZTYtOGY4OC0zNDM2M2JjN2M0YzAiOnsiY3JlYXRlIjoxODAwMDAwMDAwMDAwLCJkZWxldGUiOjE4MDAwMDAwMDAwMDAsInJlYWQiOjMwMDAwMDAwMDAwMH19",
          "dependencies": [
            "azurerm_nat_gateway.team3_nat",
            "azurerm_resource_group.team3_rg",
            "azurerm_subnet.team3_web2",
            "azurerm_virtual_network.team3_vnet1"
          ]
        }
      ]
    },
    {
      "mode": "managed",
      "type": "azurerm_virtual_network",
      "name": "team3_vnet1",
      "provider": "provider[\"registry.terraform.io/hashicorp/azurerm\"]",
      "instances": [
        {
          "schema_version": 0,
          "attributes": {
            "address_space": [
              "10.0.0.0/16"
            ],
            "bgp_community": "",
            "ddos_protection_plan": [],
            "dns_servers": [],
            "edge_zone": "",
            "encryption": [],
            "flow_timeout_in_minutes": 0,
            "guid": "dfaf592e-e33f-49e5-8974-4ead9b9f236a",
            "id": "/subscriptions/99b79efe-ebd6-468c-b39f-5669acb259e1/resourceGroups/04-3team-bookey/providers/Microsoft.Network/virtualNetworks/team3-vnet1",
            "ip_address_pool": [],
            "location": "koreacentral",
            "name": "team3-vnet1",
            "private_endpoint_vnet_policies": "Disabled",
            "resource_group_name": "04-3team-bookey",
            "subnet": [],
            "tags": null,
            "timeouts": null
          },
          "sensitive_attributes": [],
          "identity_schema_version": 0,
          "identity": {
            "name": "team3-vnet1",
            "resource_group_name": "04-3team-bookey",
            "subscription_id": "99b79efe-ebd6-468c-b39f-5669acb259e1"
          },
          "private": "eyJlMmJmYjczMC1lY2FhLTExZTYtOGY4OC0zNDM2M2JjN2M0YzAiOnsiY3JlYXRlIjoxODAwMDAwMDAwMDAwLCJkZWxldGUiOjE4MDAwMDAwMDAwMDAsInJlYWQiOjMwMDAwMDAwMDAwMCwidXBkYXRlIjoxODAwMDAwMDAwMDAwfX0=",
          "dependencies": [
            "azurerm_resource_group.team3_rg"
          ]
        }
      ]
    },
    {
      "mode": "managed",
      "type": "azurerm_virtual_network",
      "name": "team3_vnet2",
      "provider": "provider[\"registry.terraform.io/hashicorp/azurerm\"]",
      "instances": [
        {
          "schema_version": 0,
          "attributes": {
            "address_space": [
              "20.0.0.0/16"
            ],
            "bgp_community": "",
            "ddos_protection_plan": [],
            "dns_servers": [],
            "edge_zone": "",
            "encryption": [],
            "flow_timeout_in_minutes": 0,
            "guid": "3d2416c3-c0b5-451e-a539-bbbff8e75ccd",
            "id": "/subscriptions/99b79efe-ebd6-468c-b39f-5669acb259e1/resourceGroups/04-3team-bookey/providers/Microsoft.Network/virtualNetworks/team3-vnet2",
            "ip_address_pool": [],
            "location": "koreacentral",
            "name": "team3-vnet2",
            "private_endpoint_vnet_policies": "Disabled",
            "resource_group_name": "04-3team-bookey",
            "subnet": [],
            "tags": null,
            "timeouts": null
          },
          "sensitive_attributes": [],
          "identity_schema_version": 0,
          "identity": {
            "name": "team3-vnet2",
            "resource_group_name": "04-3team-bookey",
            "subscription_id": "99b79efe-ebd6-468c-b39f-5669acb259e1"
          },
          "private": "eyJlMmJmYjczMC1lY2FhLTExZTYtOGY4OC0zNDM2M2JjN2M0YzAiOnsiY3JlYXRlIjoxODAwMDAwMDAwMDAwLCJkZWxldGUiOjE4MDAwMDAwMDAwMDAsInJlYWQiOjMwMDAwMDAwMDAwMCwidXBkYXRlIjoxODAwMDAwMDAwMDAwfX0=",
          "dependencies": [
            "azurerm_resource_group.team3_rg"
          ]
        }
      ]
    },
    {
      "mode": "managed",
      "type": "azurerm_virtual_network_gateway",
      "name": "team3_vpn_gw",
      "provider": "provider[\"registry.terraform.io/hashicorp/azurerm\"]",
      "instances": [
        {
          "schema_version": 0,
          "attributes": {
            "active_active": false,
            "bgp_route_translation_for_nat_enabled": false,
            "bgp_settings": [
              {
                "asn": 65515,
                "peer_weight": 0,
                "peering_addresses": [
                  {
                    "apipa_addresses": [],
                    "default_addresses": [
                      "10.0.5.254"
                    ],
                    "ip_configuration_name": "vnetGatewayConfig",
                    "tunnel_ip_addresses": [
                      "4.217.195.234"
                    ]
                  }
                ]
              }
            ],
            "custom_route": [],
            "default_local_network_gateway_id": null,
            "dns_forwarding_enabled": false,
            "edge_zone": "",
            "enable_bgp": false,
            "generation": "Generation1",
            "id": "/subscriptions/99b79efe-ebd6-468c-b39f-5669acb259e1/resourceGroups/04-3team-bookey/providers/Microsoft.Network/virtualNetworkGateways/team3-vpn-gateway",
            "ip_configuration": [
              {
                "name": "vnetGatewayConfig",
                "private_ip_address_allocation": "Dynamic",
                "public_ip_address_id": "/subscriptions/99b79efe-ebd6-468c-b39f-5669acb259e1/resourceGroups/04-3team-bookey/providers/Microsoft.Network/publicIPAddresses/team3-vpn-public-ip",
                "subnet_id": "/subscriptions/99b79efe-ebd6-468c-b39f-5669acb259e1/resourceGroups/04-3team-bookey/providers/Microsoft.Network/virtualNetworks/team3-vnet1/subnets/GatewaySubnet"
              }
            ],
            "ip_sec_replay_protection_enabled": true,
            "location": "koreacentral",
            "name": "team3-vpn-gateway",
            "policy_group": [],
            "private_ip_address_enabled": false,
            "remote_vnet_traffic_enabled": false,
            "resource_group_name": "04-3team-bookey",
            "sku": "VpnGw1",
            "tags": null,
            "timeouts": null,
            "type": "Vpn",
            "virtual_wan_traffic_enabled": false,
            "vpn_client_configuration": [
              {
                "aad_audience": "",
                "aad_issuer": "",
                "aad_tenant": "",
                "address_space": [
                  "172.16.201.0/24"
                ],
                "ipsec_policy": [],
                "radius_server": [],
                "radius_server_address": "",
                "radius_server_secret": "",
                "revoked_certificate": [],
                "root_certificate": [
                  {
                    "name": "team3-root-cert",
                    "public_cert_data": "MIIDpTCCAo0CFDXrS5v8WFJo1ZPD1cqqW00AHKbVMA0GCSqGSIb3DQEBCwUAMIGO\r\nMQswCQYDVQQGEwJLUjEOMAwGA1UECAwFU2VvdWwxDjAMBgNVBAcMBVNlb3VsMQ4w\r\nDAYDVQQKDAV0ZWFtMzETMBEGA1UECwwKdGVhbTMtY2VydDEaMBgGA1UEAwwRdGVh\r\nbTMtUm9vdENlcnQtVjIxHjAcBgkqhkiG9w0BCQEWD2FkbWluQHRlYW0zLmNvbTAe\r\nFw0yNTExMjIwODEyMDNaFw0zNTExMjAwODEyMDNaMIGOMQswCQYDVQQGEwJLUjEO\r\nMAwGA1UECAwFU2VvdWwxDjAMBgNVBAcMBVNlb3VsMQ4wDAYDVQQKDAV0ZWFtMzET\r\nMBEGA1UECwwKdGVhbTMtY2VydDEaMBgGA1UEAwwRdGVhbTMtUm9vdENlcnQtVjIx\r\nHjAcBgkqhkiG9w0BCQEWD2FkbWluQHRlYW0zLmNvbTCCASIwDQYJKoZIhvcNAQEB\r\nBQADggEPADCCAQoCggEBANr4x2PJ5pACRgKMnV8Wk+fxT783LixR08dprGnpjito\r\nzPvp5kArg67X0+0dN0PQL2H5soZLsgOdwgPazdI3UcfxlhHeRwh8KGrezXOJuOfl\r\n3218OWwG0o9AuI6UKd3TOS7UfXTssLH2l7RxgczNP4AR3k6BCMGEKkU+zKdkVNtd\r\nNw6GSaDWBNAnkIV2uyFiSgfO6UkDxrRvIAjoI8jZn6sGS9aOMQ0bpoa1d8MdZOl2\r\nEDwrTjADA4bivApkxH1RaGwJuKzYhil3JmaaDl6xcZ70B0t/3qncHOxKwGdrLaMk\r\nex6HdQbdtifOUuk70N9re4ZIY2jxzbi/ofzNvOkZl68CAwEAATANBgkqhkiG9w0B\r\nAQsFAAOCAQEAmDc/aeyiX2W2to7Vieuk58as0r+Mvk2zD6n5fJ0WjAs00DG7nSxn\r\n/r3hCnW/XeXvQldlCxHnfify2pl9eszTlUoEsDd5oZKO1xKpdhrhI6AECw8vhu97\r\nejOBfcciXSENJW1MvSq1oFLHRkNI6DoSZNAu4BAh50a5C4sV0DwRpPcDn80uyOhI\r\nJ/WJlaWgO4knpvpuHMcfUDgR80iWkkKQQDoN9PSKKMKrFX8ONIFbGhDeFRrIC3ak\r\nXdPOBGkgyHwHFFJvCdU4rdIFQuPWbUxkEcNI9O4sCFTdqsUEcyLmLIrWXQ6NHCkr\r\n8mog4O11kQpt89oZNsEcbFsrMsfmCgntPw=="
                  }
                ],
                "virtual_network_gateway_client_connection": [],
                "vpn_auth_types": [
                  "Certificate"
                ],
                "vpn_client_protocols": [
                  "SSTP"
                ]
              }
            ],
            "vpn_type": "RouteBased"
          },
          "sensitive_attributes": [],
          "identity_schema_version": 0,
          "private": "eyJlMmJmYjczMC1lY2FhLTExZTYtOGY4OC0zNDM2M2JjN2M0YzAiOnsiY3JlYXRlIjo1NDAwMDAwMDAwMDAwLCJkZWxldGUiOjcyMDAwMDAwMDAwMDAsInJlYWQiOjMwMDAwMDAwMDAwMCwidXBkYXRlIjozNjAwMDAwMDAwMDAwfX0=",
          "dependencies": [
            "azurerm_public_ip.team3_vpn_ip",
            "azurerm_resource_group.team3_rg",
            "azurerm_subnet.team3_gateway_subnet",
            "azurerm_virtual_network.team3_vnet1"
          ]
        }
      ]
    },
    {
      "mode": "managed",
      "type": "azurerm_virtual_network_peering",
      "name": "vnet1_to_vnet2",
      "provider": "provider[\"registry.terraform.io/hashicorp/azurerm\"]",
      "instances": [
        {
          "schema_version": 0,
          "attributes": {
            "allow_forwarded_traffic": false,
            "allow_gateway_transit": false,
            "allow_virtual_network_access": true,
            "id": "/subscriptions/99b79efe-ebd6-468c-b39f-5669acb259e1/resourceGroups/04-3team-bookey/providers/Microsoft.Network/virtualNetworks/team3-vnet1/virtualNetworkPeerings/peer-vnet1-to-vnet2",
            "local_subnet_names": null,
            "name": "peer-vnet1-to-vnet2",
            "only_ipv6_peering_enabled": false,
            "peer_complete_virtual_networks_enabled": true,
            "remote_subnet_names": null,
            "remote_virtual_network_id": "/subscriptions/99b79efe-ebd6-468c-b39f-5669acb259e1/resourceGroups/04-3team-bookey/providers/Microsoft.Network/virtualNetworks/team3-vnet2",
            "resource_group_name": "04-3team-bookey",
            "timeouts": null,
            "triggers": null,
            "use_remote_gateways": false,
            "virtual_network_name": "team3-vnet1"
          },
          "sensitive_attributes": [],
          "identity_schema_version": 0,
          "private": "eyJlMmJmYjczMC1lY2FhLTExZTYtOGY4OC0zNDM2M2JjN2M0YzAiOnsiY3JlYXRlIjoxODAwMDAwMDAwMDAwLCJkZWxldGUiOjE4MDAwMDAwMDAwMDAsInJlYWQiOjMwMDAwMDAwMDAwMCwidXBkYXRlIjoxODAwMDAwMDAwMDAwfX0=",
          "dependencies": [
            "azurerm_resource_group.team3_rg",
            "azurerm_virtual_network.team3_vnet1",
            "azurerm_virtual_network.team3_vnet2"
          ]
        }
      ]
    },
    {
      "mode": "managed",
      "type": "azurerm_virtual_network_peering",
      "name": "vnet2_to_vnet1",
      "provider": "provider[\"registry.terraform.io/hashicorp/azurerm\"]",
      "instances": [
        {
          "schema_version": 0,
          "attributes": {
            "allow_forwarded_traffic": false,
            "allow_gateway_transit": false,
            "allow_virtual_network_access": true,
            "id": "/subscriptions/99b79efe-ebd6-468c-b39f-5669acb259e1/resourceGroups/04-3team-bookey/providers/Microsoft.Network/virtualNetworks/team3-vnet2/virtualNetworkPeerings/peer-vnet2-to-vnet1",
            "local_subnet_names": null,
            "name": "peer-vnet2-to-vnet1",
            "only_ipv6_peering_enabled": false,
            "peer_complete_virtual_networks_enabled": true,
            "remote_subnet_names": null,
            "remote_virtual_network_id": "/subscriptions/99b79efe-ebd6-468c-b39f-5669acb259e1/resourceGroups/04-3team-bookey/providers/Microsoft.Network/virtualNetworks/team3-vnet1",
            "resource_group_name": "04-3team-bookey",
            "timeouts": null,
            "triggers": null,
            "use_remote_gateways": false,
            "virtual_network_name": "team3-vnet2"
          },
          "sensitive_attributes": [],
          "identity_schema_version": 0,
          "private": "eyJlMmJmYjczMC1lY2FhLTExZTYtOGY4OC0zNDM2M2JjN2M0YzAiOnsiY3JlYXRlIjoxODAwMDAwMDAwMDAwLCJkZWxldGUiOjE4MDAwMDAwMDAwMDAsInJlYWQiOjMwMDAwMDAwMDAwMCwidXBkYXRlIjoxODAwMDAwMDAwMDAwfX0=",
          "dependencies": [
            "azurerm_resource_group.team3_rg",
            "azurerm_virtual_network.team3_vnet1",
            "azurerm_virtual_network.team3_vnet2"
          ]
        }
      ]
    }
  ],
  "check_results": null
}
